
Microsoft Visual Studio Solution File, Format Version 12.00
# Visual Studio 15
VisualStudioVersion = 15.0.26730.16
MinimumVisualStudioVersion = 10.0.40219.1
Project("{FAE04EC0-301F-11D3-BF4B-00C04F79EFBC}") = "Reclamation.TimeSeries", "TimeSeries\Reclamation.TimeSeries.csproj", "{5DD20A8A-4037-4885-AB91-2F5A3D1F48B4}"
EndProject
Project("{FAE04EC0-301F-11D3-BF4B-00C04F79EFBC}") = "Reclamation.Core", "Core\Reclamation.Core.csproj", "{80C73D4C-43CF-42DE-ADDC-7B0F06ECF086}"
EndProject
Project("{FAE04EC0-301F-11D3-BF4B-00C04F79EFBC}") = "Reclamation.TimeSeries.ArmyCorps", "TimeSeries.ArmyCorps\Reclamation.TimeSeries.ArmyCorps.csproj", "{859FB4F4-B299-4B36-9955-E16C05E36158}"
EndProject
Project("{FAE04EC0-301F-11D3-BF4B-00C04F79EFBC}") = "Reclamation.TimeSeries.Forms", "TimeSeries.Forms\Reclamation.TimeSeries.Forms.csproj", "{A7E73F2A-CA66-4BC8-934A-B5068C566F10}"
EndProject
Project("{2150E333-8FDC-42A3-9474-1A3956D46DE8}") = ".nuget", ".nuget", "{94A1F39C-E5D5-45C8-B00D-16101638AA54}"
	ProjectSection(SolutionItems) = preProject
		.nuget\NuGet.Config = .nuget\NuGet.Config
	EndProjectSection
EndProject
Project("{2150E333-8FDC-42A3-9474-1A3956D46DE8}") = "Applications", "Applications", "{461202B2-A773-45DD-A2BC-E3AB5E70D88E}"
EndProject
Project("{FAE04EC0-301F-11D3-BF4B-00C04F79EFBC}") = "GetSnotel", "Applications\GetSnotel\GetSnotel.csproj", "{C69867AF-0F8C-470D-82F9-7C678083C5E1}"
EndProject
Project("{FAE04EC0-301F-11D3-BF4B-00C04F79EFBC}") = "ImportUsgs", "Applications\ImportUSGS\ImportUsgs.csproj", "{8300960D-26B3-453D-AE72-D0267F035E20}"
EndProject
Project("{FAE04EC0-301F-11D3-BF4B-00C04F79EFBC}") = "RogueBiOpCheck", "Applications\RogueBiOpCheck\RogueBiOpCheck.csproj", "{D427C920-62C7-41D3-BCE1-27E315C2D122}"
EndProject
Project("{FAE04EC0-301F-11D3-BF4B-00C04F79EFBC}") = "RiverwareDMI", "Applications\RiverWareDMI\RiverwareDMI.csproj", "{AAB62A5F-54CA-4115-92FE-91D54B9E932A}"
EndProject
Project("{FAE04EC0-301F-11D3-BF4B-00C04F79EFBC}") = "30_year_avg", "Applications\30_year_avg\30_year_avg.csproj", "{096B4316-5684-463D-8AB7-AF121EFB6D92}"
EndProject
Project("{FAE04EC0-301F-11D3-BF4B-00C04F79EFBC}") = "GetUsace", "Applications\GetUsace\GetUsace.csproj", "{035F594F-8B4C-4A32-AD96-D31E11BE0A37}"
EndProject
Project("{FAE04EC0-301F-11D3-BF4B-00C04F79EFBC}") = "HydrometIdwr", "Applications\HydrometIdwr\HydrometIdwr.csproj", "{B518FE6E-AC32-4204-A7FF-36E45E8E9AAF}"
EndProject
Project("{FAE04EC0-301F-11D3-BF4B-00C04F79EFBC}") = "ImportKlamathShef", "Applications\ImportKlamathShef\ImportKlamathShef.csproj", "{FD42C9F7-7516-4492-9B25-9A1D3AF8C911}"
EndProject
Project("{FAE04EC0-301F-11D3-BF4B-00C04F79EFBC}") = "HydrometNotifications", "Applications\HydrometNotifications\HydrometNotifications.csproj", "{09B73D14-AFBB-434E-A71D-73248CBBF0A3}"
EndProject
Project("{FAE04EC0-301F-11D3-BF4B-00C04F79EFBC}") = "HydrometServer", "Applications\HydrometServer\HydrometServer.csproj", "{36DFC19C-1840-4CF4-9A62-CCA9FF142619}"
EndProject
Project("{FAE04EC0-301F-11D3-BF4B-00C04F79EFBC}") = "PiscesWebServices", "Applications\PiscesWebServices\PiscesWebServices.csproj", "{AE98A3D7-E0CD-4675-B268-C8D4CEF429CE}"
EndProject
Project("{FAE04EC0-301F-11D3-BF4B-00C04F79EFBC}") = "ProcessHydrometEmail", "Applications\ProcessHydrometEmail\ProcessHydrometEmail.csproj", "{C51C9443-95C6-49B2-A194-D794A25DC4F8}"
EndProject
Project("{FAE04EC0-301F-11D3-BF4B-00C04F79EFBC}") = "Rwis.Sync", "Applications\Rwis.Sync\Rwis.Sync.csproj", "{D2B37530-5D24-4772-8480-325920744643}"
EndProject
Project("{FAE04EC0-301F-11D3-BF4B-00C04F79EFBC}") = "USFOShifts", "Applications\USFOShifts\USFOShifts.csproj", "{B5149AE3-25DC-4ED3-8C22-6E429AA9532E}"
EndProject
Project("{FAE04EC0-301F-11D3-BF4B-00C04F79EFBC}") = "Pisces", "Applications\PiscesUI\Pisces.csproj", "{60537C98-6E33-42F7-9B7D-9B326ABC019E}"
EndProject
Project("{FAE04EC0-301F-11D3-BF4B-00C04F79EFBC}") = "ImportCsv", "Applications\ImportCsv\ImportCsv.csproj", "{DF7D7FCA-F5A0-4950-9E1A-354331D190ED}"
EndProject
Project("{FAE04EC0-301F-11D3-BF4B-00C04F79EFBC}") = "GetNiceNet", "Applications\GetNiceNet\GetNiceNet.csproj", "{728DF7C2-69D7-41FA-A358-61206BB90C4E}"
EndProject
Project("{FAE04EC0-301F-11D3-BF4B-00C04F79EFBC}") = "GetINL", "Applications\GetINL\GetINL.csproj", "{213AF28D-B0FD-4063-826F-86F6B21DCAD7}"
EndProject
Project("{FAE04EC0-301F-11D3-BF4B-00C04F79EFBC}") = "Depth", "Applications\depth\Depth.csproj", "{D6EE1B30-3205-4948-9BA3-8BE37BA50D27}"
EndProject
Project("{FAE04EC0-301F-11D3-BF4B-00C04F79EFBC}") = "Reclamation.Windows", "Reclamation.Windows\Reclamation.Windows.csproj", "{C9278B32-7C94-4532-9F4C-92109A6B8E03}"
EndProject
Global
	GlobalSection(SolutionConfigurationPlatforms) = preSolution
		Debug|Any CPU = Debug|Any CPU
		Release|Any CPU = Release|Any CPU
	EndGlobalSection
	GlobalSection(ProjectConfigurationPlatforms) = postSolution
		{5DD20A8A-4037-4885-AB91-2F5A3D1F48B4}.Debug|Any CPU.ActiveCfg = Debug|Any CPU
		{5DD20A8A-4037-4885-AB91-2F5A3D1F48B4}.Debug|Any CPU.Build.0 = Debug|Any CPU
		{5DD20A8A-4037-4885-AB91-2F5A3D1F48B4}.Release|Any CPU.ActiveCfg = Debug|Any CPU
		{5DD20A8A-4037-4885-AB91-2F5A3D1F48B4}.Release|Any CPU.Build.0 = Debug|Any CPU
		{80C73D4C-43CF-42DE-ADDC-7B0F06ECF086}.Debug|Any CPU.ActiveCfg = Debug|Any CPU
		{80C73D4C-43CF-42DE-ADDC-7B0F06ECF086}.Debug|Any CPU.Build.0 = Debug|Any CPU
		{80C73D4C-43CF-42DE-ADDC-7B0F06ECF086}.Release|Any CPU.ActiveCfg = Debug|Any CPU
		{80C73D4C-43CF-42DE-ADDC-7B0F06ECF086}.Release|Any CPU.Build.0 = Debug|Any CPU
		{859FB4F4-B299-4B36-9955-E16C05E36158}.Debug|Any CPU.ActiveCfg = Debug|Any CPU
		{859FB4F4-B299-4B36-9955-E16C05E36158}.Debug|Any CPU.Build.0 = Debug|Any CPU
		{859FB4F4-B299-4B36-9955-E16C05E36158}.Release|Any CPU.ActiveCfg = Debug|Any CPU
		{859FB4F4-B299-4B36-9955-E16C05E36158}.Release|Any CPU.Build.0 = Debug|Any CPU
		{A7E73F2A-CA66-4BC8-934A-B5068C566F10}.Debug|Any CPU.ActiveCfg = Debug|Any CPU
		{A7E73F2A-CA66-4BC8-934A-B5068C566F10}.Debug|Any CPU.Build.0 = Debug|Any CPU
		{A7E73F2A-CA66-4BC8-934A-B5068C566F10}.Release|Any CPU.ActiveCfg = Debug|Any CPU
		{A7E73F2A-CA66-4BC8-934A-B5068C566F10}.Release|Any CPU.Build.0 = Debug|Any CPU
		{C69867AF-0F8C-470D-82F9-7C678083C5E1}.Debug|Any CPU.ActiveCfg = Debug|Any CPU
		{C69867AF-0F8C-470D-82F9-7C678083C5E1}.Debug|Any CPU.Build.0 = Debug|Any CPU
		{C69867AF-0F8C-470D-82F9-7C678083C5E1}.Release|Any CPU.ActiveCfg = Debug|Any CPU
		{C69867AF-0F8C-470D-82F9-7C678083C5E1}.Release|Any CPU.Build.0 = Debug|Any CPU
		{8300960D-26B3-453D-AE72-D0267F035E20}.Debug|Any CPU.ActiveCfg = Debug|Any CPU
		{8300960D-26B3-453D-AE72-D0267F035E20}.Debug|Any CPU.Build.0 = Debug|Any CPU
		{8300960D-26B3-453D-AE72-D0267F035E20}.Release|Any CPU.ActiveCfg = Debug|Any CPU
		{8300960D-26B3-453D-AE72-D0267F035E20}.Release|Any CPU.Build.0 = Debug|Any CPU
		{D427C920-62C7-41D3-BCE1-27E315C2D122}.Debug|Any CPU.ActiveCfg = Debug|Any CPU
		{D427C920-62C7-41D3-BCE1-27E315C2D122}.Debug|Any CPU.Build.0 = Debug|Any CPU
		{D427C920-62C7-41D3-BCE1-27E315C2D122}.Release|Any CPU.ActiveCfg = Release|Any CPU
		{D427C920-62C7-41D3-BCE1-27E315C2D122}.Release|Any CPU.Build.0 = Release|Any CPU
		{AAB62A5F-54CA-4115-92FE-91D54B9E932A}.Debug|Any CPU.ActiveCfg = Debug|x86
		{AAB62A5F-54CA-4115-92FE-91D54B9E932A}.Debug|Any CPU.Build.0 = Debug|x86
		{AAB62A5F-54CA-4115-92FE-91D54B9E932A}.Release|Any CPU.ActiveCfg = Debug|Any CPU
		{AAB62A5F-54CA-4115-92FE-91D54B9E932A}.Release|Any CPU.Build.0 = Debug|Any CPU
		{096B4316-5684-463D-8AB7-AF121EFB6D92}.Debug|Any CPU.ActiveCfg = Debug|Any CPU
		{096B4316-5684-463D-8AB7-AF121EFB6D92}.Debug|Any CPU.Build.0 = Debug|Any CPU
		{096B4316-5684-463D-8AB7-AF121EFB6D92}.Release|Any CPU.ActiveCfg = Debug|Any CPU
		{096B4316-5684-463D-8AB7-AF121EFB6D92}.Release|Any CPU.Build.0 = Debug|Any CPU
		{035F594F-8B4C-4A32-AD96-D31E11BE0A37}.Debug|Any CPU.ActiveCfg = Debug|Any CPU
		{035F594F-8B4C-4A32-AD96-D31E11BE0A37}.Debug|Any CPU.Build.0 = Debug|Any CPU
		{035F594F-8B4C-4A32-AD96-D31E11BE0A37}.Release|Any CPU.ActiveCfg = Debug|Any CPU
		{035F594F-8B4C-4A32-AD96-D31E11BE0A37}.Release|Any CPU.Build.0 = Debug|Any CPU
		{B518FE6E-AC32-4204-A7FF-36E45E8E9AAF}.Debug|Any CPU.ActiveCfg = Debug|Any CPU
		{B518FE6E-AC32-4204-A7FF-36E45E8E9AAF}.Debug|Any CPU.Build.0 = Debug|Any CPU
		{B518FE6E-AC32-4204-A7FF-36E45E8E9AAF}.Release|Any CPU.ActiveCfg = Debug|Any CPU
		{B518FE6E-AC32-4204-A7FF-36E45E8E9AAF}.Release|Any CPU.Build.0 = Debug|Any CPU
		{FD42C9F7-7516-4492-9B25-9A1D3AF8C911}.Debug|Any CPU.ActiveCfg = Debug|Any CPU
		{FD42C9F7-7516-4492-9B25-9A1D3AF8C911}.Debug|Any CPU.Build.0 = Debug|Any CPU
		{FD42C9F7-7516-4492-9B25-9A1D3AF8C911}.Release|Any CPU.ActiveCfg = Debug|Any CPU
		{FD42C9F7-7516-4492-9B25-9A1D3AF8C911}.Release|Any CPU.Build.0 = Debug|Any CPU
		{09B73D14-AFBB-434E-A71D-73248CBBF0A3}.Debug|Any CPU.ActiveCfg = Debug|Any CPU
		{09B73D14-AFBB-434E-A71D-73248CBBF0A3}.Debug|Any CPU.Build.0 = Debug|Any CPU
		{09B73D14-AFBB-434E-A71D-73248CBBF0A3}.Release|Any CPU.ActiveCfg = Debug|Any CPU
		{09B73D14-AFBB-434E-A71D-73248CBBF0A3}.Release|Any CPU.Build.0 = Debug|Any CPU
		{36DFC19C-1840-4CF4-9A62-CCA9FF142619}.Debug|Any CPU.ActiveCfg = Debug|Any CPU
		{36DFC19C-1840-4CF4-9A62-CCA9FF142619}.Debug|Any CPU.Build.0 = Debug|Any CPU
		{36DFC19C-1840-4CF4-9A62-CCA9FF142619}.Release|Any CPU.ActiveCfg = Debug|Any CPU
		{36DFC19C-1840-4CF4-9A62-CCA9FF142619}.Release|Any CPU.Build.0 = Debug|Any CPU
		{AE98A3D7-E0CD-4675-B268-C8D4CEF429CE}.Debug|Any CPU.ActiveCfg = Debug|Any CPU
		{AE98A3D7-E0CD-4675-B268-C8D4CEF429CE}.Debug|Any CPU.Build.0 = Debug|Any CPU
		{AE98A3D7-E0CD-4675-B268-C8D4CEF429CE}.Release|Any CPU.ActiveCfg = Debug|Any CPU
		{AE98A3D7-E0CD-4675-B268-C8D4CEF429CE}.Release|Any CPU.Build.0 = Debug|Any CPU
		{C51C9443-95C6-49B2-A194-D794A25DC4F8}.Debug|Any CPU.ActiveCfg = Debug|Any CPU
		{C51C9443-95C6-49B2-A194-D794A25DC4F8}.Debug|Any CPU.Build.0 = Debug|Any CPU
		{C51C9443-95C6-49B2-A194-D794A25DC4F8}.Release|Any CPU.ActiveCfg = Debug|Any CPU
		{C51C9443-95C6-49B2-A194-D794A25DC4F8}.Release|Any CPU.Build.0 = Debug|Any CPU
		{D2B37530-5D24-4772-8480-325920744643}.Debug|Any CPU.ActiveCfg = Debug|Any CPU
		{D2B37530-5D24-4772-8480-325920744643}.Debug|Any CPU.Build.0 = Debug|Any CPU
		{D2B37530-5D24-4772-8480-325920744643}.Release|Any CPU.ActiveCfg = Release|Any CPU
		{D2B37530-5D24-4772-8480-325920744643}.Release|Any CPU.Build.0 = Release|Any CPU
		{B5149AE3-25DC-4ED3-8C22-6E429AA9532E}.Debug|Any CPU.ActiveCfg = Debug|Any CPU
		{B5149AE3-25DC-4ED3-8C22-6E429AA9532E}.Debug|Any CPU.Build.0 = Debug|Any CPU
		{B5149AE3-25DC-4ED3-8C22-6E429AA9532E}.Release|Any CPU.ActiveCfg = Release|Any CPU
		{B5149AE3-25DC-4ED3-8C22-6E429AA9532E}.Release|Any CPU.Build.0 = Release|Any CPU
		{60537C98-6E33-42F7-9B7D-9B326ABC019E}.Debug|Any CPU.ActiveCfg = Debug|x86
		{60537C98-6E33-42F7-9B7D-9B326ABC019E}.Debug|Any CPU.Build.0 = Debug|x86
		{60537C98-6E33-42F7-9B7D-9B326ABC019E}.Release|Any CPU.ActiveCfg = Debug|Any CPU
		{60537C98-6E33-42F7-9B7D-9B326ABC019E}.Release|Any CPU.Build.0 = Debug|Any CPU
		{DF7D7FCA-F5A0-4950-9E1A-354331D190ED}.Debug|Any CPU.ActiveCfg = Debug|Any CPU
		{DF7D7FCA-F5A0-4950-9E1A-354331D190ED}.Debug|Any CPU.Build.0 = Debug|Any CPU
		{DF7D7FCA-F5A0-4950-9E1A-354331D190ED}.Release|Any CPU.ActiveCfg = Debug|Any CPU
		{DF7D7FCA-F5A0-4950-9E1A-354331D190ED}.Release|Any CPU.Build.0 = Debug|Any CPU
		{728DF7C2-69D7-41FA-A358-61206BB90C4E}.Debug|Any CPU.ActiveCfg = Debug|Any CPU
		{728DF7C2-69D7-41FA-A358-61206BB90C4E}.Debug|Any CPU.Build.0 = Debug|Any CPU
		{728DF7C2-69D7-41FA-A358-61206BB90C4E}.Release|Any CPU.ActiveCfg = Debug|Any CPU
		{728DF7C2-69D7-41FA-A358-61206BB90C4E}.Release|Any CPU.Build.0 = Debug|Any CPU
		{213AF28D-B0FD-4063-826F-86F6B21DCAD7}.Debug|Any CPU.ActiveCfg = Debug|Any CPU
		{213AF28D-B0FD-4063-826F-86F6B21DCAD7}.Debug|Any CPU.Build.0 = Debug|Any CPU
		{213AF28D-B0FD-4063-826F-86F6B21DCAD7}.Release|Any CPU.ActiveCfg = Debug|Any CPU
		{213AF28D-B0FD-4063-826F-86F6B21DCAD7}.Release|Any CPU.Build.0 = Debug|Any CPU
		{D6EE1B30-3205-4948-9BA3-8BE37BA50D27}.Debug|Any CPU.ActiveCfg = Debug|Any CPU
		{D6EE1B30-3205-4948-9BA3-8BE37BA50D27}.Debug|Any CPU.Build.0 = Debug|Any CPU
		{D6EE1B30-3205-4948-9BA3-8BE37BA50D27}.Release|Any CPU.ActiveCfg = Release|Any CPU
		{D6EE1B30-3205-4948-9BA3-8BE37BA50D27}.Release|Any CPU.Build.0 = Release|Any CPU
		{C9278B32-7C94-4532-9F4C-92109A6B8E03}.Debug|Any CPU.ActiveCfg = Debug|Any CPU
		{C9278B32-7C94-4532-9F4C-92109A6B8E03}.Debug|Any CPU.Build.0 = Debug|Any CPU
		{C9278B32-7C94-4532-9F4C-92109A6B8E03}.Release|Any CPU.ActiveCfg = Release|Any CPU
		{C9278B32-7C94-4532-9F4C-92109A6B8E03}.Release|Any CPU.Build.0 = Release|Any CPU
	EndGlobalSection
	GlobalSection(SolutionProperties) = preSolution
		HideSolutionNode = FALSE
	EndGlobalSection
	GlobalSection(NestedProjects) = preSolution
		{C69867AF-0F8C-470D-82F9-7C678083C5E1} = {461202B2-A773-45DD-A2BC-E3AB5E70D88E}
		{8300960D-26B3-453D-AE72-D0267F035E20} = {461202B2-A773-45DD-A2BC-E3AB5E70D88E}
		{D427C920-62C7-41D3-BCE1-27E315C2D122} = {461202B2-A773-45DD-A2BC-E3AB5E70D88E}
		{AAB62A5F-54CA-4115-92FE-91D54B9E932A} = {461202B2-A773-45DD-A2BC-E3AB5E70D88E}
		{096B4316-5684-463D-8AB7-AF121EFB6D92} = {461202B2-A773-45DD-A2BC-E3AB5E70D88E}
		{035F594F-8B4C-4A32-AD96-D31E11BE0A37} = {461202B2-A773-45DD-A2BC-E3AB5E70D88E}
		{B518FE6E-AC32-4204-A7FF-36E45E8E9AAF} = {461202B2-A773-45DD-A2BC-E3AB5E70D88E}
		{FD42C9F7-7516-4492-9B25-9A1D3AF8C911} = {461202B2-A773-45DD-A2BC-E3AB5E70D88E}
		{09B73D14-AFBB-434E-A71D-73248CBBF0A3} = {461202B2-A773-45DD-A2BC-E3AB5E70D88E}
		{36DFC19C-1840-4CF4-9A62-CCA9FF142619} = {461202B2-A773-45DD-A2BC-E3AB5E70D88E}
		{AE98A3D7-E0CD-4675-B268-C8D4CEF429CE} = {461202B2-A773-45DD-A2BC-E3AB5E70D88E}
		{C51C9443-95C6-49B2-A194-D794A25DC4F8} = {461202B2-A773-45DD-A2BC-E3AB5E70D88E}
		{D2B37530-5D24-4772-8480-325920744643} = {461202B2-A773-45DD-A2BC-E3AB5E70D88E}
		{B5149AE3-25DC-4ED3-8C22-6E429AA9532E} = {461202B2-A773-45DD-A2BC-E3AB5E70D88E}
		{60537C98-6E33-42F7-9B7D-9B326ABC019E} = {461202B2-A773-45DD-A2BC-E3AB5E70D88E}
		{DF7D7FCA-F5A0-4950-9E1A-354331D190ED} = {461202B2-A773-45DD-A2BC-E3AB5E70D88E}
		{728DF7C2-69D7-41FA-A358-61206BB90C4E} = {461202B2-A773-45DD-A2BC-E3AB5E70D88E}
		{213AF28D-B0FD-4063-826F-86F6B21DCAD7} = {461202B2-A773-45DD-A2BC-E3AB5E70D88E}
		{D6EE1B30-3205-4948-9BA3-8BE37BA50D27} = {461202B2-A773-45DD-A2BC-E3AB5E70D88E}
	EndGlobalSection
	GlobalSection(ExtensibilityGlobals) = postSolution
		SolutionGuid = {3F4C9525-1F25-425A-9DAF-CFE9A51060A3}
	EndGlobalSection
EndGlobal
