
Microsoft Visual Studio Solution File, Format Version 12.00
# Visual Studio 14
VisualStudioVersion = 14.0.25123.0
MinimumVisualStudioVersion = 10.0.40219.1
Project("{FAE04EC0-301F-11D3-BF4B-00C04F79EFBC}") = "Reclamation.TimeSeries", "TimeSeries\Reclamation.TimeSeries.csproj", "{5DD20A8A-4037-4885-AB91-2F5A3D1F48B4}"
EndProject
Project("{FAE04EC0-301F-11D3-BF4B-00C04F79EFBC}") = "Reclamation.Core", "Core\Reclamation.Core.csproj", "{80C73D4C-43CF-42DE-ADDC-7B0F06ECF086}"
EndProject
Project("{FAE04EC0-301F-11D3-BF4B-00C04F79EFBC}") = "Reclamation.TimeSeries.Modsim", "TimeSeries.Modsim\Reclamation.TimeSeries.Modsim.csproj", "{DBA88BAF-7CD3-4D67-9777-D843987CAEEC}"
EndProject
Project("{FAE04EC0-301F-11D3-BF4B-00C04F79EFBC}") = "Reclamation.TimeSeries.ArmyCorps", "TimeSeries.ArmyCorps\Reclamation.TimeSeries.ArmyCorps.csproj", "{859FB4F4-B299-4B36-9955-E16C05E36158}"
EndProject
Project("{FAE04EC0-301F-11D3-BF4B-00C04F79EFBC}") = "Reclamation.TimeSeries.Forms", "TimeSeries.Forms\Reclamation.TimeSeries.Forms.csproj", "{A7E73F2A-CA66-4BC8-934A-B5068C566F10}"
EndProject
Project("{2150E333-8FDC-42A3-9474-1A3956D46DE8}") = ".nuget", ".nuget", "{94A1F39C-E5D5-45C8-B00D-16101638AA54}"
	ProjectSection(SolutionItems) = preProject
		.nuget\NuGet.Config = .nuget\NuGet.Config
		.nuget\NuGet.exe = .nuget\NuGet.exe
		.nuget\NuGet.targets = .nuget\NuGet.targets
	EndProjectSection
EndProject
Project("{FAE04EC0-301F-11D3-BF4B-00C04F79EFBC}") = "HydrometServer", "HydrometServer\HydrometServer.csproj", "{36DFC19C-1840-4CF4-9A62-CCA9FF142619}"
EndProject
Project("{FAE04EC0-301F-11D3-BF4B-00C04F79EFBC}") = "PiscesWebServices", "PiscesWebServices\PiscesWebServices.csproj", "{AE98A3D7-E0CD-4675-B268-C8D4CEF429CE}"
EndProject
Project("{FAE04EC0-301F-11D3-BF4B-00C04F79EFBC}") = "Pisces", "PiscesUI\Pisces.csproj", "{60537C98-6E33-42F7-9B7D-9B326ABC019E}"
EndProject
Project("{FAE04EC0-301F-11D3-BF4B-00C04F79EFBC}") = "Rwis.Sync", "Rwis.Sync\Rwis.Sync.csproj", "{D2B37530-5D24-4772-8480-325920744643}"
EndProject
Project("{FAE04EC0-301F-11D3-BF4B-00C04F79EFBC}") = "HdbPoet", "..\HdbPoet\HdbPoet.csproj", "{B60964F8-8699-4638-9460-68262E4D37A3}"
EndProject
Global
	GlobalSection(SolutionConfigurationPlatforms) = preSolution
		Debug|Any CPU = Debug|Any CPU
		Debug|Mixed Platforms = Debug|Mixed Platforms
		Debug|x86 = Debug|x86
		Forecasting|Any CPU = Forecasting|Any CPU
		Forecasting|Mixed Platforms = Forecasting|Mixed Platforms
		Forecasting|x86 = Forecasting|x86
		pisces|Any CPU = pisces|Any CPU
		pisces|Mixed Platforms = pisces|Mixed Platforms
		pisces|x86 = pisces|x86
		poet|Any CPU = poet|Any CPU
		poet|Mixed Platforms = poet|Mixed Platforms
		poet|x86 = poet|x86
		Release|Any CPU = Release|Any CPU
		Release|Mixed Platforms = Release|Mixed Platforms
		Release|x86 = Release|x86
		WatchDog|Any CPU = WatchDog|Any CPU
		WatchDog|Mixed Platforms = WatchDog|Mixed Platforms
		WatchDog|x86 = WatchDog|x86
	EndGlobalSection
	GlobalSection(ProjectConfigurationPlatforms) = postSolution
		{5DD20A8A-4037-4885-AB91-2F5A3D1F48B4}.Debug|Any CPU.ActiveCfg = Debug|Any CPU
		{5DD20A8A-4037-4885-AB91-2F5A3D1F48B4}.Debug|Any CPU.Build.0 = Debug|Any CPU
		{5DD20A8A-4037-4885-AB91-2F5A3D1F48B4}.Debug|Mixed Platforms.ActiveCfg = Debug|x86
		{5DD20A8A-4037-4885-AB91-2F5A3D1F48B4}.Debug|Mixed Platforms.Build.0 = Debug|x86
		{5DD20A8A-4037-4885-AB91-2F5A3D1F48B4}.Debug|x86.ActiveCfg = Debug|x86
		{5DD20A8A-4037-4885-AB91-2F5A3D1F48B4}.Debug|x86.Build.0 = Debug|x86
		{5DD20A8A-4037-4885-AB91-2F5A3D1F48B4}.Forecasting|Any CPU.ActiveCfg = Forecasting|Any CPU
		{5DD20A8A-4037-4885-AB91-2F5A3D1F48B4}.Forecasting|Any CPU.Build.0 = Forecasting|Any CPU
		{5DD20A8A-4037-4885-AB91-2F5A3D1F48B4}.Forecasting|Mixed Platforms.ActiveCfg = Forecasting|x86
		{5DD20A8A-4037-4885-AB91-2F5A3D1F48B4}.Forecasting|Mixed Platforms.Build.0 = Forecasting|x86
		{5DD20A8A-4037-4885-AB91-2F5A3D1F48B4}.Forecasting|x86.ActiveCfg = Forecasting|x86
		{5DD20A8A-4037-4885-AB91-2F5A3D1F48B4}.Forecasting|x86.Build.0 = Forecasting|x86
		{5DD20A8A-4037-4885-AB91-2F5A3D1F48B4}.pisces|Any CPU.ActiveCfg = pisces|Any CPU
		{5DD20A8A-4037-4885-AB91-2F5A3D1F48B4}.pisces|Any CPU.Build.0 = pisces|Any CPU
		{5DD20A8A-4037-4885-AB91-2F5A3D1F48B4}.pisces|Mixed Platforms.ActiveCfg = pisces|x86
		{5DD20A8A-4037-4885-AB91-2F5A3D1F48B4}.pisces|Mixed Platforms.Build.0 = pisces|x86
		{5DD20A8A-4037-4885-AB91-2F5A3D1F48B4}.pisces|x86.ActiveCfg = pisces|x86
		{5DD20A8A-4037-4885-AB91-2F5A3D1F48B4}.pisces|x86.Build.0 = pisces|x86
		{5DD20A8A-4037-4885-AB91-2F5A3D1F48B4}.poet|Any CPU.ActiveCfg = poet|Any CPU
		{5DD20A8A-4037-4885-AB91-2F5A3D1F48B4}.poet|Any CPU.Build.0 = poet|Any CPU
		{5DD20A8A-4037-4885-AB91-2F5A3D1F48B4}.poet|Mixed Platforms.ActiveCfg = poet|x86
		{5DD20A8A-4037-4885-AB91-2F5A3D1F48B4}.poet|Mixed Platforms.Build.0 = poet|x86
		{5DD20A8A-4037-4885-AB91-2F5A3D1F48B4}.poet|x86.ActiveCfg = poet|x86
		{5DD20A8A-4037-4885-AB91-2F5A3D1F48B4}.poet|x86.Build.0 = poet|x86
		{5DD20A8A-4037-4885-AB91-2F5A3D1F48B4}.Release|Any CPU.ActiveCfg = Release|Any CPU
		{5DD20A8A-4037-4885-AB91-2F5A3D1F48B4}.Release|Any CPU.Build.0 = Release|Any CPU
		{5DD20A8A-4037-4885-AB91-2F5A3D1F48B4}.Release|Mixed Platforms.ActiveCfg = Release|x86
		{5DD20A8A-4037-4885-AB91-2F5A3D1F48B4}.Release|Mixed Platforms.Build.0 = Release|x86
		{5DD20A8A-4037-4885-AB91-2F5A3D1F48B4}.Release|x86.ActiveCfg = Release|x86
		{5DD20A8A-4037-4885-AB91-2F5A3D1F48B4}.Release|x86.Build.0 = Release|x86
		{5DD20A8A-4037-4885-AB91-2F5A3D1F48B4}.WatchDog|Any CPU.ActiveCfg = WatchDog|Any CPU
		{5DD20A8A-4037-4885-AB91-2F5A3D1F48B4}.WatchDog|Any CPU.Build.0 = WatchDog|Any CPU
		{5DD20A8A-4037-4885-AB91-2F5A3D1F48B4}.WatchDog|Mixed Platforms.ActiveCfg = WatchDog|x86
		{5DD20A8A-4037-4885-AB91-2F5A3D1F48B4}.WatchDog|Mixed Platforms.Build.0 = WatchDog|x86
		{5DD20A8A-4037-4885-AB91-2F5A3D1F48B4}.WatchDog|x86.ActiveCfg = WatchDog|x86
		{5DD20A8A-4037-4885-AB91-2F5A3D1F48B4}.WatchDog|x86.Build.0 = WatchDog|x86
		{80C73D4C-43CF-42DE-ADDC-7B0F06ECF086}.Debug|Any CPU.ActiveCfg = Debug|Any CPU
		{80C73D4C-43CF-42DE-ADDC-7B0F06ECF086}.Debug|Any CPU.Build.0 = Debug|Any CPU
		{80C73D4C-43CF-42DE-ADDC-7B0F06ECF086}.Debug|Mixed Platforms.ActiveCfg = Debug|x86
		{80C73D4C-43CF-42DE-ADDC-7B0F06ECF086}.Debug|Mixed Platforms.Build.0 = Debug|x86
		{80C73D4C-43CF-42DE-ADDC-7B0F06ECF086}.Debug|x86.ActiveCfg = Debug|x86
		{80C73D4C-43CF-42DE-ADDC-7B0F06ECF086}.Debug|x86.Build.0 = Debug|x86
		{80C73D4C-43CF-42DE-ADDC-7B0F06ECF086}.Forecasting|Any CPU.ActiveCfg = Forecasting|Any CPU
		{80C73D4C-43CF-42DE-ADDC-7B0F06ECF086}.Forecasting|Any CPU.Build.0 = Forecasting|Any CPU
		{80C73D4C-43CF-42DE-ADDC-7B0F06ECF086}.Forecasting|Mixed Platforms.ActiveCfg = Forecasting|x86
		{80C73D4C-43CF-42DE-ADDC-7B0F06ECF086}.Forecasting|Mixed Platforms.Build.0 = Forecasting|x86
		{80C73D4C-43CF-42DE-ADDC-7B0F06ECF086}.Forecasting|x86.ActiveCfg = Forecasting|x86
		{80C73D4C-43CF-42DE-ADDC-7B0F06ECF086}.Forecasting|x86.Build.0 = Forecasting|x86
		{80C73D4C-43CF-42DE-ADDC-7B0F06ECF086}.pisces|Any CPU.ActiveCfg = pisces|Any CPU
		{80C73D4C-43CF-42DE-ADDC-7B0F06ECF086}.pisces|Any CPU.Build.0 = pisces|Any CPU
		{80C73D4C-43CF-42DE-ADDC-7B0F06ECF086}.pisces|Mixed Platforms.ActiveCfg = pisces|x86
		{80C73D4C-43CF-42DE-ADDC-7B0F06ECF086}.pisces|Mixed Platforms.Build.0 = pisces|x86
		{80C73D4C-43CF-42DE-ADDC-7B0F06ECF086}.pisces|x86.ActiveCfg = pisces|x86
		{80C73D4C-43CF-42DE-ADDC-7B0F06ECF086}.pisces|x86.Build.0 = pisces|x86
		{80C73D4C-43CF-42DE-ADDC-7B0F06ECF086}.poet|Any CPU.ActiveCfg = poet|Any CPU
		{80C73D4C-43CF-42DE-ADDC-7B0F06ECF086}.poet|Any CPU.Build.0 = poet|Any CPU
		{80C73D4C-43CF-42DE-ADDC-7B0F06ECF086}.poet|Mixed Platforms.ActiveCfg = poet|x86
		{80C73D4C-43CF-42DE-ADDC-7B0F06ECF086}.poet|Mixed Platforms.Build.0 = poet|x86
		{80C73D4C-43CF-42DE-ADDC-7B0F06ECF086}.poet|x86.ActiveCfg = poet|x86
		{80C73D4C-43CF-42DE-ADDC-7B0F06ECF086}.poet|x86.Build.0 = poet|x86
		{80C73D4C-43CF-42DE-ADDC-7B0F06ECF086}.Release|Any CPU.ActiveCfg = Release|Any CPU
		{80C73D4C-43CF-42DE-ADDC-7B0F06ECF086}.Release|Any CPU.Build.0 = Release|Any CPU
		{80C73D4C-43CF-42DE-ADDC-7B0F06ECF086}.Release|Mixed Platforms.ActiveCfg = Release|x86
		{80C73D4C-43CF-42DE-ADDC-7B0F06ECF086}.Release|Mixed Platforms.Build.0 = Release|x86
		{80C73D4C-43CF-42DE-ADDC-7B0F06ECF086}.Release|x86.ActiveCfg = Release|x86
		{80C73D4C-43CF-42DE-ADDC-7B0F06ECF086}.Release|x86.Build.0 = Release|x86
		{80C73D4C-43CF-42DE-ADDC-7B0F06ECF086}.WatchDog|Any CPU.ActiveCfg = WatchDog|Any CPU
		{80C73D4C-43CF-42DE-ADDC-7B0F06ECF086}.WatchDog|Any CPU.Build.0 = WatchDog|Any CPU
		{80C73D4C-43CF-42DE-ADDC-7B0F06ECF086}.WatchDog|Mixed Platforms.ActiveCfg = WatchDog|x86
		{80C73D4C-43CF-42DE-ADDC-7B0F06ECF086}.WatchDog|Mixed Platforms.Build.0 = WatchDog|x86
		{80C73D4C-43CF-42DE-ADDC-7B0F06ECF086}.WatchDog|x86.ActiveCfg = WatchDog|x86
		{80C73D4C-43CF-42DE-ADDC-7B0F06ECF086}.WatchDog|x86.Build.0 = WatchDog|x86
		{DBA88BAF-7CD3-4D67-9777-D843987CAEEC}.Debug|Any CPU.ActiveCfg = Debug|Any CPU
		{DBA88BAF-7CD3-4D67-9777-D843987CAEEC}.Debug|Any CPU.Build.0 = Debug|Any CPU
		{DBA88BAF-7CD3-4D67-9777-D843987CAEEC}.Debug|Mixed Platforms.ActiveCfg = Debug|Any CPU
		{DBA88BAF-7CD3-4D67-9777-D843987CAEEC}.Debug|Mixed Platforms.Build.0 = Debug|Any CPU
		{DBA88BAF-7CD3-4D67-9777-D843987CAEEC}.Debug|x86.ActiveCfg = Debug|Any CPU
		{DBA88BAF-7CD3-4D67-9777-D843987CAEEC}.Forecasting|Any CPU.ActiveCfg = Forecasting|Any CPU
		{DBA88BAF-7CD3-4D67-9777-D843987CAEEC}.Forecasting|Any CPU.Build.0 = Forecasting|Any CPU
		{DBA88BAF-7CD3-4D67-9777-D843987CAEEC}.Forecasting|Mixed Platforms.ActiveCfg = Forecasting|Any CPU
		{DBA88BAF-7CD3-4D67-9777-D843987CAEEC}.Forecasting|Mixed Platforms.Build.0 = Forecasting|Any CPU
		{DBA88BAF-7CD3-4D67-9777-D843987CAEEC}.Forecasting|x86.ActiveCfg = Forecasting|Any CPU
		{DBA88BAF-7CD3-4D67-9777-D843987CAEEC}.pisces|Any CPU.ActiveCfg = pisces|Any CPU
		{DBA88BAF-7CD3-4D67-9777-D843987CAEEC}.pisces|Any CPU.Build.0 = pisces|Any CPU
		{DBA88BAF-7CD3-4D67-9777-D843987CAEEC}.pisces|Mixed Platforms.ActiveCfg = pisces|Any CPU
		{DBA88BAF-7CD3-4D67-9777-D843987CAEEC}.pisces|Mixed Platforms.Build.0 = pisces|Any CPU
		{DBA88BAF-7CD3-4D67-9777-D843987CAEEC}.pisces|x86.ActiveCfg = pisces|Any CPU
		{DBA88BAF-7CD3-4D67-9777-D843987CAEEC}.poet|Any CPU.ActiveCfg = poet|Any CPU
		{DBA88BAF-7CD3-4D67-9777-D843987CAEEC}.poet|Any CPU.Build.0 = poet|Any CPU
		{DBA88BAF-7CD3-4D67-9777-D843987CAEEC}.poet|Mixed Platforms.ActiveCfg = poet|Any CPU
		{DBA88BAF-7CD3-4D67-9777-D843987CAEEC}.poet|Mixed Platforms.Build.0 = poet|Any CPU
		{DBA88BAF-7CD3-4D67-9777-D843987CAEEC}.poet|x86.ActiveCfg = poet|Any CPU
		{DBA88BAF-7CD3-4D67-9777-D843987CAEEC}.Release|Any CPU.ActiveCfg = Release|Any CPU
		{DBA88BAF-7CD3-4D67-9777-D843987CAEEC}.Release|Any CPU.Build.0 = Release|Any CPU
		{DBA88BAF-7CD3-4D67-9777-D843987CAEEC}.Release|Mixed Platforms.ActiveCfg = Release|Any CPU
		{DBA88BAF-7CD3-4D67-9777-D843987CAEEC}.Release|Mixed Platforms.Build.0 = Release|Any CPU
		{DBA88BAF-7CD3-4D67-9777-D843987CAEEC}.Release|x86.ActiveCfg = Release|Any CPU
		{DBA88BAF-7CD3-4D67-9777-D843987CAEEC}.WatchDog|Any CPU.ActiveCfg = WatchDog|Any CPU
		{DBA88BAF-7CD3-4D67-9777-D843987CAEEC}.WatchDog|Any CPU.Build.0 = WatchDog|Any CPU
		{DBA88BAF-7CD3-4D67-9777-D843987CAEEC}.WatchDog|Mixed Platforms.ActiveCfg = WatchDog|Any CPU
		{DBA88BAF-7CD3-4D67-9777-D843987CAEEC}.WatchDog|Mixed Platforms.Build.0 = WatchDog|Any CPU
		{DBA88BAF-7CD3-4D67-9777-D843987CAEEC}.WatchDog|x86.ActiveCfg = WatchDog|Any CPU
		{859FB4F4-B299-4B36-9955-E16C05E36158}.Debug|Any CPU.ActiveCfg = Debug|Any CPU
		{859FB4F4-B299-4B36-9955-E16C05E36158}.Debug|Any CPU.Build.0 = Debug|Any CPU
		{859FB4F4-B299-4B36-9955-E16C05E36158}.Debug|Mixed Platforms.ActiveCfg = Debug|Any CPU
		{859FB4F4-B299-4B36-9955-E16C05E36158}.Debug|Mixed Platforms.Build.0 = Debug|Any CPU
		{859FB4F4-B299-4B36-9955-E16C05E36158}.Debug|x86.ActiveCfg = Debug|Any CPU
		{859FB4F4-B299-4B36-9955-E16C05E36158}.Forecasting|Any CPU.ActiveCfg = pisces|Any CPU
		{859FB4F4-B299-4B36-9955-E16C05E36158}.Forecasting|Any CPU.Build.0 = pisces|Any CPU
		{859FB4F4-B299-4B36-9955-E16C05E36158}.Forecasting|Mixed Platforms.ActiveCfg = Release|Any CPU
		{859FB4F4-B299-4B36-9955-E16C05E36158}.Forecasting|Mixed Platforms.Build.0 = Release|Any CPU
		{859FB4F4-B299-4B36-9955-E16C05E36158}.Forecasting|x86.ActiveCfg = pisces|Any CPU
		{859FB4F4-B299-4B36-9955-E16C05E36158}.pisces|Any CPU.ActiveCfg = pisces|Any CPU
		{859FB4F4-B299-4B36-9955-E16C05E36158}.pisces|Any CPU.Build.0 = pisces|Any CPU
		{859FB4F4-B299-4B36-9955-E16C05E36158}.pisces|Mixed Platforms.ActiveCfg = pisces|Any CPU
		{859FB4F4-B299-4B36-9955-E16C05E36158}.pisces|Mixed Platforms.Build.0 = pisces|Any CPU
		{859FB4F4-B299-4B36-9955-E16C05E36158}.pisces|x86.ActiveCfg = pisces|Any CPU
		{859FB4F4-B299-4B36-9955-E16C05E36158}.poet|Any CPU.ActiveCfg = poet|Any CPU
		{859FB4F4-B299-4B36-9955-E16C05E36158}.poet|Any CPU.Build.0 = poet|Any CPU
		{859FB4F4-B299-4B36-9955-E16C05E36158}.poet|Mixed Platforms.ActiveCfg = poet|Any CPU
		{859FB4F4-B299-4B36-9955-E16C05E36158}.poet|Mixed Platforms.Build.0 = poet|Any CPU
		{859FB4F4-B299-4B36-9955-E16C05E36158}.poet|x86.ActiveCfg = poet|Any CPU
		{859FB4F4-B299-4B36-9955-E16C05E36158}.Release|Any CPU.ActiveCfg = Release|Any CPU
		{859FB4F4-B299-4B36-9955-E16C05E36158}.Release|Any CPU.Build.0 = Release|Any CPU
		{859FB4F4-B299-4B36-9955-E16C05E36158}.Release|Mixed Platforms.ActiveCfg = Release|Any CPU
		{859FB4F4-B299-4B36-9955-E16C05E36158}.Release|Mixed Platforms.Build.0 = Release|Any CPU
		{859FB4F4-B299-4B36-9955-E16C05E36158}.Release|x86.ActiveCfg = Release|Any CPU
		{859FB4F4-B299-4B36-9955-E16C05E36158}.WatchDog|Any CPU.ActiveCfg = pisces|Any CPU
		{859FB4F4-B299-4B36-9955-E16C05E36158}.WatchDog|Any CPU.Build.0 = pisces|Any CPU
		{859FB4F4-B299-4B36-9955-E16C05E36158}.WatchDog|Mixed Platforms.ActiveCfg = Release|Any CPU
		{859FB4F4-B299-4B36-9955-E16C05E36158}.WatchDog|Mixed Platforms.Build.0 = Release|Any CPU
		{859FB4F4-B299-4B36-9955-E16C05E36158}.WatchDog|x86.ActiveCfg = pisces|Any CPU
		{A7E73F2A-CA66-4BC8-934A-B5068C566F10}.Debug|Any CPU.ActiveCfg = Debug|Any CPU
		{A7E73F2A-CA66-4BC8-934A-B5068C566F10}.Debug|Any CPU.Build.0 = Debug|Any CPU
		{A7E73F2A-CA66-4BC8-934A-B5068C566F10}.Debug|Mixed Platforms.ActiveCfg = Debug|x86
		{A7E73F2A-CA66-4BC8-934A-B5068C566F10}.Debug|Mixed Platforms.Build.0 = Debug|x86
		{A7E73F2A-CA66-4BC8-934A-B5068C566F10}.Debug|x86.ActiveCfg = Debug|x86
		{A7E73F2A-CA66-4BC8-934A-B5068C566F10}.Debug|x86.Build.0 = Debug|x86
		{A7E73F2A-CA66-4BC8-934A-B5068C566F10}.Forecasting|Any CPU.ActiveCfg = Forecasting|Any CPU
		{A7E73F2A-CA66-4BC8-934A-B5068C566F10}.Forecasting|Any CPU.Build.0 = Forecasting|Any CPU
		{A7E73F2A-CA66-4BC8-934A-B5068C566F10}.Forecasting|Mixed Platforms.ActiveCfg = Forecasting|x86
		{A7E73F2A-CA66-4BC8-934A-B5068C566F10}.Forecasting|Mixed Platforms.Build.0 = Forecasting|x86
		{A7E73F2A-CA66-4BC8-934A-B5068C566F10}.Forecasting|x86.ActiveCfg = Forecasting|x86
		{A7E73F2A-CA66-4BC8-934A-B5068C566F10}.Forecasting|x86.Build.0 = Forecasting|x86
		{A7E73F2A-CA66-4BC8-934A-B5068C566F10}.pisces|Any CPU.ActiveCfg = pisces|Any CPU
		{A7E73F2A-CA66-4BC8-934A-B5068C566F10}.pisces|Any CPU.Build.0 = pisces|Any CPU
		{A7E73F2A-CA66-4BC8-934A-B5068C566F10}.pisces|Mixed Platforms.ActiveCfg = pisces|x86
		{A7E73F2A-CA66-4BC8-934A-B5068C566F10}.pisces|Mixed Platforms.Build.0 = pisces|x86
		{A7E73F2A-CA66-4BC8-934A-B5068C566F10}.pisces|x86.ActiveCfg = pisces|x86
		{A7E73F2A-CA66-4BC8-934A-B5068C566F10}.pisces|x86.Build.0 = pisces|x86
		{A7E73F2A-CA66-4BC8-934A-B5068C566F10}.poet|Any CPU.ActiveCfg = poet|Any CPU
		{A7E73F2A-CA66-4BC8-934A-B5068C566F10}.poet|Any CPU.Build.0 = poet|Any CPU
		{A7E73F2A-CA66-4BC8-934A-B5068C566F10}.poet|Mixed Platforms.ActiveCfg = poet|x86
		{A7E73F2A-CA66-4BC8-934A-B5068C566F10}.poet|Mixed Platforms.Build.0 = poet|x86
		{A7E73F2A-CA66-4BC8-934A-B5068C566F10}.poet|x86.ActiveCfg = poet|x86
		{A7E73F2A-CA66-4BC8-934A-B5068C566F10}.poet|x86.Build.0 = poet|x86
		{A7E73F2A-CA66-4BC8-934A-B5068C566F10}.Release|Any CPU.ActiveCfg = Release|Any CPU
		{A7E73F2A-CA66-4BC8-934A-B5068C566F10}.Release|Any CPU.Build.0 = Release|Any CPU
		{A7E73F2A-CA66-4BC8-934A-B5068C566F10}.Release|Mixed Platforms.ActiveCfg = Release|x86
		{A7E73F2A-CA66-4BC8-934A-B5068C566F10}.Release|Mixed Platforms.Build.0 = Release|x86
		{A7E73F2A-CA66-4BC8-934A-B5068C566F10}.Release|x86.ActiveCfg = Release|x86
		{A7E73F2A-CA66-4BC8-934A-B5068C566F10}.Release|x86.Build.0 = Release|x86
		{A7E73F2A-CA66-4BC8-934A-B5068C566F10}.WatchDog|Any CPU.ActiveCfg = WatchDog|Any CPU
		{A7E73F2A-CA66-4BC8-934A-B5068C566F10}.WatchDog|Any CPU.Build.0 = WatchDog|Any CPU
		{A7E73F2A-CA66-4BC8-934A-B5068C566F10}.WatchDog|Mixed Platforms.ActiveCfg = WatchDog|x86
		{A7E73F2A-CA66-4BC8-934A-B5068C566F10}.WatchDog|Mixed Platforms.Build.0 = WatchDog|x86
		{A7E73F2A-CA66-4BC8-934A-B5068C566F10}.WatchDog|x86.ActiveCfg = WatchDog|x86
		{A7E73F2A-CA66-4BC8-934A-B5068C566F10}.WatchDog|x86.Build.0 = WatchDog|x86
		{36DFC19C-1840-4CF4-9A62-CCA9FF142619}.Debug|Any CPU.ActiveCfg = Debug|x86
		{36DFC19C-1840-4CF4-9A62-CCA9FF142619}.Debug|Mixed Platforms.ActiveCfg = Debug|x86
		{36DFC19C-1840-4CF4-9A62-CCA9FF142619}.Debug|Mixed Platforms.Build.0 = Debug|x86
		{36DFC19C-1840-4CF4-9A62-CCA9FF142619}.Debug|x86.ActiveCfg = Debug|x86
		{36DFC19C-1840-4CF4-9A62-CCA9FF142619}.Debug|x86.Build.0 = Debug|x86
		{36DFC19C-1840-4CF4-9A62-CCA9FF142619}.Forecasting|Any CPU.ActiveCfg = pisces|x86
		{36DFC19C-1840-4CF4-9A62-CCA9FF142619}.Forecasting|Mixed Platforms.ActiveCfg = pisces|x86
		{36DFC19C-1840-4CF4-9A62-CCA9FF142619}.Forecasting|Mixed Platforms.Build.0 = pisces|x86
		{36DFC19C-1840-4CF4-9A62-CCA9FF142619}.Forecasting|x86.ActiveCfg = pisces|x86
		{36DFC19C-1840-4CF4-9A62-CCA9FF142619}.Forecasting|x86.Build.0 = pisces|x86
		{36DFC19C-1840-4CF4-9A62-CCA9FF142619}.pisces|Any CPU.ActiveCfg = pisces|x86
		{36DFC19C-1840-4CF4-9A62-CCA9FF142619}.pisces|Mixed Platforms.ActiveCfg = pisces|x86
		{36DFC19C-1840-4CF4-9A62-CCA9FF142619}.pisces|Mixed Platforms.Build.0 = pisces|x86
		{36DFC19C-1840-4CF4-9A62-CCA9FF142619}.pisces|x86.ActiveCfg = pisces|x86
		{36DFC19C-1840-4CF4-9A62-CCA9FF142619}.pisces|x86.Build.0 = pisces|x86
		{36DFC19C-1840-4CF4-9A62-CCA9FF142619}.poet|Any CPU.ActiveCfg = pisces|x86
		{36DFC19C-1840-4CF4-9A62-CCA9FF142619}.poet|Mixed Platforms.ActiveCfg = pisces|x86
		{36DFC19C-1840-4CF4-9A62-CCA9FF142619}.poet|Mixed Platforms.Build.0 = pisces|x86
		{36DFC19C-1840-4CF4-9A62-CCA9FF142619}.poet|x86.ActiveCfg = pisces|x86
		{36DFC19C-1840-4CF4-9A62-CCA9FF142619}.poet|x86.Build.0 = pisces|x86
		{36DFC19C-1840-4CF4-9A62-CCA9FF142619}.Release|Any CPU.ActiveCfg = Release|x86
		{36DFC19C-1840-4CF4-9A62-CCA9FF142619}.Release|Mixed Platforms.ActiveCfg = Release|x86
		{36DFC19C-1840-4CF4-9A62-CCA9FF142619}.Release|Mixed Platforms.Build.0 = Release|x86
		{36DFC19C-1840-4CF4-9A62-CCA9FF142619}.Release|x86.ActiveCfg = Release|x86
		{36DFC19C-1840-4CF4-9A62-CCA9FF142619}.Release|x86.Build.0 = Release|x86
		{36DFC19C-1840-4CF4-9A62-CCA9FF142619}.WatchDog|Any CPU.ActiveCfg = pisces|x86
		{36DFC19C-1840-4CF4-9A62-CCA9FF142619}.WatchDog|Mixed Platforms.ActiveCfg = pisces|x86
		{36DFC19C-1840-4CF4-9A62-CCA9FF142619}.WatchDog|Mixed Platforms.Build.0 = pisces|x86
		{36DFC19C-1840-4CF4-9A62-CCA9FF142619}.WatchDog|x86.ActiveCfg = pisces|x86
		{36DFC19C-1840-4CF4-9A62-CCA9FF142619}.WatchDog|x86.Build.0 = pisces|x86
		{AE98A3D7-E0CD-4675-B268-C8D4CEF429CE}.Debug|Any CPU.ActiveCfg = Debug|Any CPU
		{AE98A3D7-E0CD-4675-B268-C8D4CEF429CE}.Debug|Any CPU.Build.0 = Debug|Any CPU
		{AE98A3D7-E0CD-4675-B268-C8D4CEF429CE}.Debug|Mixed Platforms.ActiveCfg = Debug|Any CPU
		{AE98A3D7-E0CD-4675-B268-C8D4CEF429CE}.Debug|Mixed Platforms.Build.0 = Debug|Any CPU
		{AE98A3D7-E0CD-4675-B268-C8D4CEF429CE}.Debug|x86.ActiveCfg = Debug|Any CPU
		{AE98A3D7-E0CD-4675-B268-C8D4CEF429CE}.Forecasting|Any CPU.ActiveCfg = Release|Any CPU
		{AE98A3D7-E0CD-4675-B268-C8D4CEF429CE}.Forecasting|Any CPU.Build.0 = Release|Any CPU
		{AE98A3D7-E0CD-4675-B268-C8D4CEF429CE}.Forecasting|Mixed Platforms.ActiveCfg = Release|Any CPU
		{AE98A3D7-E0CD-4675-B268-C8D4CEF429CE}.Forecasting|Mixed Platforms.Build.0 = Release|Any CPU
		{AE98A3D7-E0CD-4675-B268-C8D4CEF429CE}.Forecasting|x86.ActiveCfg = Release|Any CPU
		{AE98A3D7-E0CD-4675-B268-C8D4CEF429CE}.pisces|Any CPU.ActiveCfg = Release|Any CPU
		{AE98A3D7-E0CD-4675-B268-C8D4CEF429CE}.pisces|Any CPU.Build.0 = Release|Any CPU
		{AE98A3D7-E0CD-4675-B268-C8D4CEF429CE}.pisces|Mixed Platforms.ActiveCfg = Release|Any CPU
		{AE98A3D7-E0CD-4675-B268-C8D4CEF429CE}.pisces|Mixed Platforms.Build.0 = Release|Any CPU
		{AE98A3D7-E0CD-4675-B268-C8D4CEF429CE}.pisces|x86.ActiveCfg = Release|Any CPU
		{AE98A3D7-E0CD-4675-B268-C8D4CEF429CE}.poet|Any CPU.ActiveCfg = Release|Any CPU
		{AE98A3D7-E0CD-4675-B268-C8D4CEF429CE}.poet|Any CPU.Build.0 = Release|Any CPU
		{AE98A3D7-E0CD-4675-B268-C8D4CEF429CE}.poet|Mixed Platforms.ActiveCfg = Release|Any CPU
		{AE98A3D7-E0CD-4675-B268-C8D4CEF429CE}.poet|Mixed Platforms.Build.0 = Release|Any CPU
		{AE98A3D7-E0CD-4675-B268-C8D4CEF429CE}.poet|x86.ActiveCfg = Release|Any CPU
		{AE98A3D7-E0CD-4675-B268-C8D4CEF429CE}.Release|Any CPU.ActiveCfg = Release|Any CPU
		{AE98A3D7-E0CD-4675-B268-C8D4CEF429CE}.Release|Any CPU.Build.0 = Release|Any CPU
		{AE98A3D7-E0CD-4675-B268-C8D4CEF429CE}.Release|Mixed Platforms.ActiveCfg = Release|Any CPU
		{AE98A3D7-E0CD-4675-B268-C8D4CEF429CE}.Release|Mixed Platforms.Build.0 = Release|Any CPU
		{AE98A3D7-E0CD-4675-B268-C8D4CEF429CE}.Release|x86.ActiveCfg = Release|Any CPU
		{AE98A3D7-E0CD-4675-B268-C8D4CEF429CE}.WatchDog|Any CPU.ActiveCfg = Release|Any CPU
		{AE98A3D7-E0CD-4675-B268-C8D4CEF429CE}.WatchDog|Any CPU.Build.0 = Release|Any CPU
		{AE98A3D7-E0CD-4675-B268-C8D4CEF429CE}.WatchDog|Mixed Platforms.ActiveCfg = Release|Any CPU
		{AE98A3D7-E0CD-4675-B268-C8D4CEF429CE}.WatchDog|Mixed Platforms.Build.0 = Release|Any CPU
		{AE98A3D7-E0CD-4675-B268-C8D4CEF429CE}.WatchDog|x86.ActiveCfg = Release|Any CPU
		{60537C98-6E33-42F7-9B7D-9B326ABC019E}.Debug|Any CPU.ActiveCfg = Debug|Any CPU
		{60537C98-6E33-42F7-9B7D-9B326ABC019E}.Debug|Any CPU.Build.0 = Debug|Any CPU
		{60537C98-6E33-42F7-9B7D-9B326ABC019E}.Debug|Mixed Platforms.ActiveCfg = Debug|x86
		{60537C98-6E33-42F7-9B7D-9B326ABC019E}.Debug|Mixed Platforms.Build.0 = Debug|x86
		{60537C98-6E33-42F7-9B7D-9B326ABC019E}.Debug|x86.ActiveCfg = Debug|x86
		{60537C98-6E33-42F7-9B7D-9B326ABC019E}.Debug|x86.Build.0 = Debug|x86
		{60537C98-6E33-42F7-9B7D-9B326ABC019E}.Forecasting|Any CPU.ActiveCfg = Forecasting|Any CPU
		{60537C98-6E33-42F7-9B7D-9B326ABC019E}.Forecasting|Any CPU.Build.0 = Forecasting|Any CPU
		{60537C98-6E33-42F7-9B7D-9B326ABC019E}.Forecasting|Mixed Platforms.ActiveCfg = Forecasting|x86
		{60537C98-6E33-42F7-9B7D-9B326ABC019E}.Forecasting|Mixed Platforms.Build.0 = Forecasting|x86
		{60537C98-6E33-42F7-9B7D-9B326ABC019E}.Forecasting|x86.ActiveCfg = Forecasting|x86
		{60537C98-6E33-42F7-9B7D-9B326ABC019E}.Forecasting|x86.Build.0 = Forecasting|x86
		{60537C98-6E33-42F7-9B7D-9B326ABC019E}.pisces|Any CPU.ActiveCfg = pisces|Any CPU
		{60537C98-6E33-42F7-9B7D-9B326ABC019E}.pisces|Any CPU.Build.0 = pisces|Any CPU
		{60537C98-6E33-42F7-9B7D-9B326ABC019E}.pisces|Mixed Platforms.ActiveCfg = pisces|x86
		{60537C98-6E33-42F7-9B7D-9B326ABC019E}.pisces|Mixed Platforms.Build.0 = pisces|x86
		{60537C98-6E33-42F7-9B7D-9B326ABC019E}.pisces|x86.ActiveCfg = pisces|x86
		{60537C98-6E33-42F7-9B7D-9B326ABC019E}.pisces|x86.Build.0 = pisces|x86
		{60537C98-6E33-42F7-9B7D-9B326ABC019E}.poet|Any CPU.ActiveCfg = poet|Any CPU
		{60537C98-6E33-42F7-9B7D-9B326ABC019E}.poet|Any CPU.Build.0 = poet|Any CPU
		{60537C98-6E33-42F7-9B7D-9B326ABC019E}.poet|Mixed Platforms.ActiveCfg = poet|x86
		{60537C98-6E33-42F7-9B7D-9B326ABC019E}.poet|Mixed Platforms.Build.0 = poet|x86
		{60537C98-6E33-42F7-9B7D-9B326ABC019E}.poet|x86.ActiveCfg = poet|x86
		{60537C98-6E33-42F7-9B7D-9B326ABC019E}.poet|x86.Build.0 = poet|x86
		{60537C98-6E33-42F7-9B7D-9B326ABC019E}.Release|Any CPU.ActiveCfg = Release|Any CPU
		{60537C98-6E33-42F7-9B7D-9B326ABC019E}.Release|Any CPU.Build.0 = Release|Any CPU
		{60537C98-6E33-42F7-9B7D-9B326ABC019E}.Release|Mixed Platforms.ActiveCfg = Release|x86
		{60537C98-6E33-42F7-9B7D-9B326ABC019E}.Release|Mixed Platforms.Build.0 = Release|x86
		{60537C98-6E33-42F7-9B7D-9B326ABC019E}.Release|x86.ActiveCfg = Release|x86
		{60537C98-6E33-42F7-9B7D-9B326ABC019E}.Release|x86.Build.0 = Release|x86
		{60537C98-6E33-42F7-9B7D-9B326ABC019E}.WatchDog|Any CPU.ActiveCfg = WatchDog|Any CPU
		{60537C98-6E33-42F7-9B7D-9B326ABC019E}.WatchDog|Any CPU.Build.0 = WatchDog|Any CPU
		{60537C98-6E33-42F7-9B7D-9B326ABC019E}.WatchDog|Mixed Platforms.ActiveCfg = WatchDog|x86
		{60537C98-6E33-42F7-9B7D-9B326ABC019E}.WatchDog|Mixed Platforms.Build.0 = WatchDog|x86
		{60537C98-6E33-42F7-9B7D-9B326ABC019E}.WatchDog|x86.ActiveCfg = WatchDog|x86
		{60537C98-6E33-42F7-9B7D-9B326ABC019E}.WatchDog|x86.Build.0 = WatchDog|x86
		{D2B37530-5D24-4772-8480-325920744643}.Debug|Any CPU.ActiveCfg = Debug|Any CPU
		{D2B37530-5D24-4772-8480-325920744643}.Debug|Any CPU.Build.0 = Debug|Any CPU
		{D2B37530-5D24-4772-8480-325920744643}.Debug|Mixed Platforms.ActiveCfg = Debug|Any CPU
		{D2B37530-5D24-4772-8480-325920744643}.Debug|Mixed Platforms.Build.0 = Debug|Any CPU
		{D2B37530-5D24-4772-8480-325920744643}.Debug|x86.ActiveCfg = Debug|Any CPU
		{D2B37530-5D24-4772-8480-325920744643}.Debug|x86.Build.0 = Debug|Any CPU
		{D2B37530-5D24-4772-8480-325920744643}.Forecasting|Any CPU.ActiveCfg = Release|Any CPU
		{D2B37530-5D24-4772-8480-325920744643}.Forecasting|Any CPU.Build.0 = Release|Any CPU
		{D2B37530-5D24-4772-8480-325920744643}.Forecasting|Mixed Platforms.ActiveCfg = Release|Any CPU
		{D2B37530-5D24-4772-8480-325920744643}.Forecasting|Mixed Platforms.Build.0 = Release|Any CPU
		{D2B37530-5D24-4772-8480-325920744643}.Forecasting|x86.ActiveCfg = Release|Any CPU
		{D2B37530-5D24-4772-8480-325920744643}.Forecasting|x86.Build.0 = Release|Any CPU
		{D2B37530-5D24-4772-8480-325920744643}.pisces|Any CPU.ActiveCfg = Release|Any CPU
		{D2B37530-5D24-4772-8480-325920744643}.pisces|Any CPU.Build.0 = Release|Any CPU
		{D2B37530-5D24-4772-8480-325920744643}.pisces|Mixed Platforms.ActiveCfg = Release|Any CPU
		{D2B37530-5D24-4772-8480-325920744643}.pisces|Mixed Platforms.Build.0 = Release|Any CPU
		{D2B37530-5D24-4772-8480-325920744643}.pisces|x86.ActiveCfg = Release|Any CPU
		{D2B37530-5D24-4772-8480-325920744643}.pisces|x86.Build.0 = Release|Any CPU
		{D2B37530-5D24-4772-8480-325920744643}.poet|Any CPU.ActiveCfg = Release|Any CPU
		{D2B37530-5D24-4772-8480-325920744643}.poet|Any CPU.Build.0 = Release|Any CPU
		{D2B37530-5D24-4772-8480-325920744643}.poet|Mixed Platforms.ActiveCfg = Release|Any CPU
		{D2B37530-5D24-4772-8480-325920744643}.poet|Mixed Platforms.Build.0 = Release|Any CPU
		{D2B37530-5D24-4772-8480-325920744643}.poet|x86.ActiveCfg = Release|Any CPU
		{D2B37530-5D24-4772-8480-325920744643}.poet|x86.Build.0 = Release|Any CPU
		{D2B37530-5D24-4772-8480-325920744643}.Release|Any CPU.ActiveCfg = Release|Any CPU
		{D2B37530-5D24-4772-8480-325920744643}.Release|Any CPU.Build.0 = Release|Any CPU
		{D2B37530-5D24-4772-8480-325920744643}.Release|Mixed Platforms.ActiveCfg = Release|Any CPU
		{D2B37530-5D24-4772-8480-325920744643}.Release|Mixed Platforms.Build.0 = Release|Any CPU
		{D2B37530-5D24-4772-8480-325920744643}.Release|x86.ActiveCfg = Release|Any CPU
		{D2B37530-5D24-4772-8480-325920744643}.Release|x86.Build.0 = Release|Any CPU
		{D2B37530-5D24-4772-8480-325920744643}.WatchDog|Any CPU.ActiveCfg = Release|Any CPU
		{D2B37530-5D24-4772-8480-325920744643}.WatchDog|Any CPU.Build.0 = Release|Any CPU
		{D2B37530-5D24-4772-8480-325920744643}.WatchDog|Mixed Platforms.ActiveCfg = Release|Any CPU
		{D2B37530-5D24-4772-8480-325920744643}.WatchDog|Mixed Platforms.Build.0 = Release|Any CPU
		{D2B37530-5D24-4772-8480-325920744643}.WatchDog|x86.ActiveCfg = Release|Any CPU
		{D2B37530-5D24-4772-8480-325920744643}.WatchDog|x86.Build.0 = Release|Any CPU
		{B60964F8-8699-4638-9460-68262E4D37A3}.Debug|Any CPU.ActiveCfg = Debug|Any CPU
		{B60964F8-8699-4638-9460-68262E4D37A3}.Debug|Any CPU.Build.0 = Debug|Any CPU
		{B60964F8-8699-4638-9460-68262E4D37A3}.Debug|Mixed Platforms.ActiveCfg = Debug|Any CPU
		{B60964F8-8699-4638-9460-68262E4D37A3}.Debug|Mixed Platforms.Build.0 = Debug|Any CPU
		{B60964F8-8699-4638-9460-68262E4D37A3}.Debug|x86.ActiveCfg = Debug|Any CPU
		{B60964F8-8699-4638-9460-68262E4D37A3}.Debug|x86.Build.0 = Debug|Any CPU
		{B60964F8-8699-4638-9460-68262E4D37A3}.Forecasting|Any CPU.ActiveCfg = Forecasting|Any CPU
		{B60964F8-8699-4638-9460-68262E4D37A3}.Forecasting|Any CPU.Build.0 = Forecasting|Any CPU
		{B60964F8-8699-4638-9460-68262E4D37A3}.Forecasting|Mixed Platforms.ActiveCfg = Forecasting|Any CPU
		{B60964F8-8699-4638-9460-68262E4D37A3}.Forecasting|Mixed Platforms.Build.0 = Forecasting|Any CPU
		{B60964F8-8699-4638-9460-68262E4D37A3}.Forecasting|x86.ActiveCfg = Forecasting|Any CPU
		{B60964F8-8699-4638-9460-68262E4D37A3}.Forecasting|x86.Build.0 = Forecasting|Any CPU
		{B60964F8-8699-4638-9460-68262E4D37A3}.pisces|Any CPU.ActiveCfg = pisces|Any CPU
		{B60964F8-8699-4638-9460-68262E4D37A3}.pisces|Any CPU.Build.0 = pisces|Any CPU
		{B60964F8-8699-4638-9460-68262E4D37A3}.pisces|Mixed Platforms.ActiveCfg = pisces|Any CPU
		{B60964F8-8699-4638-9460-68262E4D37A3}.pisces|Mixed Platforms.Build.0 = pisces|Any CPU
		{B60964F8-8699-4638-9460-68262E4D37A3}.pisces|x86.ActiveCfg = pisces|Any CPU
		{B60964F8-8699-4638-9460-68262E4D37A3}.pisces|x86.Build.0 = pisces|Any CPU
		{B60964F8-8699-4638-9460-68262E4D37A3}.poet|Any CPU.ActiveCfg = poet|Any CPU
		{B60964F8-8699-4638-9460-68262E4D37A3}.poet|Any CPU.Build.0 = poet|Any CPU
		{B60964F8-8699-4638-9460-68262E4D37A3}.poet|Mixed Platforms.ActiveCfg = poet|Any CPU
		{B60964F8-8699-4638-9460-68262E4D37A3}.poet|Mixed Platforms.Build.0 = poet|Any CPU
		{B60964F8-8699-4638-9460-68262E4D37A3}.poet|x86.ActiveCfg = poet|Any CPU
		{B60964F8-8699-4638-9460-68262E4D37A3}.poet|x86.Build.0 = poet|Any CPU
		{B60964F8-8699-4638-9460-68262E4D37A3}.Release|Any CPU.ActiveCfg = Release|Any CPU
		{B60964F8-8699-4638-9460-68262E4D37A3}.Release|Any CPU.Build.0 = Release|Any CPU
		{B60964F8-8699-4638-9460-68262E4D37A3}.Release|Mixed Platforms.ActiveCfg = Release|Any CPU
		{B60964F8-8699-4638-9460-68262E4D37A3}.Release|Mixed Platforms.Build.0 = Release|Any CPU
		{B60964F8-8699-4638-9460-68262E4D37A3}.Release|x86.ActiveCfg = Release|Any CPU
		{B60964F8-8699-4638-9460-68262E4D37A3}.Release|x86.Build.0 = Release|Any CPU
		{B60964F8-8699-4638-9460-68262E4D37A3}.WatchDog|Any CPU.ActiveCfg = WatchDog|Any CPU
		{B60964F8-8699-4638-9460-68262E4D37A3}.WatchDog|Any CPU.Build.0 = WatchDog|Any CPU
		{B60964F8-8699-4638-9460-68262E4D37A3}.WatchDog|Mixed Platforms.ActiveCfg = WatchDog|Any CPU
		{B60964F8-8699-4638-9460-68262E4D37A3}.WatchDog|Mixed Platforms.Build.0 = WatchDog|Any CPU
		{B60964F8-8699-4638-9460-68262E4D37A3}.WatchDog|x86.ActiveCfg = WatchDog|Any CPU
		{B60964F8-8699-4638-9460-68262E4D37A3}.WatchDog|x86.Build.0 = WatchDog|Any CPU
	EndGlobalSection
	GlobalSection(SolutionProperties) = preSolution
		HideSolutionNode = FALSE
	EndGlobalSection
EndGlobal
