
Microsoft Visual Studio Solution File, Format Version 12.00
# Visual Studio 2010
Project("{FAE04EC0-301F-11D3-BF4B-00C04F79EFBC}") = "Reclamation.TimeSeries", "TimeSeries\Reclamation.TimeSeries.csproj", "{5DD20A8A-4037-4885-AB91-2F5A3D1F48B4}"
EndProject
Project("{FAE04EC0-301F-11D3-BF4B-00C04F79EFBC}") = "Reclamation.Core", "Core\Reclamation.Core.csproj", "{80C73D4C-43CF-42DE-ADDC-7B0F06ECF086}"
EndProject
Project("{FAE04EC0-301F-11D3-BF4B-00C04F79EFBC}") = "Reclamation.TimeSeries.Modsim", "TimeSeries.Modsim\Reclamation.TimeSeries.Modsim.csproj", "{DBA88BAF-7CD3-4D67-9777-D843987CAEEC}"
EndProject
Project("{FAE04EC0-301F-11D3-BF4B-00C04F79EFBC}") = "Reclamation.TimeSeries.ArmyCorps", "TimeSeries.ArmyCorps\Reclamation.TimeSeries.ArmyCorps.csproj", "{859FB4F4-B299-4B36-9955-E16C05E36158}"
EndProject
Project("{FAE04EC0-301F-11D3-BF4B-00C04F79EFBC}") = "Reclamation.TimeSeries.Forms", "TimeSeries.Forms\Reclamation.TimeSeries.Forms.csproj", "{A7E73F2A-CA66-4BC8-934A-B5068C566F10}"
EndProject
Project("{FAE04EC0-301F-11D3-BF4B-00C04F79EFBC}") = "Pisces_open", "Pisces_open\Pisces_open.csproj", "{AFEC5AE2-BB6A-4316-BA66-85CD8CAE7E2D}"
EndProject
Project("{FAE04EC0-301F-11D3-BF4B-00C04F79EFBC}") = "GetINL", "..\Agrimet\inl\GetINL\GetINL.csproj", "{4BF63A7F-F0F5-4C3E-9205-AC037B5D45E5}"
EndProject
Project("{FAE04EC0-301F-11D3-BF4B-00C04F79EFBC}") = "Reclamation.TimeSeries.OracleHdb", "TimeSeries.OracleHdb\Reclamation.TimeSeries.OracleHdb.csproj", "{E8E40DB3-E59C-40B1-875D-C1A04D177986}"
EndProject
Project("{FAE04EC0-301F-11D3-BF4B-00C04F79EFBC}") = "HdbPoet", "..\HdbPoet\HdbPoet.csproj", "{B60964F8-8699-4638-9460-68262E4D37A3}"
EndProject
Project("{FAE04EC0-301F-11D3-BF4B-00C04F79EFBC}") = "GetUsace", "..\Hydromet\GetUsace\GetUsace.csproj", "{035F594F-8B4C-4A32-AD96-D31E11BE0A37}"
EndProject
Project("{FAE04EC0-301F-11D3-BF4B-00C04F79EFBC}") = "Reclamation.TimeSeries.Excel", "TimeSeries.Excel\Reclamation.TimeSeries.Excel.csproj", "{37B543F5-03A5-479E-B20C-7B4ACC53D16A}"
EndProject
Project("{FAE04EC0-301F-11D3-BF4B-00C04F79EFBC}") = "Reclamation.TimeSeries.Graphing", "TimeSeries.Graphing\Reclamation.TimeSeries.Graphing.csproj", "{862135B0-793A-4F06-B731-26C61B3AD068}"
EndProject
Project("{FAE04EC0-301F-11D3-BF4B-00C04F79EFBC}") = "Pisces_closed", "Pisces_closed\Pisces_closed.csproj", "{60537C98-6E33-42F7-9B7D-9B326ABC019E}"
EndProject
Project("{FAE04EC0-301F-11D3-BF4B-00C04F79EFBC}") = "HydrometNotifications", "..\Hydromet\HydrometNotifications\HydrometNotifications.csproj", "{09B73D14-AFBB-434E-A71D-73248CBBF0A3}"
EndProject
Project("{2150E333-8FDC-42A3-9474-1A3956D46DE8}") = ".nuget", ".nuget", "{94A1F39C-E5D5-45C8-B00D-16101638AA54}"
	ProjectSection(SolutionItems) = preProject
		.nuget\NuGet.Config = .nuget\NuGet.Config
		.nuget\NuGet.exe = .nuget\NuGet.exe
		.nuget\NuGet.targets = .nuget\NuGet.targets
	EndProjectSection
EndProject
Global
	GlobalSection(SolutionConfigurationPlatforms) = preSolution
		Debug|Any CPU = Debug|Any CPU
		Debug|Mixed Platforms = Debug|Mixed Platforms
		Debug|x86 = Debug|x86
		Forecasting|Any CPU = Forecasting|Any CPU
		Forecasting|Mixed Platforms = Forecasting|Mixed Platforms
		Forecasting|x86 = Forecasting|x86
		pisces|Any CPU = pisces|Any CPU
		pisces|Mixed Platforms = pisces|Mixed Platforms
		pisces|x86 = pisces|x86
		poet|Any CPU = poet|Any CPU
		poet|Mixed Platforms = poet|Mixed Platforms
		poet|x86 = poet|x86
		Release|Any CPU = Release|Any CPU
		Release|Mixed Platforms = Release|Mixed Platforms
		Release|x86 = Release|x86
		WatchDog|Any CPU = WatchDog|Any CPU
		WatchDog|Mixed Platforms = WatchDog|Mixed Platforms
		WatchDog|x86 = WatchDog|x86
	EndGlobalSection
	GlobalSection(ProjectConfigurationPlatforms) = postSolution
		{5DD20A8A-4037-4885-AB91-2F5A3D1F48B4}.Debug|Any CPU.ActiveCfg = Debug|Any CPU
		{5DD20A8A-4037-4885-AB91-2F5A3D1F48B4}.Debug|Any CPU.Build.0 = Debug|Any CPU
		{5DD20A8A-4037-4885-AB91-2F5A3D1F48B4}.Debug|Mixed Platforms.ActiveCfg = Debug|x86
		{5DD20A8A-4037-4885-AB91-2F5A3D1F48B4}.Debug|Mixed Platforms.Build.0 = Debug|x86
		{5DD20A8A-4037-4885-AB91-2F5A3D1F48B4}.Debug|x86.ActiveCfg = Debug|x86
		{5DD20A8A-4037-4885-AB91-2F5A3D1F48B4}.Debug|x86.Build.0 = Debug|x86
		{5DD20A8A-4037-4885-AB91-2F5A3D1F48B4}.Forecasting|Any CPU.ActiveCfg = Forecasting|Any CPU
		{5DD20A8A-4037-4885-AB91-2F5A3D1F48B4}.Forecasting|Any CPU.Build.0 = Forecasting|Any CPU
		{5DD20A8A-4037-4885-AB91-2F5A3D1F48B4}.Forecasting|Mixed Platforms.ActiveCfg = Forecasting|x86
		{5DD20A8A-4037-4885-AB91-2F5A3D1F48B4}.Forecasting|Mixed Platforms.Build.0 = Forecasting|x86
		{5DD20A8A-4037-4885-AB91-2F5A3D1F48B4}.Forecasting|x86.ActiveCfg = Forecasting|x86
		{5DD20A8A-4037-4885-AB91-2F5A3D1F48B4}.Forecasting|x86.Build.0 = Forecasting|x86
		{5DD20A8A-4037-4885-AB91-2F5A3D1F48B4}.pisces|Any CPU.ActiveCfg = pisces|Any CPU
		{5DD20A8A-4037-4885-AB91-2F5A3D1F48B4}.pisces|Any CPU.Build.0 = pisces|Any CPU
		{5DD20A8A-4037-4885-AB91-2F5A3D1F48B4}.pisces|Mixed Platforms.ActiveCfg = pisces|x86
		{5DD20A8A-4037-4885-AB91-2F5A3D1F48B4}.pisces|Mixed Platforms.Build.0 = pisces|x86
		{5DD20A8A-4037-4885-AB91-2F5A3D1F48B4}.pisces|x86.ActiveCfg = pisces|x86
		{5DD20A8A-4037-4885-AB91-2F5A3D1F48B4}.pisces|x86.Build.0 = pisces|x86
		{5DD20A8A-4037-4885-AB91-2F5A3D1F48B4}.poet|Any CPU.ActiveCfg = poet|Any CPU
		{5DD20A8A-4037-4885-AB91-2F5A3D1F48B4}.poet|Any CPU.Build.0 = poet|Any CPU
		{5DD20A8A-4037-4885-AB91-2F5A3D1F48B4}.poet|Mixed Platforms.ActiveCfg = poet|x86
		{5DD20A8A-4037-4885-AB91-2F5A3D1F48B4}.poet|Mixed Platforms.Build.0 = poet|x86
		{5DD20A8A-4037-4885-AB91-2F5A3D1F48B4}.poet|x86.ActiveCfg = poet|x86
		{5DD20A8A-4037-4885-AB91-2F5A3D1F48B4}.poet|x86.Build.0 = poet|x86
		{5DD20A8A-4037-4885-AB91-2F5A3D1F48B4}.Release|Any CPU.ActiveCfg = Release|Any CPU
		{5DD20A8A-4037-4885-AB91-2F5A3D1F48B4}.Release|Any CPU.Build.0 = Release|Any CPU
		{5DD20A8A-4037-4885-AB91-2F5A3D1F48B4}.Release|Mixed Platforms.ActiveCfg = Release|x86
		{5DD20A8A-4037-4885-AB91-2F5A3D1F48B4}.Release|Mixed Platforms.Build.0 = Release|x86
		{5DD20A8A-4037-4885-AB91-2F5A3D1F48B4}.Release|x86.ActiveCfg = Release|x86
		{5DD20A8A-4037-4885-AB91-2F5A3D1F48B4}.Release|x86.Build.0 = Release|x86
		{5DD20A8A-4037-4885-AB91-2F5A3D1F48B4}.WatchDog|Any CPU.ActiveCfg = WatchDog|Any CPU
		{5DD20A8A-4037-4885-AB91-2F5A3D1F48B4}.WatchDog|Any CPU.Build.0 = WatchDog|Any CPU
		{5DD20A8A-4037-4885-AB91-2F5A3D1F48B4}.WatchDog|Mixed Platforms.ActiveCfg = WatchDog|x86
		{5DD20A8A-4037-4885-AB91-2F5A3D1F48B4}.WatchDog|Mixed Platforms.Build.0 = WatchDog|x86
		{5DD20A8A-4037-4885-AB91-2F5A3D1F48B4}.WatchDog|x86.ActiveCfg = WatchDog|x86
		{5DD20A8A-4037-4885-AB91-2F5A3D1F48B4}.WatchDog|x86.Build.0 = WatchDog|x86
		{80C73D4C-43CF-42DE-ADDC-7B0F06ECF086}.Debug|Any CPU.ActiveCfg = Debug|Any CPU
		{80C73D4C-43CF-42DE-ADDC-7B0F06ECF086}.Debug|Any CPU.Build.0 = Debug|Any CPU
		{80C73D4C-43CF-42DE-ADDC-7B0F06ECF086}.Debug|Mixed Platforms.ActiveCfg = Debug|x86
		{80C73D4C-43CF-42DE-ADDC-7B0F06ECF086}.Debug|Mixed Platforms.Build.0 = Debug|x86
		{80C73D4C-43CF-42DE-ADDC-7B0F06ECF086}.Debug|x86.ActiveCfg = Debug|x86
		{80C73D4C-43CF-42DE-ADDC-7B0F06ECF086}.Debug|x86.Build.0 = Debug|x86
		{80C73D4C-43CF-42DE-ADDC-7B0F06ECF086}.Forecasting|Any CPU.ActiveCfg = Forecasting|Any CPU
		{80C73D4C-43CF-42DE-ADDC-7B0F06ECF086}.Forecasting|Any CPU.Build.0 = Forecasting|Any CPU
		{80C73D4C-43CF-42DE-ADDC-7B0F06ECF086}.Forecasting|Mixed Platforms.ActiveCfg = Forecasting|x86
		{80C73D4C-43CF-42DE-ADDC-7B0F06ECF086}.Forecasting|Mixed Platforms.Build.0 = Forecasting|x86
		{80C73D4C-43CF-42DE-ADDC-7B0F06ECF086}.Forecasting|x86.ActiveCfg = Forecasting|x86
		{80C73D4C-43CF-42DE-ADDC-7B0F06ECF086}.Forecasting|x86.Build.0 = Forecasting|x86
		{80C73D4C-43CF-42DE-ADDC-7B0F06ECF086}.pisces|Any CPU.ActiveCfg = pisces|Any CPU
		{80C73D4C-43CF-42DE-ADDC-7B0F06ECF086}.pisces|Any CPU.Build.0 = pisces|Any CPU
		{80C73D4C-43CF-42DE-ADDC-7B0F06ECF086}.pisces|Mixed Platforms.ActiveCfg = pisces|x86
		{80C73D4C-43CF-42DE-ADDC-7B0F06ECF086}.pisces|Mixed Platforms.Build.0 = pisces|x86
		{80C73D4C-43CF-42DE-ADDC-7B0F06ECF086}.pisces|x86.ActiveCfg = pisces|x86
		{80C73D4C-43CF-42DE-ADDC-7B0F06ECF086}.pisces|x86.Build.0 = pisces|x86
		{80C73D4C-43CF-42DE-ADDC-7B0F06ECF086}.poet|Any CPU.ActiveCfg = poet|Any CPU
		{80C73D4C-43CF-42DE-ADDC-7B0F06ECF086}.poet|Any CPU.Build.0 = poet|Any CPU
		{80C73D4C-43CF-42DE-ADDC-7B0F06ECF086}.poet|Mixed Platforms.ActiveCfg = poet|x86
		{80C73D4C-43CF-42DE-ADDC-7B0F06ECF086}.poet|Mixed Platforms.Build.0 = poet|x86
		{80C73D4C-43CF-42DE-ADDC-7B0F06ECF086}.poet|x86.ActiveCfg = poet|x86
		{80C73D4C-43CF-42DE-ADDC-7B0F06ECF086}.poet|x86.Build.0 = poet|x86
		{80C73D4C-43CF-42DE-ADDC-7B0F06ECF086}.Release|Any CPU.ActiveCfg = Release|Any CPU
		{80C73D4C-43CF-42DE-ADDC-7B0F06ECF086}.Release|Any CPU.Build.0 = Release|Any CPU
		{80C73D4C-43CF-42DE-ADDC-7B0F06ECF086}.Release|Mixed Platforms.ActiveCfg = Release|x86
		{80C73D4C-43CF-42DE-ADDC-7B0F06ECF086}.Release|Mixed Platforms.Build.0 = Release|x86
		{80C73D4C-43CF-42DE-ADDC-7B0F06ECF086}.Release|x86.ActiveCfg = Release|x86
		{80C73D4C-43CF-42DE-ADDC-7B0F06ECF086}.Release|x86.Build.0 = Release|x86
		{80C73D4C-43CF-42DE-ADDC-7B0F06ECF086}.WatchDog|Any CPU.ActiveCfg = WatchDog|Any CPU
		{80C73D4C-43CF-42DE-ADDC-7B0F06ECF086}.WatchDog|Any CPU.Build.0 = WatchDog|Any CPU
		{80C73D4C-43CF-42DE-ADDC-7B0F06ECF086}.WatchDog|Mixed Platforms.ActiveCfg = WatchDog|x86
		{80C73D4C-43CF-42DE-ADDC-7B0F06ECF086}.WatchDog|Mixed Platforms.Build.0 = WatchDog|x86
		{80C73D4C-43CF-42DE-ADDC-7B0F06ECF086}.WatchDog|x86.ActiveCfg = WatchDog|x86
		{80C73D4C-43CF-42DE-ADDC-7B0F06ECF086}.WatchDog|x86.Build.0 = WatchDog|x86
		{DBA88BAF-7CD3-4D67-9777-D843987CAEEC}.Debug|Any CPU.ActiveCfg = Debug|Any CPU
		{DBA88BAF-7CD3-4D67-9777-D843987CAEEC}.Debug|Any CPU.Build.0 = Debug|Any CPU
		{DBA88BAF-7CD3-4D67-9777-D843987CAEEC}.Debug|Mixed Platforms.ActiveCfg = Debug|Any CPU
		{DBA88BAF-7CD3-4D67-9777-D843987CAEEC}.Debug|Mixed Platforms.Build.0 = Debug|Any CPU
		{DBA88BAF-7CD3-4D67-9777-D843987CAEEC}.Debug|x86.ActiveCfg = Debug|Any CPU
		{DBA88BAF-7CD3-4D67-9777-D843987CAEEC}.Forecasting|Any CPU.ActiveCfg = Forecasting|Any CPU
		{DBA88BAF-7CD3-4D67-9777-D843987CAEEC}.Forecasting|Any CPU.Build.0 = Forecasting|Any CPU
		{DBA88BAF-7CD3-4D67-9777-D843987CAEEC}.Forecasting|Mixed Platforms.ActiveCfg = Forecasting|Any CPU
		{DBA88BAF-7CD3-4D67-9777-D843987CAEEC}.Forecasting|Mixed Platforms.Build.0 = Forecasting|Any CPU
		{DBA88BAF-7CD3-4D67-9777-D843987CAEEC}.Forecasting|x86.ActiveCfg = Forecasting|Any CPU
		{DBA88BAF-7CD3-4D67-9777-D843987CAEEC}.pisces|Any CPU.ActiveCfg = pisces|Any CPU
		{DBA88BAF-7CD3-4D67-9777-D843987CAEEC}.pisces|Any CPU.Build.0 = pisces|Any CPU
		{DBA88BAF-7CD3-4D67-9777-D843987CAEEC}.pisces|Mixed Platforms.ActiveCfg = pisces|Any CPU
		{DBA88BAF-7CD3-4D67-9777-D843987CAEEC}.pisces|Mixed Platforms.Build.0 = pisces|Any CPU
		{DBA88BAF-7CD3-4D67-9777-D843987CAEEC}.pisces|x86.ActiveCfg = pisces|Any CPU
		{DBA88BAF-7CD3-4D67-9777-D843987CAEEC}.poet|Any CPU.ActiveCfg = poet|Any CPU
		{DBA88BAF-7CD3-4D67-9777-D843987CAEEC}.poet|Any CPU.Build.0 = poet|Any CPU
		{DBA88BAF-7CD3-4D67-9777-D843987CAEEC}.poet|Mixed Platforms.ActiveCfg = poet|Any CPU
		{DBA88BAF-7CD3-4D67-9777-D843987CAEEC}.poet|Mixed Platforms.Build.0 = poet|Any CPU
		{DBA88BAF-7CD3-4D67-9777-D843987CAEEC}.poet|x86.ActiveCfg = poet|Any CPU
		{DBA88BAF-7CD3-4D67-9777-D843987CAEEC}.Release|Any CPU.ActiveCfg = Release|Any CPU
		{DBA88BAF-7CD3-4D67-9777-D843987CAEEC}.Release|Any CPU.Build.0 = Release|Any CPU
		{DBA88BAF-7CD3-4D67-9777-D843987CAEEC}.Release|Mixed Platforms.ActiveCfg = Release|Any CPU
		{DBA88BAF-7CD3-4D67-9777-D843987CAEEC}.Release|Mixed Platforms.Build.0 = Release|Any CPU
		{DBA88BAF-7CD3-4D67-9777-D843987CAEEC}.Release|x86.ActiveCfg = Release|Any CPU
		{DBA88BAF-7CD3-4D67-9777-D843987CAEEC}.WatchDog|Any CPU.ActiveCfg = WatchDog|Any CPU
		{DBA88BAF-7CD3-4D67-9777-D843987CAEEC}.WatchDog|Any CPU.Build.0 = WatchDog|Any CPU
		{DBA88BAF-7CD3-4D67-9777-D843987CAEEC}.WatchDog|Mixed Platforms.ActiveCfg = WatchDog|Any CPU
		{DBA88BAF-7CD3-4D67-9777-D843987CAEEC}.WatchDog|Mixed Platforms.Build.0 = WatchDog|Any CPU
		{DBA88BAF-7CD3-4D67-9777-D843987CAEEC}.WatchDog|x86.ActiveCfg = WatchDog|Any CPU
		{859FB4F4-B299-4B36-9955-E16C05E36158}.Debug|Any CPU.ActiveCfg = Debug|Any CPU
		{859FB4F4-B299-4B36-9955-E16C05E36158}.Debug|Any CPU.Build.0 = Debug|Any CPU
		{859FB4F4-B299-4B36-9955-E16C05E36158}.Debug|Mixed Platforms.ActiveCfg = Debug|Any CPU
		{859FB4F4-B299-4B36-9955-E16C05E36158}.Debug|Mixed Platforms.Build.0 = Debug|Any CPU
		{859FB4F4-B299-4B36-9955-E16C05E36158}.Debug|x86.ActiveCfg = Debug|Any CPU
		{859FB4F4-B299-4B36-9955-E16C05E36158}.Forecasting|Any CPU.ActiveCfg = pisces|Any CPU
		{859FB4F4-B299-4B36-9955-E16C05E36158}.Forecasting|Any CPU.Build.0 = pisces|Any CPU
		{859FB4F4-B299-4B36-9955-E16C05E36158}.Forecasting|Mixed Platforms.ActiveCfg = Release|Any CPU
		{859FB4F4-B299-4B36-9955-E16C05E36158}.Forecasting|Mixed Platforms.Build.0 = Release|Any CPU
		{859FB4F4-B299-4B36-9955-E16C05E36158}.Forecasting|x86.ActiveCfg = pisces|Any CPU
		{859FB4F4-B299-4B36-9955-E16C05E36158}.pisces|Any CPU.ActiveCfg = pisces|Any CPU
		{859FB4F4-B299-4B36-9955-E16C05E36158}.pisces|Any CPU.Build.0 = pisces|Any CPU
		{859FB4F4-B299-4B36-9955-E16C05E36158}.pisces|Mixed Platforms.ActiveCfg = pisces|Any CPU
		{859FB4F4-B299-4B36-9955-E16C05E36158}.pisces|Mixed Platforms.Build.0 = pisces|Any CPU
		{859FB4F4-B299-4B36-9955-E16C05E36158}.pisces|x86.ActiveCfg = pisces|Any CPU
		{859FB4F4-B299-4B36-9955-E16C05E36158}.poet|Any CPU.ActiveCfg = poet|Any CPU
		{859FB4F4-B299-4B36-9955-E16C05E36158}.poet|Any CPU.Build.0 = poet|Any CPU
		{859FB4F4-B299-4B36-9955-E16C05E36158}.poet|Mixed Platforms.ActiveCfg = poet|Any CPU
		{859FB4F4-B299-4B36-9955-E16C05E36158}.poet|Mixed Platforms.Build.0 = poet|Any CPU
		{859FB4F4-B299-4B36-9955-E16C05E36158}.poet|x86.ActiveCfg = poet|Any CPU
		{859FB4F4-B299-4B36-9955-E16C05E36158}.Release|Any CPU.ActiveCfg = Release|Any CPU
		{859FB4F4-B299-4B36-9955-E16C05E36158}.Release|Any CPU.Build.0 = Release|Any CPU
		{859FB4F4-B299-4B36-9955-E16C05E36158}.Release|Mixed Platforms.ActiveCfg = Release|Any CPU
		{859FB4F4-B299-4B36-9955-E16C05E36158}.Release|Mixed Platforms.Build.0 = Release|Any CPU
		{859FB4F4-B299-4B36-9955-E16C05E36158}.Release|x86.ActiveCfg = Release|Any CPU
		{859FB4F4-B299-4B36-9955-E16C05E36158}.WatchDog|Any CPU.ActiveCfg = pisces|Any CPU
		{859FB4F4-B299-4B36-9955-E16C05E36158}.WatchDog|Any CPU.Build.0 = pisces|Any CPU
		{859FB4F4-B299-4B36-9955-E16C05E36158}.WatchDog|Mixed Platforms.ActiveCfg = Release|Any CPU
		{859FB4F4-B299-4B36-9955-E16C05E36158}.WatchDog|Mixed Platforms.Build.0 = Release|Any CPU
		{859FB4F4-B299-4B36-9955-E16C05E36158}.WatchDog|x86.ActiveCfg = pisces|Any CPU
		{A7E73F2A-CA66-4BC8-934A-B5068C566F10}.Debug|Any CPU.ActiveCfg = Debug|Any CPU
		{A7E73F2A-CA66-4BC8-934A-B5068C566F10}.Debug|Any CPU.Build.0 = Debug|Any CPU
		{A7E73F2A-CA66-4BC8-934A-B5068C566F10}.Debug|Mixed Platforms.ActiveCfg = Debug|x86
		{A7E73F2A-CA66-4BC8-934A-B5068C566F10}.Debug|Mixed Platforms.Build.0 = Debug|x86
		{A7E73F2A-CA66-4BC8-934A-B5068C566F10}.Debug|x86.ActiveCfg = Debug|x86
		{A7E73F2A-CA66-4BC8-934A-B5068C566F10}.Debug|x86.Build.0 = Debug|x86
		{A7E73F2A-CA66-4BC8-934A-B5068C566F10}.Forecasting|Any CPU.ActiveCfg = Forecasting|Any CPU
		{A7E73F2A-CA66-4BC8-934A-B5068C566F10}.Forecasting|Any CPU.Build.0 = Forecasting|Any CPU
		{A7E73F2A-CA66-4BC8-934A-B5068C566F10}.Forecasting|Mixed Platforms.ActiveCfg = Forecasting|x86
		{A7E73F2A-CA66-4BC8-934A-B5068C566F10}.Forecasting|Mixed Platforms.Build.0 = Forecasting|x86
		{A7E73F2A-CA66-4BC8-934A-B5068C566F10}.Forecasting|x86.ActiveCfg = Forecasting|x86
		{A7E73F2A-CA66-4BC8-934A-B5068C566F10}.Forecasting|x86.Build.0 = Forecasting|x86
		{A7E73F2A-CA66-4BC8-934A-B5068C566F10}.pisces|Any CPU.ActiveCfg = pisces|Any CPU
		{A7E73F2A-CA66-4BC8-934A-B5068C566F10}.pisces|Any CPU.Build.0 = pisces|Any CPU
		{A7E73F2A-CA66-4BC8-934A-B5068C566F10}.pisces|Mixed Platforms.ActiveCfg = pisces|x86
		{A7E73F2A-CA66-4BC8-934A-B5068C566F10}.pisces|Mixed Platforms.Build.0 = pisces|x86
		{A7E73F2A-CA66-4BC8-934A-B5068C566F10}.pisces|x86.ActiveCfg = pisces|x86
		{A7E73F2A-CA66-4BC8-934A-B5068C566F10}.pisces|x86.Build.0 = pisces|x86
		{A7E73F2A-CA66-4BC8-934A-B5068C566F10}.poet|Any CPU.ActiveCfg = poet|Any CPU
		{A7E73F2A-CA66-4BC8-934A-B5068C566F10}.poet|Any CPU.Build.0 = poet|Any CPU
		{A7E73F2A-CA66-4BC8-934A-B5068C566F10}.poet|Mixed Platforms.ActiveCfg = poet|x86
		{A7E73F2A-CA66-4BC8-934A-B5068C566F10}.poet|Mixed Platforms.Build.0 = poet|x86
		{A7E73F2A-CA66-4BC8-934A-B5068C566F10}.poet|x86.ActiveCfg = poet|x86
		{A7E73F2A-CA66-4BC8-934A-B5068C566F10}.poet|x86.Build.0 = poet|x86
		{A7E73F2A-CA66-4BC8-934A-B5068C566F10}.Release|Any CPU.ActiveCfg = Release|Any CPU
		{A7E73F2A-CA66-4BC8-934A-B5068C566F10}.Release|Any CPU.Build.0 = Release|Any CPU
		{A7E73F2A-CA66-4BC8-934A-B5068C566F10}.Release|Mixed Platforms.ActiveCfg = Release|x86
		{A7E73F2A-CA66-4BC8-934A-B5068C566F10}.Release|Mixed Platforms.Build.0 = Release|x86
		{A7E73F2A-CA66-4BC8-934A-B5068C566F10}.Release|x86.ActiveCfg = Release|x86
		{A7E73F2A-CA66-4BC8-934A-B5068C566F10}.Release|x86.Build.0 = Release|x86
		{A7E73F2A-CA66-4BC8-934A-B5068C566F10}.WatchDog|Any CPU.ActiveCfg = WatchDog|Any CPU
		{A7E73F2A-CA66-4BC8-934A-B5068C566F10}.WatchDog|Any CPU.Build.0 = WatchDog|Any CPU
		{A7E73F2A-CA66-4BC8-934A-B5068C566F10}.WatchDog|Mixed Platforms.ActiveCfg = WatchDog|x86
		{A7E73F2A-CA66-4BC8-934A-B5068C566F10}.WatchDog|Mixed Platforms.Build.0 = WatchDog|x86
		{A7E73F2A-CA66-4BC8-934A-B5068C566F10}.WatchDog|x86.ActiveCfg = WatchDog|x86
		{A7E73F2A-CA66-4BC8-934A-B5068C566F10}.WatchDog|x86.Build.0 = WatchDog|x86
		{AFEC5AE2-BB6A-4316-BA66-85CD8CAE7E2D}.Debug|Any CPU.ActiveCfg = Debug|Any CPU
		{AFEC5AE2-BB6A-4316-BA66-85CD8CAE7E2D}.Debug|Any CPU.Build.0 = Debug|Any CPU
		{AFEC5AE2-BB6A-4316-BA66-85CD8CAE7E2D}.Debug|Mixed Platforms.ActiveCfg = Debug|x86
		{AFEC5AE2-BB6A-4316-BA66-85CD8CAE7E2D}.Debug|Mixed Platforms.Build.0 = Debug|x86
		{AFEC5AE2-BB6A-4316-BA66-85CD8CAE7E2D}.Debug|x86.ActiveCfg = Debug|x86
		{AFEC5AE2-BB6A-4316-BA66-85CD8CAE7E2D}.Debug|x86.Build.0 = Debug|x86
		{AFEC5AE2-BB6A-4316-BA66-85CD8CAE7E2D}.Forecasting|Any CPU.ActiveCfg = Forecasting|Any CPU
		{AFEC5AE2-BB6A-4316-BA66-85CD8CAE7E2D}.Forecasting|Any CPU.Build.0 = Forecasting|Any CPU
		{AFEC5AE2-BB6A-4316-BA66-85CD8CAE7E2D}.Forecasting|Mixed Platforms.ActiveCfg = Forecasting|x86
		{AFEC5AE2-BB6A-4316-BA66-85CD8CAE7E2D}.Forecasting|Mixed Platforms.Build.0 = Forecasting|x86
		{AFEC5AE2-BB6A-4316-BA66-85CD8CAE7E2D}.Forecasting|x86.ActiveCfg = Forecasting|x86
		{AFEC5AE2-BB6A-4316-BA66-85CD8CAE7E2D}.Forecasting|x86.Build.0 = Forecasting|x86
		{AFEC5AE2-BB6A-4316-BA66-85CD8CAE7E2D}.pisces|Any CPU.ActiveCfg = pisces|Any CPU
		{AFEC5AE2-BB6A-4316-BA66-85CD8CAE7E2D}.pisces|Any CPU.Build.0 = pisces|Any CPU
		{AFEC5AE2-BB6A-4316-BA66-85CD8CAE7E2D}.pisces|Mixed Platforms.ActiveCfg = pisces|x86
		{AFEC5AE2-BB6A-4316-BA66-85CD8CAE7E2D}.pisces|Mixed Platforms.Build.0 = pisces|x86
		{AFEC5AE2-BB6A-4316-BA66-85CD8CAE7E2D}.pisces|x86.ActiveCfg = pisces|x86
		{AFEC5AE2-BB6A-4316-BA66-85CD8CAE7E2D}.pisces|x86.Build.0 = pisces|x86
		{AFEC5AE2-BB6A-4316-BA66-85CD8CAE7E2D}.poet|Any CPU.ActiveCfg = poet|Any CPU
		{AFEC5AE2-BB6A-4316-BA66-85CD8CAE7E2D}.poet|Any CPU.Build.0 = poet|Any CPU
		{AFEC5AE2-BB6A-4316-BA66-85CD8CAE7E2D}.poet|Mixed Platforms.ActiveCfg = poet|x86
		{AFEC5AE2-BB6A-4316-BA66-85CD8CAE7E2D}.poet|Mixed Platforms.Build.0 = poet|x86
		{AFEC5AE2-BB6A-4316-BA66-85CD8CAE7E2D}.poet|x86.ActiveCfg = poet|x86
		{AFEC5AE2-BB6A-4316-BA66-85CD8CAE7E2D}.poet|x86.Build.0 = poet|x86
		{AFEC5AE2-BB6A-4316-BA66-85CD8CAE7E2D}.Release|Any CPU.ActiveCfg = Release|Any CPU
		{AFEC5AE2-BB6A-4316-BA66-85CD8CAE7E2D}.Release|Any CPU.Build.0 = Release|Any CPU
		{AFEC5AE2-BB6A-4316-BA66-85CD8CAE7E2D}.Release|Mixed Platforms.ActiveCfg = Release|x86
		{AFEC5AE2-BB6A-4316-BA66-85CD8CAE7E2D}.Release|Mixed Platforms.Build.0 = Release|x86
		{AFEC5AE2-BB6A-4316-BA66-85CD8CAE7E2D}.Release|x86.ActiveCfg = Release|x86
		{AFEC5AE2-BB6A-4316-BA66-85CD8CAE7E2D}.Release|x86.Build.0 = Release|x86
		{AFEC5AE2-BB6A-4316-BA66-85CD8CAE7E2D}.WatchDog|Any CPU.ActiveCfg = WatchDog|Any CPU
		{AFEC5AE2-BB6A-4316-BA66-85CD8CAE7E2D}.WatchDog|Any CPU.Build.0 = WatchDog|Any CPU
		{AFEC5AE2-BB6A-4316-BA66-85CD8CAE7E2D}.WatchDog|Mixed Platforms.ActiveCfg = WatchDog|x86
		{AFEC5AE2-BB6A-4316-BA66-85CD8CAE7E2D}.WatchDog|Mixed Platforms.Build.0 = WatchDog|x86
		{AFEC5AE2-BB6A-4316-BA66-85CD8CAE7E2D}.WatchDog|x86.ActiveCfg = WatchDog|x86
		{AFEC5AE2-BB6A-4316-BA66-85CD8CAE7E2D}.WatchDog|x86.Build.0 = WatchDog|x86
		{4BF63A7F-F0F5-4C3E-9205-AC037B5D45E5}.Debug|Any CPU.ActiveCfg = Debug|Any CPU
		{4BF63A7F-F0F5-4C3E-9205-AC037B5D45E5}.Debug|Any CPU.Build.0 = Debug|Any CPU
		{4BF63A7F-F0F5-4C3E-9205-AC037B5D45E5}.Debug|Mixed Platforms.ActiveCfg = Debug|Any CPU
		{4BF63A7F-F0F5-4C3E-9205-AC037B5D45E5}.Debug|Mixed Platforms.Build.0 = Debug|Any CPU
		{4BF63A7F-F0F5-4C3E-9205-AC037B5D45E5}.Debug|x86.ActiveCfg = Debug|Any CPU
		{4BF63A7F-F0F5-4C3E-9205-AC037B5D45E5}.Forecasting|Any CPU.ActiveCfg = Release|Any CPU
		{4BF63A7F-F0F5-4C3E-9205-AC037B5D45E5}.Forecasting|Any CPU.Build.0 = Release|Any CPU
		{4BF63A7F-F0F5-4C3E-9205-AC037B5D45E5}.Forecasting|Mixed Platforms.ActiveCfg = Release|Any CPU
		{4BF63A7F-F0F5-4C3E-9205-AC037B5D45E5}.Forecasting|Mixed Platforms.Build.0 = Release|Any CPU
		{4BF63A7F-F0F5-4C3E-9205-AC037B5D45E5}.Forecasting|x86.ActiveCfg = Release|Any CPU
		{4BF63A7F-F0F5-4C3E-9205-AC037B5D45E5}.pisces|Any CPU.ActiveCfg = Release|Any CPU
		{4BF63A7F-F0F5-4C3E-9205-AC037B5D45E5}.pisces|Any CPU.Build.0 = Release|Any CPU
		{4BF63A7F-F0F5-4C3E-9205-AC037B5D45E5}.pisces|Mixed Platforms.ActiveCfg = Release|Any CPU
		{4BF63A7F-F0F5-4C3E-9205-AC037B5D45E5}.pisces|Mixed Platforms.Build.0 = Release|Any CPU
		{4BF63A7F-F0F5-4C3E-9205-AC037B5D45E5}.pisces|x86.ActiveCfg = Release|Any CPU
		{4BF63A7F-F0F5-4C3E-9205-AC037B5D45E5}.poet|Any CPU.ActiveCfg = Release|Any CPU
		{4BF63A7F-F0F5-4C3E-9205-AC037B5D45E5}.poet|Any CPU.Build.0 = Release|Any CPU
		{4BF63A7F-F0F5-4C3E-9205-AC037B5D45E5}.poet|Mixed Platforms.ActiveCfg = Release|Any CPU
		{4BF63A7F-F0F5-4C3E-9205-AC037B5D45E5}.poet|Mixed Platforms.Build.0 = Release|Any CPU
		{4BF63A7F-F0F5-4C3E-9205-AC037B5D45E5}.poet|x86.ActiveCfg = Release|Any CPU
		{4BF63A7F-F0F5-4C3E-9205-AC037B5D45E5}.Release|Any CPU.ActiveCfg = Release|Any CPU
		{4BF63A7F-F0F5-4C3E-9205-AC037B5D45E5}.Release|Any CPU.Build.0 = Release|Any CPU
		{4BF63A7F-F0F5-4C3E-9205-AC037B5D45E5}.Release|Mixed Platforms.ActiveCfg = Release|Any CPU
		{4BF63A7F-F0F5-4C3E-9205-AC037B5D45E5}.Release|Mixed Platforms.Build.0 = Release|Any CPU
		{4BF63A7F-F0F5-4C3E-9205-AC037B5D45E5}.Release|x86.ActiveCfg = Release|Any CPU
		{4BF63A7F-F0F5-4C3E-9205-AC037B5D45E5}.WatchDog|Any CPU.ActiveCfg = Release|Any CPU
		{4BF63A7F-F0F5-4C3E-9205-AC037B5D45E5}.WatchDog|Any CPU.Build.0 = Release|Any CPU
		{4BF63A7F-F0F5-4C3E-9205-AC037B5D45E5}.WatchDog|Mixed Platforms.ActiveCfg = Release|Any CPU
		{4BF63A7F-F0F5-4C3E-9205-AC037B5D45E5}.WatchDog|Mixed Platforms.Build.0 = Release|Any CPU
		{4BF63A7F-F0F5-4C3E-9205-AC037B5D45E5}.WatchDog|x86.ActiveCfg = Release|Any CPU
		{E8E40DB3-E59C-40B1-875D-C1A04D177986}.Debug|Any CPU.ActiveCfg = Debug|Any CPU
		{E8E40DB3-E59C-40B1-875D-C1A04D177986}.Debug|Any CPU.Build.0 = Debug|Any CPU
		{E8E40DB3-E59C-40B1-875D-C1A04D177986}.Debug|Mixed Platforms.ActiveCfg = Debug|Any CPU
		{E8E40DB3-E59C-40B1-875D-C1A04D177986}.Debug|Mixed Platforms.Build.0 = Debug|Any CPU
		{E8E40DB3-E59C-40B1-875D-C1A04D177986}.Debug|x86.ActiveCfg = Debug|Any CPU
		{E8E40DB3-E59C-40B1-875D-C1A04D177986}.Forecasting|Any CPU.ActiveCfg = Forecasting|Any CPU
		{E8E40DB3-E59C-40B1-875D-C1A04D177986}.Forecasting|Any CPU.Build.0 = Forecasting|Any CPU
		{E8E40DB3-E59C-40B1-875D-C1A04D177986}.Forecasting|Mixed Platforms.ActiveCfg = Forecasting|Any CPU
		{E8E40DB3-E59C-40B1-875D-C1A04D177986}.Forecasting|Mixed Platforms.Build.0 = Forecasting|Any CPU
		{E8E40DB3-E59C-40B1-875D-C1A04D177986}.Forecasting|x86.ActiveCfg = Forecasting|Any CPU
		{E8E40DB3-E59C-40B1-875D-C1A04D177986}.pisces|Any CPU.ActiveCfg = pisces|Any CPU
		{E8E40DB3-E59C-40B1-875D-C1A04D177986}.pisces|Any CPU.Build.0 = pisces|Any CPU
		{E8E40DB3-E59C-40B1-875D-C1A04D177986}.pisces|Mixed Platforms.ActiveCfg = pisces|Any CPU
		{E8E40DB3-E59C-40B1-875D-C1A04D177986}.pisces|Mixed Platforms.Build.0 = pisces|Any CPU
		{E8E40DB3-E59C-40B1-875D-C1A04D177986}.pisces|x86.ActiveCfg = pisces|Any CPU
		{E8E40DB3-E59C-40B1-875D-C1A04D177986}.poet|Any CPU.ActiveCfg = poet|Any CPU
		{E8E40DB3-E59C-40B1-875D-C1A04D177986}.poet|Any CPU.Build.0 = poet|Any CPU
		{E8E40DB3-E59C-40B1-875D-C1A04D177986}.poet|Mixed Platforms.ActiveCfg = poet|Any CPU
		{E8E40DB3-E59C-40B1-875D-C1A04D177986}.poet|Mixed Platforms.Build.0 = poet|Any CPU
		{E8E40DB3-E59C-40B1-875D-C1A04D177986}.poet|x86.ActiveCfg = poet|Any CPU
		{E8E40DB3-E59C-40B1-875D-C1A04D177986}.Release|Any CPU.ActiveCfg = Release|Any CPU
		{E8E40DB3-E59C-40B1-875D-C1A04D177986}.Release|Any CPU.Build.0 = Release|Any CPU
		{E8E40DB3-E59C-40B1-875D-C1A04D177986}.Release|Mixed Platforms.ActiveCfg = Release|Any CPU
		{E8E40DB3-E59C-40B1-875D-C1A04D177986}.Release|Mixed Platforms.Build.0 = Release|Any CPU
		{E8E40DB3-E59C-40B1-875D-C1A04D177986}.Release|x86.ActiveCfg = Release|Any CPU
		{E8E40DB3-E59C-40B1-875D-C1A04D177986}.WatchDog|Any CPU.ActiveCfg = WatchDog|Any CPU
		{E8E40DB3-E59C-40B1-875D-C1A04D177986}.WatchDog|Any CPU.Build.0 = WatchDog|Any CPU
		{E8E40DB3-E59C-40B1-875D-C1A04D177986}.WatchDog|Mixed Platforms.ActiveCfg = WatchDog|Any CPU
		{E8E40DB3-E59C-40B1-875D-C1A04D177986}.WatchDog|Mixed Platforms.Build.0 = WatchDog|Any CPU
		{E8E40DB3-E59C-40B1-875D-C1A04D177986}.WatchDog|x86.ActiveCfg = WatchDog|Any CPU
		{B60964F8-8699-4638-9460-68262E4D37A3}.Debug|Any CPU.ActiveCfg = Debug|Any CPU
		{B60964F8-8699-4638-9460-68262E4D37A3}.Debug|Any CPU.Build.0 = Debug|Any CPU
		{B60964F8-8699-4638-9460-68262E4D37A3}.Debug|Mixed Platforms.ActiveCfg = Debug|Any CPU
		{B60964F8-8699-4638-9460-68262E4D37A3}.Debug|Mixed Platforms.Build.0 = Debug|Any CPU
		{B60964F8-8699-4638-9460-68262E4D37A3}.Debug|x86.ActiveCfg = Debug|Any CPU
		{B60964F8-8699-4638-9460-68262E4D37A3}.Forecasting|Any CPU.ActiveCfg = Forecasting|Any CPU
		{B60964F8-8699-4638-9460-68262E4D37A3}.Forecasting|Any CPU.Build.0 = Forecasting|Any CPU
		{B60964F8-8699-4638-9460-68262E4D37A3}.Forecasting|Mixed Platforms.ActiveCfg = Forecasting|Any CPU
		{B60964F8-8699-4638-9460-68262E4D37A3}.Forecasting|Mixed Platforms.Build.0 = Forecasting|Any CPU
		{B60964F8-8699-4638-9460-68262E4D37A3}.Forecasting|x86.ActiveCfg = Forecasting|Any CPU
		{B60964F8-8699-4638-9460-68262E4D37A3}.pisces|Any CPU.ActiveCfg = pisces|Any CPU
		{B60964F8-8699-4638-9460-68262E4D37A3}.pisces|Any CPU.Build.0 = pisces|Any CPU
		{B60964F8-8699-4638-9460-68262E4D37A3}.pisces|Mixed Platforms.ActiveCfg = pisces|Any CPU
		{B60964F8-8699-4638-9460-68262E4D37A3}.pisces|Mixed Platforms.Build.0 = pisces|Any CPU
		{B60964F8-8699-4638-9460-68262E4D37A3}.pisces|x86.ActiveCfg = pisces|Any CPU
		{B60964F8-8699-4638-9460-68262E4D37A3}.poet|Any CPU.ActiveCfg = poet|Any CPU
		{B60964F8-8699-4638-9460-68262E4D37A3}.poet|Any CPU.Build.0 = poet|Any CPU
		{B60964F8-8699-4638-9460-68262E4D37A3}.poet|Mixed Platforms.ActiveCfg = poet|Any CPU
		{B60964F8-8699-4638-9460-68262E4D37A3}.poet|Mixed Platforms.Build.0 = poet|Any CPU
		{B60964F8-8699-4638-9460-68262E4D37A3}.poet|x86.ActiveCfg = poet|Any CPU
		{B60964F8-8699-4638-9460-68262E4D37A3}.Release|Any CPU.ActiveCfg = Release|Any CPU
		{B60964F8-8699-4638-9460-68262E4D37A3}.Release|Any CPU.Build.0 = Release|Any CPU
		{B60964F8-8699-4638-9460-68262E4D37A3}.Release|Mixed Platforms.ActiveCfg = Release|Any CPU
		{B60964F8-8699-4638-9460-68262E4D37A3}.Release|Mixed Platforms.Build.0 = Release|Any CPU
		{B60964F8-8699-4638-9460-68262E4D37A3}.Release|x86.ActiveCfg = Release|Any CPU
		{B60964F8-8699-4638-9460-68262E4D37A3}.WatchDog|Any CPU.ActiveCfg = WatchDog|Any CPU
		{B60964F8-8699-4638-9460-68262E4D37A3}.WatchDog|Any CPU.Build.0 = WatchDog|Any CPU
		{B60964F8-8699-4638-9460-68262E4D37A3}.WatchDog|Mixed Platforms.ActiveCfg = WatchDog|Any CPU
		{B60964F8-8699-4638-9460-68262E4D37A3}.WatchDog|Mixed Platforms.Build.0 = WatchDog|Any CPU
		{B60964F8-8699-4638-9460-68262E4D37A3}.WatchDog|x86.ActiveCfg = WatchDog|Any CPU
		{035F594F-8B4C-4A32-AD96-D31E11BE0A37}.Debug|Any CPU.ActiveCfg = Debug|Any CPU
		{035F594F-8B4C-4A32-AD96-D31E11BE0A37}.Debug|Any CPU.Build.0 = Debug|Any CPU
		{035F594F-8B4C-4A32-AD96-D31E11BE0A37}.Debug|Mixed Platforms.ActiveCfg = Debug|Any CPU
		{035F594F-8B4C-4A32-AD96-D31E11BE0A37}.Debug|Mixed Platforms.Build.0 = Debug|Any CPU
		{035F594F-8B4C-4A32-AD96-D31E11BE0A37}.Debug|x86.ActiveCfg = Debug|Any CPU
		{035F594F-8B4C-4A32-AD96-D31E11BE0A37}.Forecasting|Any CPU.ActiveCfg = Release|Any CPU
		{035F594F-8B4C-4A32-AD96-D31E11BE0A37}.Forecasting|Any CPU.Build.0 = Release|Any CPU
		{035F594F-8B4C-4A32-AD96-D31E11BE0A37}.Forecasting|Mixed Platforms.ActiveCfg = Release|Any CPU
		{035F594F-8B4C-4A32-AD96-D31E11BE0A37}.Forecasting|Mixed Platforms.Build.0 = Release|Any CPU
		{035F594F-8B4C-4A32-AD96-D31E11BE0A37}.Forecasting|x86.ActiveCfg = Release|Any CPU
		{035F594F-8B4C-4A32-AD96-D31E11BE0A37}.pisces|Any CPU.ActiveCfg = Release|Any CPU
		{035F594F-8B4C-4A32-AD96-D31E11BE0A37}.pisces|Any CPU.Build.0 = Release|Any CPU
		{035F594F-8B4C-4A32-AD96-D31E11BE0A37}.pisces|Mixed Platforms.ActiveCfg = Release|Any CPU
		{035F594F-8B4C-4A32-AD96-D31E11BE0A37}.pisces|Mixed Platforms.Build.0 = Release|Any CPU
		{035F594F-8B4C-4A32-AD96-D31E11BE0A37}.pisces|x86.ActiveCfg = Release|Any CPU
		{035F594F-8B4C-4A32-AD96-D31E11BE0A37}.poet|Any CPU.ActiveCfg = Release|Any CPU
		{035F594F-8B4C-4A32-AD96-D31E11BE0A37}.poet|Any CPU.Build.0 = Release|Any CPU
		{035F594F-8B4C-4A32-AD96-D31E11BE0A37}.poet|Mixed Platforms.ActiveCfg = Release|Any CPU
		{035F594F-8B4C-4A32-AD96-D31E11BE0A37}.poet|Mixed Platforms.Build.0 = Release|Any CPU
		{035F594F-8B4C-4A32-AD96-D31E11BE0A37}.poet|x86.ActiveCfg = Release|Any CPU
		{035F594F-8B4C-4A32-AD96-D31E11BE0A37}.Release|Any CPU.ActiveCfg = Release|Any CPU
		{035F594F-8B4C-4A32-AD96-D31E11BE0A37}.Release|Any CPU.Build.0 = Release|Any CPU
		{035F594F-8B4C-4A32-AD96-D31E11BE0A37}.Release|Mixed Platforms.ActiveCfg = Release|Any CPU
		{035F594F-8B4C-4A32-AD96-D31E11BE0A37}.Release|Mixed Platforms.Build.0 = Release|Any CPU
		{035F594F-8B4C-4A32-AD96-D31E11BE0A37}.Release|x86.ActiveCfg = Release|Any CPU
		{035F594F-8B4C-4A32-AD96-D31E11BE0A37}.WatchDog|Any CPU.ActiveCfg = Release|Any CPU
		{035F594F-8B4C-4A32-AD96-D31E11BE0A37}.WatchDog|Any CPU.Build.0 = Release|Any CPU
		{035F594F-8B4C-4A32-AD96-D31E11BE0A37}.WatchDog|Mixed Platforms.ActiveCfg = Release|Any CPU
		{035F594F-8B4C-4A32-AD96-D31E11BE0A37}.WatchDog|Mixed Platforms.Build.0 = Release|Any CPU
		{035F594F-8B4C-4A32-AD96-D31E11BE0A37}.WatchDog|x86.ActiveCfg = Release|Any CPU
		{37B543F5-03A5-479E-B20C-7B4ACC53D16A}.Debug|Any CPU.ActiveCfg = Debug|Any CPU
		{37B543F5-03A5-479E-B20C-7B4ACC53D16A}.Debug|Any CPU.Build.0 = Debug|Any CPU
		{37B543F5-03A5-479E-B20C-7B4ACC53D16A}.Debug|Mixed Platforms.ActiveCfg = Debug|Any CPU
		{37B543F5-03A5-479E-B20C-7B4ACC53D16A}.Debug|Mixed Platforms.Build.0 = Debug|Any CPU
		{37B543F5-03A5-479E-B20C-7B4ACC53D16A}.Debug|x86.ActiveCfg = Debug|Any CPU
		{37B543F5-03A5-479E-B20C-7B4ACC53D16A}.Forecasting|Any CPU.ActiveCfg = Forecasting|Any CPU
		{37B543F5-03A5-479E-B20C-7B4ACC53D16A}.Forecasting|Any CPU.Build.0 = Forecasting|Any CPU
		{37B543F5-03A5-479E-B20C-7B4ACC53D16A}.Forecasting|Mixed Platforms.ActiveCfg = Forecasting|Any CPU
		{37B543F5-03A5-479E-B20C-7B4ACC53D16A}.Forecasting|Mixed Platforms.Build.0 = Forecasting|Any CPU
		{37B543F5-03A5-479E-B20C-7B4ACC53D16A}.Forecasting|x86.ActiveCfg = Forecasting|Any CPU
		{37B543F5-03A5-479E-B20C-7B4ACC53D16A}.pisces|Any CPU.ActiveCfg = pisces|Any CPU
		{37B543F5-03A5-479E-B20C-7B4ACC53D16A}.pisces|Any CPU.Build.0 = pisces|Any CPU
		{37B543F5-03A5-479E-B20C-7B4ACC53D16A}.pisces|Mixed Platforms.ActiveCfg = pisces|Any CPU
		{37B543F5-03A5-479E-B20C-7B4ACC53D16A}.pisces|Mixed Platforms.Build.0 = pisces|Any CPU
		{37B543F5-03A5-479E-B20C-7B4ACC53D16A}.pisces|x86.ActiveCfg = pisces|Any CPU
		{37B543F5-03A5-479E-B20C-7B4ACC53D16A}.poet|Any CPU.ActiveCfg = poet|Any CPU
		{37B543F5-03A5-479E-B20C-7B4ACC53D16A}.poet|Any CPU.Build.0 = poet|Any CPU
		{37B543F5-03A5-479E-B20C-7B4ACC53D16A}.poet|Mixed Platforms.ActiveCfg = poet|Any CPU
		{37B543F5-03A5-479E-B20C-7B4ACC53D16A}.poet|Mixed Platforms.Build.0 = poet|Any CPU
		{37B543F5-03A5-479E-B20C-7B4ACC53D16A}.poet|x86.ActiveCfg = poet|Any CPU
		{37B543F5-03A5-479E-B20C-7B4ACC53D16A}.Release|Any CPU.ActiveCfg = Release|Any CPU
		{37B543F5-03A5-479E-B20C-7B4ACC53D16A}.Release|Any CPU.Build.0 = Release|Any CPU
		{37B543F5-03A5-479E-B20C-7B4ACC53D16A}.Release|Mixed Platforms.ActiveCfg = Release|Any CPU
		{37B543F5-03A5-479E-B20C-7B4ACC53D16A}.Release|Mixed Platforms.Build.0 = Release|Any CPU
		{37B543F5-03A5-479E-B20C-7B4ACC53D16A}.Release|x86.ActiveCfg = Release|Any CPU
		{37B543F5-03A5-479E-B20C-7B4ACC53D16A}.WatchDog|Any CPU.ActiveCfg = WatchDog|Any CPU
		{37B543F5-03A5-479E-B20C-7B4ACC53D16A}.WatchDog|Any CPU.Build.0 = WatchDog|Any CPU
		{37B543F5-03A5-479E-B20C-7B4ACC53D16A}.WatchDog|Mixed Platforms.ActiveCfg = WatchDog|Any CPU
		{37B543F5-03A5-479E-B20C-7B4ACC53D16A}.WatchDog|Mixed Platforms.Build.0 = WatchDog|Any CPU
		{37B543F5-03A5-479E-B20C-7B4ACC53D16A}.WatchDog|x86.ActiveCfg = WatchDog|Any CPU
		{862135B0-793A-4F06-B731-26C61B3AD068}.Debug|Any CPU.ActiveCfg = Debug|Any CPU
		{862135B0-793A-4F06-B731-26C61B3AD068}.Debug|Any CPU.Build.0 = Debug|Any CPU
		{862135B0-793A-4F06-B731-26C61B3AD068}.Debug|Mixed Platforms.ActiveCfg = Debug|Any CPU
		{862135B0-793A-4F06-B731-26C61B3AD068}.Debug|Mixed Platforms.Build.0 = Debug|Any CPU
		{862135B0-793A-4F06-B731-26C61B3AD068}.Debug|x86.ActiveCfg = Debug|Any CPU
		{862135B0-793A-4F06-B731-26C61B3AD068}.Forecasting|Any CPU.ActiveCfg = Forecasting|Any CPU
		{862135B0-793A-4F06-B731-26C61B3AD068}.Forecasting|Any CPU.Build.0 = Forecasting|Any CPU
		{862135B0-793A-4F06-B731-26C61B3AD068}.Forecasting|Mixed Platforms.ActiveCfg = Forecasting|Any CPU
		{862135B0-793A-4F06-B731-26C61B3AD068}.Forecasting|Mixed Platforms.Build.0 = Forecasting|Any CPU
		{862135B0-793A-4F06-B731-26C61B3AD068}.Forecasting|x86.ActiveCfg = Forecasting|Any CPU
		{862135B0-793A-4F06-B731-26C61B3AD068}.pisces|Any CPU.ActiveCfg = pisces|Any CPU
		{862135B0-793A-4F06-B731-26C61B3AD068}.pisces|Any CPU.Build.0 = pisces|Any CPU
		{862135B0-793A-4F06-B731-26C61B3AD068}.pisces|Mixed Platforms.ActiveCfg = pisces|Any CPU
		{862135B0-793A-4F06-B731-26C61B3AD068}.pisces|Mixed Platforms.Build.0 = pisces|Any CPU
		{862135B0-793A-4F06-B731-26C61B3AD068}.pisces|x86.ActiveCfg = pisces|Any CPU
		{862135B0-793A-4F06-B731-26C61B3AD068}.poet|Any CPU.ActiveCfg = poet|Any CPU
		{862135B0-793A-4F06-B731-26C61B3AD068}.poet|Any CPU.Build.0 = poet|Any CPU
		{862135B0-793A-4F06-B731-26C61B3AD068}.poet|Mixed Platforms.ActiveCfg = poet|Any CPU
		{862135B0-793A-4F06-B731-26C61B3AD068}.poet|Mixed Platforms.Build.0 = poet|Any CPU
		{862135B0-793A-4F06-B731-26C61B3AD068}.poet|x86.ActiveCfg = poet|Any CPU
		{862135B0-793A-4F06-B731-26C61B3AD068}.Release|Any CPU.ActiveCfg = Release|Any CPU
		{862135B0-793A-4F06-B731-26C61B3AD068}.Release|Any CPU.Build.0 = Release|Any CPU
		{862135B0-793A-4F06-B731-26C61B3AD068}.Release|Mixed Platforms.ActiveCfg = Release|Any CPU
		{862135B0-793A-4F06-B731-26C61B3AD068}.Release|Mixed Platforms.Build.0 = Release|Any CPU
		{862135B0-793A-4F06-B731-26C61B3AD068}.Release|x86.ActiveCfg = Release|Any CPU
		{862135B0-793A-4F06-B731-26C61B3AD068}.WatchDog|Any CPU.ActiveCfg = WatchDog|Any CPU
		{862135B0-793A-4F06-B731-26C61B3AD068}.WatchDog|Any CPU.Build.0 = WatchDog|Any CPU
		{862135B0-793A-4F06-B731-26C61B3AD068}.WatchDog|Mixed Platforms.ActiveCfg = WatchDog|Any CPU
		{862135B0-793A-4F06-B731-26C61B3AD068}.WatchDog|Mixed Platforms.Build.0 = WatchDog|Any CPU
		{862135B0-793A-4F06-B731-26C61B3AD068}.WatchDog|x86.ActiveCfg = WatchDog|Any CPU
		{60537C98-6E33-42F7-9B7D-9B326ABC019E}.Debug|Any CPU.ActiveCfg = Debug|Any CPU
		{60537C98-6E33-42F7-9B7D-9B326ABC019E}.Debug|Any CPU.Build.0 = Debug|Any CPU
		{60537C98-6E33-42F7-9B7D-9B326ABC019E}.Debug|Mixed Platforms.ActiveCfg = Debug|x86
		{60537C98-6E33-42F7-9B7D-9B326ABC019E}.Debug|Mixed Platforms.Build.0 = Debug|x86
		{60537C98-6E33-42F7-9B7D-9B326ABC019E}.Debug|x86.ActiveCfg = Debug|x86
		{60537C98-6E33-42F7-9B7D-9B326ABC019E}.Debug|x86.Build.0 = Debug|x86
		{60537C98-6E33-42F7-9B7D-9B326ABC019E}.Forecasting|Any CPU.ActiveCfg = Forecasting|Any CPU
		{60537C98-6E33-42F7-9B7D-9B326ABC019E}.Forecasting|Any CPU.Build.0 = Forecasting|Any CPU
		{60537C98-6E33-42F7-9B7D-9B326ABC019E}.Forecasting|Mixed Platforms.ActiveCfg = Forecasting|x86
		{60537C98-6E33-42F7-9B7D-9B326ABC019E}.Forecasting|Mixed Platforms.Build.0 = Forecasting|x86
		{60537C98-6E33-42F7-9B7D-9B326ABC019E}.Forecasting|x86.ActiveCfg = Forecasting|x86
		{60537C98-6E33-42F7-9B7D-9B326ABC019E}.Forecasting|x86.Build.0 = Forecasting|x86
		{60537C98-6E33-42F7-9B7D-9B326ABC019E}.pisces|Any CPU.ActiveCfg = pisces|Any CPU
		{60537C98-6E33-42F7-9B7D-9B326ABC019E}.pisces|Any CPU.Build.0 = pisces|Any CPU
		{60537C98-6E33-42F7-9B7D-9B326ABC019E}.pisces|Mixed Platforms.ActiveCfg = pisces|x86
		{60537C98-6E33-42F7-9B7D-9B326ABC019E}.pisces|Mixed Platforms.Build.0 = pisces|x86
		{60537C98-6E33-42F7-9B7D-9B326ABC019E}.pisces|x86.ActiveCfg = pisces|x86
		{60537C98-6E33-42F7-9B7D-9B326ABC019E}.pisces|x86.Build.0 = pisces|x86
		{60537C98-6E33-42F7-9B7D-9B326ABC019E}.poet|Any CPU.ActiveCfg = poet|Any CPU
		{60537C98-6E33-42F7-9B7D-9B326ABC019E}.poet|Any CPU.Build.0 = poet|Any CPU
		{60537C98-6E33-42F7-9B7D-9B326ABC019E}.poet|Mixed Platforms.ActiveCfg = poet|x86
		{60537C98-6E33-42F7-9B7D-9B326ABC019E}.poet|Mixed Platforms.Build.0 = poet|x86
		{60537C98-6E33-42F7-9B7D-9B326ABC019E}.poet|x86.ActiveCfg = poet|x86
		{60537C98-6E33-42F7-9B7D-9B326ABC019E}.poet|x86.Build.0 = poet|x86
		{60537C98-6E33-42F7-9B7D-9B326ABC019E}.Release|Any CPU.ActiveCfg = Release|Any CPU
		{60537C98-6E33-42F7-9B7D-9B326ABC019E}.Release|Any CPU.Build.0 = Release|Any CPU
		{60537C98-6E33-42F7-9B7D-9B326ABC019E}.Release|Mixed Platforms.ActiveCfg = Release|x86
		{60537C98-6E33-42F7-9B7D-9B326ABC019E}.Release|Mixed Platforms.Build.0 = Release|x86
		{60537C98-6E33-42F7-9B7D-9B326ABC019E}.Release|x86.ActiveCfg = Release|x86
		{60537C98-6E33-42F7-9B7D-9B326ABC019E}.Release|x86.Build.0 = Release|x86
		{60537C98-6E33-42F7-9B7D-9B326ABC019E}.WatchDog|Any CPU.ActiveCfg = WatchDog|Any CPU
		{60537C98-6E33-42F7-9B7D-9B326ABC019E}.WatchDog|Any CPU.Build.0 = WatchDog|Any CPU
		{60537C98-6E33-42F7-9B7D-9B326ABC019E}.WatchDog|Mixed Platforms.ActiveCfg = WatchDog|x86
		{60537C98-6E33-42F7-9B7D-9B326ABC019E}.WatchDog|Mixed Platforms.Build.0 = WatchDog|x86
		{60537C98-6E33-42F7-9B7D-9B326ABC019E}.WatchDog|x86.ActiveCfg = WatchDog|x86
		{60537C98-6E33-42F7-9B7D-9B326ABC019E}.WatchDog|x86.Build.0 = WatchDog|x86
		{09B73D14-AFBB-434E-A71D-73248CBBF0A3}.Debug|Any CPU.ActiveCfg = Debug|x86
		{09B73D14-AFBB-434E-A71D-73248CBBF0A3}.Debug|Mixed Platforms.ActiveCfg = Debug|x86
		{09B73D14-AFBB-434E-A71D-73248CBBF0A3}.Debug|Mixed Platforms.Build.0 = Debug|x86
		{09B73D14-AFBB-434E-A71D-73248CBBF0A3}.Debug|x86.ActiveCfg = Debug|x86
		{09B73D14-AFBB-434E-A71D-73248CBBF0A3}.Debug|x86.Build.0 = Debug|x86
		{09B73D14-AFBB-434E-A71D-73248CBBF0A3}.Forecasting|Any CPU.ActiveCfg = pisces|x86
		{09B73D14-AFBB-434E-A71D-73248CBBF0A3}.Forecasting|Mixed Platforms.ActiveCfg = pisces|x86
		{09B73D14-AFBB-434E-A71D-73248CBBF0A3}.Forecasting|Mixed Platforms.Build.0 = pisces|x86
		{09B73D14-AFBB-434E-A71D-73248CBBF0A3}.Forecasting|x86.ActiveCfg = pisces|x86
		{09B73D14-AFBB-434E-A71D-73248CBBF0A3}.Forecasting|x86.Build.0 = pisces|x86
		{09B73D14-AFBB-434E-A71D-73248CBBF0A3}.pisces|Any CPU.ActiveCfg = pisces|x86
		{09B73D14-AFBB-434E-A71D-73248CBBF0A3}.pisces|Mixed Platforms.ActiveCfg = pisces|x86
		{09B73D14-AFBB-434E-A71D-73248CBBF0A3}.pisces|Mixed Platforms.Build.0 = pisces|x86
		{09B73D14-AFBB-434E-A71D-73248CBBF0A3}.pisces|x86.ActiveCfg = pisces|x86
		{09B73D14-AFBB-434E-A71D-73248CBBF0A3}.pisces|x86.Build.0 = pisces|x86
		{09B73D14-AFBB-434E-A71D-73248CBBF0A3}.poet|Any CPU.ActiveCfg = poet|x86
		{09B73D14-AFBB-434E-A71D-73248CBBF0A3}.poet|Mixed Platforms.ActiveCfg = poet|x86
		{09B73D14-AFBB-434E-A71D-73248CBBF0A3}.poet|Mixed Platforms.Build.0 = poet|x86
		{09B73D14-AFBB-434E-A71D-73248CBBF0A3}.poet|x86.ActiveCfg = poet|x86
		{09B73D14-AFBB-434E-A71D-73248CBBF0A3}.poet|x86.Build.0 = poet|x86
		{09B73D14-AFBB-434E-A71D-73248CBBF0A3}.Release|Any CPU.ActiveCfg = Release|x86
		{09B73D14-AFBB-434E-A71D-73248CBBF0A3}.Release|Mixed Platforms.ActiveCfg = Release|x86
		{09B73D14-AFBB-434E-A71D-73248CBBF0A3}.Release|Mixed Platforms.Build.0 = Release|x86
		{09B73D14-AFBB-434E-A71D-73248CBBF0A3}.Release|x86.ActiveCfg = Release|x86
		{09B73D14-AFBB-434E-A71D-73248CBBF0A3}.Release|x86.Build.0 = Release|x86
		{09B73D14-AFBB-434E-A71D-73248CBBF0A3}.WatchDog|Any CPU.ActiveCfg = WatchDog|x86
		{09B73D14-AFBB-434E-A71D-73248CBBF0A3}.WatchDog|Mixed Platforms.ActiveCfg = WatchDog|x86
		{09B73D14-AFBB-434E-A71D-73248CBBF0A3}.WatchDog|Mixed Platforms.Build.0 = WatchDog|x86
		{09B73D14-AFBB-434E-A71D-73248CBBF0A3}.WatchDog|x86.ActiveCfg = WatchDog|x86
		{09B73D14-AFBB-434E-A71D-73248CBBF0A3}.WatchDog|x86.Build.0 = WatchDog|x86
	EndGlobalSection
	GlobalSection(SolutionProperties) = preSolution
		HideSolutionNode = FALSE
	EndGlobalSection
EndGlobal
