
Microsoft Visual Studio Solution File, Format Version 12.00
# Visual Studio 15
VisualStudioVersion = 15.0.27130.2036
MinimumVisualStudioVersion = 10.0.40219.1
Project("{FAE04EC0-301F-11D3-BF4B-00C04F79EFBC}") = "Reclamation.TimeSeries", "TimeSeries\Reclamation.TimeSeries.csproj", "{5DD20A8A-4037-4885-AB91-2F5A3D1F48B4}"
EndProject
Project("{FAE04EC0-301F-11D3-BF4B-00C04F79EFBC}") = "Reclamation.Core", "Core\Reclamation.Core.csproj", "{80C73D4C-43CF-42DE-ADDC-7B0F06ECF086}"
EndProject
Project("{FAE04EC0-301F-11D3-BF4B-00C04F79EFBC}") = "Reclamation.TimeSeries.Forms", "TimeSeries.Forms\Reclamation.TimeSeries.Forms.csproj", "{A7E73F2A-CA66-4BC8-934A-B5068C566F10}"
EndProject
Project("{2150E333-8FDC-42A3-9474-1A3956D46DE8}") = ".nuget", ".nuget", "{94A1F39C-E5D5-45C8-B00D-16101638AA54}"
	ProjectSection(SolutionItems) = preProject
		.nuget\NuGet.Config = .nuget\NuGet.Config
	EndProjectSection
EndProject
Project("{2150E333-8FDC-42A3-9474-1A3956D46DE8}") = "Applications", "Applications", "{461202B2-A773-45DD-A2BC-E3AB5E70D88E}"
EndProject
Project("{FAE04EC0-301F-11D3-BF4B-00C04F79EFBC}") = "GetSnotel", "Applications\GetSnotel\GetSnotel.csproj", "{C69867AF-0F8C-470D-82F9-7C678083C5E1}"
EndProject
Project("{FAE04EC0-301F-11D3-BF4B-00C04F79EFBC}") = "ImportUsgs", "Applications\ImportUSGS\ImportUsgs.csproj", "{8300960D-26B3-453D-AE72-D0267F035E20}"
EndProject
Project("{FAE04EC0-301F-11D3-BF4B-00C04F79EFBC}") = "RogueBiOpCheck", "Applications\RogueBiOpCheck\RogueBiOpCheck.csproj", "{D427C920-62C7-41D3-BCE1-27E315C2D122}"
EndProject
Project("{FAE04EC0-301F-11D3-BF4B-00C04F79EFBC}") = "RiverwareDMI", "Applications\RiverWareDMI\RiverwareDMI.csproj", "{AAB62A5F-54CA-4115-92FE-91D54B9E932A}"
EndProject
Project("{FAE04EC0-301F-11D3-BF4B-00C04F79EFBC}") = "GetUsace", "Applications\GetUsace\GetUsace.csproj", "{035F594F-8B4C-4A32-AD96-D31E11BE0A37}"
EndProject
Project("{FAE04EC0-301F-11D3-BF4B-00C04F79EFBC}") = "HydrometIdwr", "Applications\HydrometIdwr\HydrometIdwr.csproj", "{B518FE6E-AC32-4204-A7FF-36E45E8E9AAF}"
EndProject
Project("{FAE04EC0-301F-11D3-BF4B-00C04F79EFBC}") = "ImportKlamathShef", "Applications\ImportKlamathShef\ImportKlamathShef.csproj", "{FD42C9F7-7516-4492-9B25-9A1D3AF8C911}"
EndProject
Project("{FAE04EC0-301F-11D3-BF4B-00C04F79EFBC}") = "HydrometNotifications", "Applications\HydrometNotifications\HydrometNotifications.csproj", "{09B73D14-AFBB-434E-A71D-73248CBBF0A3}"
EndProject
Project("{FAE04EC0-301F-11D3-BF4B-00C04F79EFBC}") = "HydrometServer", "Applications\HydrometServer\HydrometServer.csproj", "{36DFC19C-1840-4CF4-9A62-CCA9FF142619}"
EndProject
Project("{FAE04EC0-301F-11D3-BF4B-00C04F79EFBC}") = "PiscesWebServices", "Applications\PiscesWebServices\PiscesWebServices.csproj", "{AE98A3D7-E0CD-4675-B268-C8D4CEF429CE}"
EndProject
Project("{FAE04EC0-301F-11D3-BF4B-00C04F79EFBC}") = "ProcessHydrometEmail", "Applications\ProcessHydrometEmail\ProcessHydrometEmail.csproj", "{C51C9443-95C6-49B2-A194-D794A25DC4F8}"
EndProject
Project("{FAE04EC0-301F-11D3-BF4B-00C04F79EFBC}") = "Rwis.Sync", "Applications\Rwis.Sync\Rwis.Sync.csproj", "{D2B37530-5D24-4772-8480-325920744643}"
EndProject
Project("{FAE04EC0-301F-11D3-BF4B-00C04F79EFBC}") = "USFOShifts", "Applications\USFOShifts\USFOShifts.csproj", "{B5149AE3-25DC-4ED3-8C22-6E429AA9532E}"
EndProject
Project("{FAE04EC0-301F-11D3-BF4B-00C04F79EFBC}") = "Pisces", "Applications\PiscesUI\Pisces.csproj", "{60537C98-6E33-42F7-9B7D-9B326ABC019E}"
EndProject
Project("{FAE04EC0-301F-11D3-BF4B-00C04F79EFBC}") = "ImportCsv", "Applications\ImportCsv\ImportCsv.csproj", "{DF7D7FCA-F5A0-4950-9E1A-354331D190ED}"
EndProject
Project("{FAE04EC0-301F-11D3-BF4B-00C04F79EFBC}") = "GetNiceNet", "Applications\GetNiceNet\GetNiceNet.csproj", "{728DF7C2-69D7-41FA-A358-61206BB90C4E}"
EndProject
Project("{FAE04EC0-301F-11D3-BF4B-00C04F79EFBC}") = "GetINL", "Applications\GetINL\GetINL.csproj", "{213AF28D-B0FD-4063-826F-86F6B21DCAD7}"
EndProject
Project("{FAE04EC0-301F-11D3-BF4B-00C04F79EFBC}") = "Depth", "Applications\depth\Depth.csproj", "{D6EE1B30-3205-4948-9BA3-8BE37BA50D27}"
EndProject
Project("{FAE04EC0-301F-11D3-BF4B-00C04F79EFBC}") = "Reclamation.Windows", "Reclamation.Windows\Reclamation.Windows.csproj", "{C9278B32-7C94-4532-9F4C-92109A6B8E03}"
EndProject
Project("{FAE04EC0-301F-11D3-BF4B-00C04F79EFBC}") = "UofIDisaggregation", "Applications\UofIDisaggregation\UofIDisaggregation.csproj", "{6F7C6C62-721C-4AF6-AF29-70E69989CCE1}"
EndProject
Project("{FAE04EC0-301F-11D3-BF4B-00C04F79EFBC}") = "ImportOWRD", "Applications\ImportOWRD\ImportOWRD.csproj", "{98584217-A9DA-4375-9DC4-D82CF6899162}"
EndProject
Project("{FAE04EC0-301F-11D3-BF4B-00C04F79EFBC}") = "CreateDailyCalculations", "Applications\CreateDailyCalculations\CreateDailyCalculations.csproj", "{9C591F97-0713-44BA-AEB6-4147A5202CED}"
EndProject
Project("{FAE04EC0-301F-11D3-BF4B-00C04F79EFBC}") = "BuildTestDatabase", "Applications\BuildTestDatabase\BuildTestDatabase.csproj", "{5BFFE433-C7EF-4ADC-A5A6-C005452FF0A1}"
EndProject
Project("{FAE04EC0-301F-11D3-BF4B-00C04F79EFBC}") = "HydrometTools", "Applications\HydrometTools\HydrometTools.csproj", "{E5BF67D9-A1AC-4878-8072-0E5A23EA17CD}"
EndProject
Project("{FAE04EC0-301F-11D3-BF4B-00C04F79EFBC}") = "Reclamation.TimeSeries.Graphing", "TimeSeries.Graphing\Reclamation.TimeSeries.Graphing.csproj", "{862135B0-793A-4F06-B731-26C61B3AD068}"
EndProject
Project("{FAE04EC0-301F-11D3-BF4B-00C04F79EFBC}") = "Reclamation.TimeSeries.Excel", "TimeSeries.Excel\Reclamation.TimeSeries.Excel.csproj", "{37B543F5-03A5-479E-B20C-7B4ACC53D16A}"
EndProject
Project("{FAE04EC0-301F-11D3-BF4B-00C04F79EFBC}") = "HydrometForecast", "Applications\HydrometForecast\HydrometForecast.csproj", "{1487EFF8-B216-482C-A75F-A2473A45DA60}"
EndProject
Project("{9A19103F-16F7-4668-BE54-9A1E7A4F7556}") = "Reclamation.NetCore", "Reclamation.NetCore\Reclamation.NetCore.csproj", "{35872E5B-1A07-486C-8228-2DC55974298B}"
EndProject
Project("{9A19103F-16F7-4668-BE54-9A1E7A4F7556}") = "Reclamation.NetTimeSeries", "Reclamation.NetTimeSeries\Reclamation.NetTimeSeries.csproj", "{E5BAE506-2A06-4FE0-8661-CA15E7D1DBE0}"
EndProject
Project("{2150E333-8FDC-42A3-9474-1A3956D46DE8}") = "DotNetCore", "DotNetCore", "{DE7045BA-5007-44D6-975E-B7FA93F801F6}"
EndProject
Project("{9A19103F-16F7-4668-BE54-9A1E7A4F7556}") = "PiscesAPI", "Applications\PiscesAPI\PiscesAPI.csproj", "{8E17C36A-B111-4185-8723-4074F70CC70F}"
EndProject
Project("{FAE04EC0-301F-11D3-BF4B-00C04F79EFBC}") = "ImportIdahoPower", "Applications\ImportIdahoPower\ImportIdahoPower.csproj", "{D9520B7D-DADB-4B87-91F6-C5CB029646EE}"
EndProject
Project("{FAE04EC0-301F-11D3-BF4B-00C04F79EFBC}") = "teacup", "Applications\teacup\teacup.csproj", "{763F2078-F389-4A4A-8644-96C8309A4291}"
EndProject
Global
	GlobalSection(Performance) = preSolution
		HasPerformanceSessions = true
	EndGlobalSection
	GlobalSection(SolutionConfigurationPlatforms) = preSolution
		Debug|Any CPU = Debug|Any CPU
		Debug|x86 = Debug|x86
		Forecasting|Any CPU = Forecasting|Any CPU
		Forecasting|x86 = Forecasting|x86
		pisces|Any CPU = pisces|Any CPU
		pisces|x86 = pisces|x86
		poet|Any CPU = poet|Any CPU
		poet|x86 = poet|x86
		Release|Any CPU = Release|Any CPU
		Release|x86 = Release|x86
		WatchDog|Any CPU = WatchDog|Any CPU
		WatchDog|x86 = WatchDog|x86
	EndGlobalSection
	GlobalSection(ProjectConfigurationPlatforms) = postSolution
		{5DD20A8A-4037-4885-AB91-2F5A3D1F48B4}.Debug|Any CPU.ActiveCfg = Debug|Any CPU
		{5DD20A8A-4037-4885-AB91-2F5A3D1F48B4}.Debug|Any CPU.Build.0 = Debug|Any CPU
		{5DD20A8A-4037-4885-AB91-2F5A3D1F48B4}.Debug|x86.ActiveCfg = Debug|Any CPU
		{5DD20A8A-4037-4885-AB91-2F5A3D1F48B4}.Debug|x86.Build.0 = Debug|Any CPU
		{5DD20A8A-4037-4885-AB91-2F5A3D1F48B4}.Forecasting|Any CPU.ActiveCfg = Debug|Any CPU
		{5DD20A8A-4037-4885-AB91-2F5A3D1F48B4}.Forecasting|Any CPU.Build.0 = Debug|Any CPU
		{5DD20A8A-4037-4885-AB91-2F5A3D1F48B4}.Forecasting|x86.ActiveCfg = Debug|Any CPU
		{5DD20A8A-4037-4885-AB91-2F5A3D1F48B4}.Forecasting|x86.Build.0 = Debug|Any CPU
		{5DD20A8A-4037-4885-AB91-2F5A3D1F48B4}.pisces|Any CPU.ActiveCfg = Debug|Any CPU
		{5DD20A8A-4037-4885-AB91-2F5A3D1F48B4}.pisces|Any CPU.Build.0 = Debug|Any CPU
		{5DD20A8A-4037-4885-AB91-2F5A3D1F48B4}.pisces|x86.ActiveCfg = Debug|Any CPU
		{5DD20A8A-4037-4885-AB91-2F5A3D1F48B4}.pisces|x86.Build.0 = Debug|Any CPU
		{5DD20A8A-4037-4885-AB91-2F5A3D1F48B4}.poet|Any CPU.ActiveCfg = Debug|Any CPU
		{5DD20A8A-4037-4885-AB91-2F5A3D1F48B4}.poet|Any CPU.Build.0 = Debug|Any CPU
		{5DD20A8A-4037-4885-AB91-2F5A3D1F48B4}.poet|x86.ActiveCfg = Debug|Any CPU
		{5DD20A8A-4037-4885-AB91-2F5A3D1F48B4}.poet|x86.Build.0 = Debug|Any CPU
		{5DD20A8A-4037-4885-AB91-2F5A3D1F48B4}.Release|Any CPU.ActiveCfg = Debug|Any CPU
		{5DD20A8A-4037-4885-AB91-2F5A3D1F48B4}.Release|Any CPU.Build.0 = Debug|Any CPU
		{5DD20A8A-4037-4885-AB91-2F5A3D1F48B4}.Release|x86.ActiveCfg = Debug|Any CPU
		{5DD20A8A-4037-4885-AB91-2F5A3D1F48B4}.Release|x86.Build.0 = Debug|Any CPU
		{5DD20A8A-4037-4885-AB91-2F5A3D1F48B4}.WatchDog|Any CPU.ActiveCfg = Debug|Any CPU
		{5DD20A8A-4037-4885-AB91-2F5A3D1F48B4}.WatchDog|Any CPU.Build.0 = Debug|Any CPU
		{5DD20A8A-4037-4885-AB91-2F5A3D1F48B4}.WatchDog|x86.ActiveCfg = Debug|Any CPU
		{5DD20A8A-4037-4885-AB91-2F5A3D1F48B4}.WatchDog|x86.Build.0 = Debug|Any CPU
		{80C73D4C-43CF-42DE-ADDC-7B0F06ECF086}.Debug|Any CPU.ActiveCfg = Debug|Any CPU
		{80C73D4C-43CF-42DE-ADDC-7B0F06ECF086}.Debug|Any CPU.Build.0 = Debug|Any CPU
		{80C73D4C-43CF-42DE-ADDC-7B0F06ECF086}.Debug|x86.ActiveCfg = Debug|Any CPU
		{80C73D4C-43CF-42DE-ADDC-7B0F06ECF086}.Debug|x86.Build.0 = Debug|Any CPU
		{80C73D4C-43CF-42DE-ADDC-7B0F06ECF086}.Forecasting|Any CPU.ActiveCfg = Debug|Any CPU
		{80C73D4C-43CF-42DE-ADDC-7B0F06ECF086}.Forecasting|Any CPU.Build.0 = Debug|Any CPU
		{80C73D4C-43CF-42DE-ADDC-7B0F06ECF086}.Forecasting|x86.ActiveCfg = Debug|Any CPU
		{80C73D4C-43CF-42DE-ADDC-7B0F06ECF086}.Forecasting|x86.Build.0 = Debug|Any CPU
		{80C73D4C-43CF-42DE-ADDC-7B0F06ECF086}.pisces|Any CPU.ActiveCfg = Debug|Any CPU
		{80C73D4C-43CF-42DE-ADDC-7B0F06ECF086}.pisces|Any CPU.Build.0 = Debug|Any CPU
		{80C73D4C-43CF-42DE-ADDC-7B0F06ECF086}.pisces|x86.ActiveCfg = Debug|Any CPU
		{80C73D4C-43CF-42DE-ADDC-7B0F06ECF086}.pisces|x86.Build.0 = Debug|Any CPU
		{80C73D4C-43CF-42DE-ADDC-7B0F06ECF086}.poet|Any CPU.ActiveCfg = Debug|Any CPU
		{80C73D4C-43CF-42DE-ADDC-7B0F06ECF086}.poet|Any CPU.Build.0 = Debug|Any CPU
		{80C73D4C-43CF-42DE-ADDC-7B0F06ECF086}.poet|x86.ActiveCfg = Debug|Any CPU
		{80C73D4C-43CF-42DE-ADDC-7B0F06ECF086}.poet|x86.Build.0 = Debug|Any CPU
		{80C73D4C-43CF-42DE-ADDC-7B0F06ECF086}.Release|Any CPU.ActiveCfg = Debug|Any CPU
		{80C73D4C-43CF-42DE-ADDC-7B0F06ECF086}.Release|Any CPU.Build.0 = Debug|Any CPU
		{80C73D4C-43CF-42DE-ADDC-7B0F06ECF086}.Release|x86.ActiveCfg = Debug|Any CPU
		{80C73D4C-43CF-42DE-ADDC-7B0F06ECF086}.Release|x86.Build.0 = Debug|Any CPU
		{80C73D4C-43CF-42DE-ADDC-7B0F06ECF086}.WatchDog|Any CPU.ActiveCfg = Debug|Any CPU
		{80C73D4C-43CF-42DE-ADDC-7B0F06ECF086}.WatchDog|Any CPU.Build.0 = Debug|Any CPU
		{80C73D4C-43CF-42DE-ADDC-7B0F06ECF086}.WatchDog|x86.ActiveCfg = Debug|Any CPU
		{80C73D4C-43CF-42DE-ADDC-7B0F06ECF086}.WatchDog|x86.Build.0 = Debug|Any CPU
		{A7E73F2A-CA66-4BC8-934A-B5068C566F10}.Debug|Any CPU.ActiveCfg = Debug|Any CPU
		{A7E73F2A-CA66-4BC8-934A-B5068C566F10}.Debug|Any CPU.Build.0 = Debug|Any CPU
		{A7E73F2A-CA66-4BC8-934A-B5068C566F10}.Debug|x86.ActiveCfg = Debug|Any CPU
		{A7E73F2A-CA66-4BC8-934A-B5068C566F10}.Debug|x86.Build.0 = Debug|Any CPU
		{A7E73F2A-CA66-4BC8-934A-B5068C566F10}.Forecasting|Any CPU.ActiveCfg = Debug|Any CPU
		{A7E73F2A-CA66-4BC8-934A-B5068C566F10}.Forecasting|Any CPU.Build.0 = Debug|Any CPU
		{A7E73F2A-CA66-4BC8-934A-B5068C566F10}.Forecasting|x86.ActiveCfg = Debug|Any CPU
		{A7E73F2A-CA66-4BC8-934A-B5068C566F10}.Forecasting|x86.Build.0 = Debug|Any CPU
		{A7E73F2A-CA66-4BC8-934A-B5068C566F10}.pisces|Any CPU.ActiveCfg = Debug|Any CPU
		{A7E73F2A-CA66-4BC8-934A-B5068C566F10}.pisces|Any CPU.Build.0 = Debug|Any CPU
		{A7E73F2A-CA66-4BC8-934A-B5068C566F10}.pisces|x86.ActiveCfg = Debug|Any CPU
		{A7E73F2A-CA66-4BC8-934A-B5068C566F10}.pisces|x86.Build.0 = Debug|Any CPU
		{A7E73F2A-CA66-4BC8-934A-B5068C566F10}.poet|Any CPU.ActiveCfg = Debug|Any CPU
		{A7E73F2A-CA66-4BC8-934A-B5068C566F10}.poet|Any CPU.Build.0 = Debug|Any CPU
		{A7E73F2A-CA66-4BC8-934A-B5068C566F10}.poet|x86.ActiveCfg = Debug|Any CPU
		{A7E73F2A-CA66-4BC8-934A-B5068C566F10}.poet|x86.Build.0 = Debug|Any CPU
		{A7E73F2A-CA66-4BC8-934A-B5068C566F10}.Release|Any CPU.ActiveCfg = Debug|Any CPU
		{A7E73F2A-CA66-4BC8-934A-B5068C566F10}.Release|Any CPU.Build.0 = Debug|Any CPU
		{A7E73F2A-CA66-4BC8-934A-B5068C566F10}.Release|x86.ActiveCfg = Debug|Any CPU
		{A7E73F2A-CA66-4BC8-934A-B5068C566F10}.Release|x86.Build.0 = Debug|Any CPU
		{A7E73F2A-CA66-4BC8-934A-B5068C566F10}.WatchDog|Any CPU.ActiveCfg = Debug|Any CPU
		{A7E73F2A-CA66-4BC8-934A-B5068C566F10}.WatchDog|Any CPU.Build.0 = Debug|Any CPU
		{A7E73F2A-CA66-4BC8-934A-B5068C566F10}.WatchDog|x86.ActiveCfg = Debug|Any CPU
		{A7E73F2A-CA66-4BC8-934A-B5068C566F10}.WatchDog|x86.Build.0 = Debug|Any CPU
		{C69867AF-0F8C-470D-82F9-7C678083C5E1}.Debug|Any CPU.ActiveCfg = Debug|Any CPU
		{C69867AF-0F8C-470D-82F9-7C678083C5E1}.Debug|Any CPU.Build.0 = Debug|Any CPU
		{C69867AF-0F8C-470D-82F9-7C678083C5E1}.Debug|x86.ActiveCfg = Debug|Any CPU
		{C69867AF-0F8C-470D-82F9-7C678083C5E1}.Debug|x86.Build.0 = Debug|Any CPU
		{C69867AF-0F8C-470D-82F9-7C678083C5E1}.Forecasting|Any CPU.ActiveCfg = Debug|Any CPU
		{C69867AF-0F8C-470D-82F9-7C678083C5E1}.Forecasting|Any CPU.Build.0 = Debug|Any CPU
		{C69867AF-0F8C-470D-82F9-7C678083C5E1}.Forecasting|x86.ActiveCfg = Debug|Any CPU
		{C69867AF-0F8C-470D-82F9-7C678083C5E1}.Forecasting|x86.Build.0 = Debug|Any CPU
		{C69867AF-0F8C-470D-82F9-7C678083C5E1}.pisces|Any CPU.ActiveCfg = Debug|Any CPU
		{C69867AF-0F8C-470D-82F9-7C678083C5E1}.pisces|Any CPU.Build.0 = Debug|Any CPU
		{C69867AF-0F8C-470D-82F9-7C678083C5E1}.pisces|x86.ActiveCfg = Debug|Any CPU
		{C69867AF-0F8C-470D-82F9-7C678083C5E1}.pisces|x86.Build.0 = Debug|Any CPU
		{C69867AF-0F8C-470D-82F9-7C678083C5E1}.poet|Any CPU.ActiveCfg = Debug|Any CPU
		{C69867AF-0F8C-470D-82F9-7C678083C5E1}.poet|Any CPU.Build.0 = Debug|Any CPU
		{C69867AF-0F8C-470D-82F9-7C678083C5E1}.poet|x86.ActiveCfg = Debug|Any CPU
		{C69867AF-0F8C-470D-82F9-7C678083C5E1}.poet|x86.Build.0 = Debug|Any CPU
		{C69867AF-0F8C-470D-82F9-7C678083C5E1}.Release|Any CPU.ActiveCfg = Debug|Any CPU
		{C69867AF-0F8C-470D-82F9-7C678083C5E1}.Release|Any CPU.Build.0 = Debug|Any CPU
		{C69867AF-0F8C-470D-82F9-7C678083C5E1}.Release|x86.ActiveCfg = Debug|Any CPU
		{C69867AF-0F8C-470D-82F9-7C678083C5E1}.Release|x86.Build.0 = Debug|Any CPU
		{C69867AF-0F8C-470D-82F9-7C678083C5E1}.WatchDog|Any CPU.ActiveCfg = Debug|Any CPU
		{C69867AF-0F8C-470D-82F9-7C678083C5E1}.WatchDog|Any CPU.Build.0 = Debug|Any CPU
		{C69867AF-0F8C-470D-82F9-7C678083C5E1}.WatchDog|x86.ActiveCfg = Debug|Any CPU
		{C69867AF-0F8C-470D-82F9-7C678083C5E1}.WatchDog|x86.Build.0 = Debug|Any CPU
		{8300960D-26B3-453D-AE72-D0267F035E20}.Debug|Any CPU.ActiveCfg = Debug|Any CPU
		{8300960D-26B3-453D-AE72-D0267F035E20}.Debug|Any CPU.Build.0 = Debug|Any CPU
		{8300960D-26B3-453D-AE72-D0267F035E20}.Debug|x86.ActiveCfg = Debug|Any CPU
		{8300960D-26B3-453D-AE72-D0267F035E20}.Debug|x86.Build.0 = Debug|Any CPU
		{8300960D-26B3-453D-AE72-D0267F035E20}.Forecasting|Any CPU.ActiveCfg = Debug|Any CPU
		{8300960D-26B3-453D-AE72-D0267F035E20}.Forecasting|Any CPU.Build.0 = Debug|Any CPU
		{8300960D-26B3-453D-AE72-D0267F035E20}.Forecasting|x86.ActiveCfg = Debug|Any CPU
		{8300960D-26B3-453D-AE72-D0267F035E20}.Forecasting|x86.Build.0 = Debug|Any CPU
		{8300960D-26B3-453D-AE72-D0267F035E20}.pisces|Any CPU.ActiveCfg = Debug|Any CPU
		{8300960D-26B3-453D-AE72-D0267F035E20}.pisces|Any CPU.Build.0 = Debug|Any CPU
		{8300960D-26B3-453D-AE72-D0267F035E20}.pisces|x86.ActiveCfg = Debug|Any CPU
		{8300960D-26B3-453D-AE72-D0267F035E20}.pisces|x86.Build.0 = Debug|Any CPU
		{8300960D-26B3-453D-AE72-D0267F035E20}.poet|Any CPU.ActiveCfg = Debug|Any CPU
		{8300960D-26B3-453D-AE72-D0267F035E20}.poet|Any CPU.Build.0 = Debug|Any CPU
		{8300960D-26B3-453D-AE72-D0267F035E20}.poet|x86.ActiveCfg = Debug|Any CPU
		{8300960D-26B3-453D-AE72-D0267F035E20}.poet|x86.Build.0 = Debug|Any CPU
		{8300960D-26B3-453D-AE72-D0267F035E20}.Release|Any CPU.ActiveCfg = Debug|Any CPU
		{8300960D-26B3-453D-AE72-D0267F035E20}.Release|Any CPU.Build.0 = Debug|Any CPU
		{8300960D-26B3-453D-AE72-D0267F035E20}.Release|x86.ActiveCfg = Debug|Any CPU
		{8300960D-26B3-453D-AE72-D0267F035E20}.Release|x86.Build.0 = Debug|Any CPU
		{8300960D-26B3-453D-AE72-D0267F035E20}.WatchDog|Any CPU.ActiveCfg = Debug|Any CPU
		{8300960D-26B3-453D-AE72-D0267F035E20}.WatchDog|Any CPU.Build.0 = Debug|Any CPU
		{8300960D-26B3-453D-AE72-D0267F035E20}.WatchDog|x86.ActiveCfg = Debug|Any CPU
		{8300960D-26B3-453D-AE72-D0267F035E20}.WatchDog|x86.Build.0 = Debug|Any CPU
		{D427C920-62C7-41D3-BCE1-27E315C2D122}.Debug|Any CPU.ActiveCfg = Debug|Any CPU
		{D427C920-62C7-41D3-BCE1-27E315C2D122}.Debug|Any CPU.Build.0 = Debug|Any CPU
		{D427C920-62C7-41D3-BCE1-27E315C2D122}.Debug|x86.ActiveCfg = Debug|Any CPU
		{D427C920-62C7-41D3-BCE1-27E315C2D122}.Debug|x86.Build.0 = Debug|Any CPU
		{D427C920-62C7-41D3-BCE1-27E315C2D122}.Forecasting|Any CPU.ActiveCfg = Release|Any CPU
		{D427C920-62C7-41D3-BCE1-27E315C2D122}.Forecasting|Any CPU.Build.0 = Release|Any CPU
		{D427C920-62C7-41D3-BCE1-27E315C2D122}.Forecasting|x86.ActiveCfg = Release|Any CPU
		{D427C920-62C7-41D3-BCE1-27E315C2D122}.Forecasting|x86.Build.0 = Release|Any CPU
		{D427C920-62C7-41D3-BCE1-27E315C2D122}.pisces|Any CPU.ActiveCfg = Release|Any CPU
		{D427C920-62C7-41D3-BCE1-27E315C2D122}.pisces|Any CPU.Build.0 = Release|Any CPU
		{D427C920-62C7-41D3-BCE1-27E315C2D122}.pisces|x86.ActiveCfg = Release|Any CPU
		{D427C920-62C7-41D3-BCE1-27E315C2D122}.pisces|x86.Build.0 = Release|Any CPU
		{D427C920-62C7-41D3-BCE1-27E315C2D122}.poet|Any CPU.ActiveCfg = Release|Any CPU
		{D427C920-62C7-41D3-BCE1-27E315C2D122}.poet|Any CPU.Build.0 = Release|Any CPU
		{D427C920-62C7-41D3-BCE1-27E315C2D122}.poet|x86.ActiveCfg = Release|Any CPU
		{D427C920-62C7-41D3-BCE1-27E315C2D122}.poet|x86.Build.0 = Release|Any CPU
		{D427C920-62C7-41D3-BCE1-27E315C2D122}.Release|Any CPU.ActiveCfg = Release|Any CPU
		{D427C920-62C7-41D3-BCE1-27E315C2D122}.Release|Any CPU.Build.0 = Release|Any CPU
		{D427C920-62C7-41D3-BCE1-27E315C2D122}.Release|x86.ActiveCfg = Release|Any CPU
		{D427C920-62C7-41D3-BCE1-27E315C2D122}.Release|x86.Build.0 = Release|Any CPU
		{D427C920-62C7-41D3-BCE1-27E315C2D122}.WatchDog|Any CPU.ActiveCfg = Release|Any CPU
		{D427C920-62C7-41D3-BCE1-27E315C2D122}.WatchDog|Any CPU.Build.0 = Release|Any CPU
		{D427C920-62C7-41D3-BCE1-27E315C2D122}.WatchDog|x86.ActiveCfg = Release|Any CPU
		{D427C920-62C7-41D3-BCE1-27E315C2D122}.WatchDog|x86.Build.0 = Release|Any CPU
		{AAB62A5F-54CA-4115-92FE-91D54B9E932A}.Debug|Any CPU.ActiveCfg = Debug|x86
		{AAB62A5F-54CA-4115-92FE-91D54B9E932A}.Debug|Any CPU.Build.0 = Debug|x86
		{AAB62A5F-54CA-4115-92FE-91D54B9E932A}.Debug|x86.ActiveCfg = Debug|x86
		{AAB62A5F-54CA-4115-92FE-91D54B9E932A}.Debug|x86.Build.0 = Debug|x86
		{AAB62A5F-54CA-4115-92FE-91D54B9E932A}.Forecasting|Any CPU.ActiveCfg = Debug|Any CPU
		{AAB62A5F-54CA-4115-92FE-91D54B9E932A}.Forecasting|Any CPU.Build.0 = Debug|Any CPU
		{AAB62A5F-54CA-4115-92FE-91D54B9E932A}.Forecasting|x86.ActiveCfg = Debug|x86
		{AAB62A5F-54CA-4115-92FE-91D54B9E932A}.Forecasting|x86.Build.0 = Debug|x86
		{AAB62A5F-54CA-4115-92FE-91D54B9E932A}.pisces|Any CPU.ActiveCfg = Debug|Any CPU
		{AAB62A5F-54CA-4115-92FE-91D54B9E932A}.pisces|Any CPU.Build.0 = Debug|Any CPU
		{AAB62A5F-54CA-4115-92FE-91D54B9E932A}.pisces|x86.ActiveCfg = Debug|x86
		{AAB62A5F-54CA-4115-92FE-91D54B9E932A}.pisces|x86.Build.0 = Debug|x86
		{AAB62A5F-54CA-4115-92FE-91D54B9E932A}.poet|Any CPU.ActiveCfg = Debug|Any CPU
		{AAB62A5F-54CA-4115-92FE-91D54B9E932A}.poet|Any CPU.Build.0 = Debug|Any CPU
		{AAB62A5F-54CA-4115-92FE-91D54B9E932A}.poet|x86.ActiveCfg = Debug|x86
		{AAB62A5F-54CA-4115-92FE-91D54B9E932A}.poet|x86.Build.0 = Debug|x86
		{AAB62A5F-54CA-4115-92FE-91D54B9E932A}.Release|Any CPU.ActiveCfg = Debug|Any CPU
		{AAB62A5F-54CA-4115-92FE-91D54B9E932A}.Release|Any CPU.Build.0 = Debug|Any CPU
		{AAB62A5F-54CA-4115-92FE-91D54B9E932A}.Release|x86.ActiveCfg = Debug|x86
		{AAB62A5F-54CA-4115-92FE-91D54B9E932A}.Release|x86.Build.0 = Debug|x86
		{AAB62A5F-54CA-4115-92FE-91D54B9E932A}.WatchDog|Any CPU.ActiveCfg = Debug|Any CPU
		{AAB62A5F-54CA-4115-92FE-91D54B9E932A}.WatchDog|Any CPU.Build.0 = Debug|Any CPU
		{AAB62A5F-54CA-4115-92FE-91D54B9E932A}.WatchDog|x86.ActiveCfg = Debug|x86
		{AAB62A5F-54CA-4115-92FE-91D54B9E932A}.WatchDog|x86.Build.0 = Debug|x86
		{035F594F-8B4C-4A32-AD96-D31E11BE0A37}.Debug|Any CPU.ActiveCfg = Debug|Any CPU
		{035F594F-8B4C-4A32-AD96-D31E11BE0A37}.Debug|Any CPU.Build.0 = Debug|Any CPU
		{035F594F-8B4C-4A32-AD96-D31E11BE0A37}.Debug|x86.ActiveCfg = Debug|Any CPU
		{035F594F-8B4C-4A32-AD96-D31E11BE0A37}.Debug|x86.Build.0 = Debug|Any CPU
		{035F594F-8B4C-4A32-AD96-D31E11BE0A37}.Forecasting|Any CPU.ActiveCfg = Debug|Any CPU
		{035F594F-8B4C-4A32-AD96-D31E11BE0A37}.Forecasting|Any CPU.Build.0 = Debug|Any CPU
		{035F594F-8B4C-4A32-AD96-D31E11BE0A37}.Forecasting|x86.ActiveCfg = Debug|Any CPU
		{035F594F-8B4C-4A32-AD96-D31E11BE0A37}.Forecasting|x86.Build.0 = Debug|Any CPU
		{035F594F-8B4C-4A32-AD96-D31E11BE0A37}.pisces|Any CPU.ActiveCfg = Debug|Any CPU
		{035F594F-8B4C-4A32-AD96-D31E11BE0A37}.pisces|Any CPU.Build.0 = Debug|Any CPU
		{035F594F-8B4C-4A32-AD96-D31E11BE0A37}.pisces|x86.ActiveCfg = Debug|Any CPU
		{035F594F-8B4C-4A32-AD96-D31E11BE0A37}.pisces|x86.Build.0 = Debug|Any CPU
		{035F594F-8B4C-4A32-AD96-D31E11BE0A37}.poet|Any CPU.ActiveCfg = Debug|Any CPU
		{035F594F-8B4C-4A32-AD96-D31E11BE0A37}.poet|Any CPU.Build.0 = Debug|Any CPU
		{035F594F-8B4C-4A32-AD96-D31E11BE0A37}.poet|x86.ActiveCfg = Debug|Any CPU
		{035F594F-8B4C-4A32-AD96-D31E11BE0A37}.poet|x86.Build.0 = Debug|Any CPU
		{035F594F-8B4C-4A32-AD96-D31E11BE0A37}.Release|Any CPU.ActiveCfg = Debug|Any CPU
		{035F594F-8B4C-4A32-AD96-D31E11BE0A37}.Release|Any CPU.Build.0 = Debug|Any CPU
		{035F594F-8B4C-4A32-AD96-D31E11BE0A37}.Release|x86.ActiveCfg = Debug|Any CPU
		{035F594F-8B4C-4A32-AD96-D31E11BE0A37}.Release|x86.Build.0 = Debug|Any CPU
		{035F594F-8B4C-4A32-AD96-D31E11BE0A37}.WatchDog|Any CPU.ActiveCfg = Debug|Any CPU
		{035F594F-8B4C-4A32-AD96-D31E11BE0A37}.WatchDog|Any CPU.Build.0 = Debug|Any CPU
		{035F594F-8B4C-4A32-AD96-D31E11BE0A37}.WatchDog|x86.ActiveCfg = Debug|Any CPU
		{035F594F-8B4C-4A32-AD96-D31E11BE0A37}.WatchDog|x86.Build.0 = Debug|Any CPU
		{B518FE6E-AC32-4204-A7FF-36E45E8E9AAF}.Debug|Any CPU.ActiveCfg = Debug|Any CPU
		{B518FE6E-AC32-4204-A7FF-36E45E8E9AAF}.Debug|Any CPU.Build.0 = Debug|Any CPU
		{B518FE6E-AC32-4204-A7FF-36E45E8E9AAF}.Debug|x86.ActiveCfg = Debug|Any CPU
		{B518FE6E-AC32-4204-A7FF-36E45E8E9AAF}.Debug|x86.Build.0 = Debug|Any CPU
		{B518FE6E-AC32-4204-A7FF-36E45E8E9AAF}.Forecasting|Any CPU.ActiveCfg = Debug|Any CPU
		{B518FE6E-AC32-4204-A7FF-36E45E8E9AAF}.Forecasting|Any CPU.Build.0 = Debug|Any CPU
		{B518FE6E-AC32-4204-A7FF-36E45E8E9AAF}.Forecasting|x86.ActiveCfg = Debug|Any CPU
		{B518FE6E-AC32-4204-A7FF-36E45E8E9AAF}.Forecasting|x86.Build.0 = Debug|Any CPU
		{B518FE6E-AC32-4204-A7FF-36E45E8E9AAF}.pisces|Any CPU.ActiveCfg = Debug|Any CPU
		{B518FE6E-AC32-4204-A7FF-36E45E8E9AAF}.pisces|Any CPU.Build.0 = Debug|Any CPU
		{B518FE6E-AC32-4204-A7FF-36E45E8E9AAF}.pisces|x86.ActiveCfg = Debug|Any CPU
		{B518FE6E-AC32-4204-A7FF-36E45E8E9AAF}.pisces|x86.Build.0 = Debug|Any CPU
		{B518FE6E-AC32-4204-A7FF-36E45E8E9AAF}.poet|Any CPU.ActiveCfg = Debug|Any CPU
		{B518FE6E-AC32-4204-A7FF-36E45E8E9AAF}.poet|Any CPU.Build.0 = Debug|Any CPU
		{B518FE6E-AC32-4204-A7FF-36E45E8E9AAF}.poet|x86.ActiveCfg = Debug|Any CPU
		{B518FE6E-AC32-4204-A7FF-36E45E8E9AAF}.poet|x86.Build.0 = Debug|Any CPU
		{B518FE6E-AC32-4204-A7FF-36E45E8E9AAF}.Release|Any CPU.ActiveCfg = Debug|Any CPU
		{B518FE6E-AC32-4204-A7FF-36E45E8E9AAF}.Release|Any CPU.Build.0 = Debug|Any CPU
		{B518FE6E-AC32-4204-A7FF-36E45E8E9AAF}.Release|x86.ActiveCfg = Debug|Any CPU
		{B518FE6E-AC32-4204-A7FF-36E45E8E9AAF}.Release|x86.Build.0 = Debug|Any CPU
		{B518FE6E-AC32-4204-A7FF-36E45E8E9AAF}.WatchDog|Any CPU.ActiveCfg = Debug|Any CPU
		{B518FE6E-AC32-4204-A7FF-36E45E8E9AAF}.WatchDog|Any CPU.Build.0 = Debug|Any CPU
		{B518FE6E-AC32-4204-A7FF-36E45E8E9AAF}.WatchDog|x86.ActiveCfg = Debug|Any CPU
		{B518FE6E-AC32-4204-A7FF-36E45E8E9AAF}.WatchDog|x86.Build.0 = Debug|Any CPU
		{FD42C9F7-7516-4492-9B25-9A1D3AF8C911}.Debug|Any CPU.ActiveCfg = Debug|Any CPU
		{FD42C9F7-7516-4492-9B25-9A1D3AF8C911}.Debug|Any CPU.Build.0 = Debug|Any CPU
		{FD42C9F7-7516-4492-9B25-9A1D3AF8C911}.Debug|x86.ActiveCfg = Debug|Any CPU
		{FD42C9F7-7516-4492-9B25-9A1D3AF8C911}.Debug|x86.Build.0 = Debug|Any CPU
		{FD42C9F7-7516-4492-9B25-9A1D3AF8C911}.Forecasting|Any CPU.ActiveCfg = Debug|Any CPU
		{FD42C9F7-7516-4492-9B25-9A1D3AF8C911}.Forecasting|Any CPU.Build.0 = Debug|Any CPU
		{FD42C9F7-7516-4492-9B25-9A1D3AF8C911}.Forecasting|x86.ActiveCfg = Debug|Any CPU
		{FD42C9F7-7516-4492-9B25-9A1D3AF8C911}.Forecasting|x86.Build.0 = Debug|Any CPU
		{FD42C9F7-7516-4492-9B25-9A1D3AF8C911}.pisces|Any CPU.ActiveCfg = Debug|Any CPU
		{FD42C9F7-7516-4492-9B25-9A1D3AF8C911}.pisces|Any CPU.Build.0 = Debug|Any CPU
		{FD42C9F7-7516-4492-9B25-9A1D3AF8C911}.pisces|x86.ActiveCfg = Debug|Any CPU
		{FD42C9F7-7516-4492-9B25-9A1D3AF8C911}.pisces|x86.Build.0 = Debug|Any CPU
		{FD42C9F7-7516-4492-9B25-9A1D3AF8C911}.poet|Any CPU.ActiveCfg = Debug|Any CPU
		{FD42C9F7-7516-4492-9B25-9A1D3AF8C911}.poet|Any CPU.Build.0 = Debug|Any CPU
		{FD42C9F7-7516-4492-9B25-9A1D3AF8C911}.poet|x86.ActiveCfg = Debug|Any CPU
		{FD42C9F7-7516-4492-9B25-9A1D3AF8C911}.poet|x86.Build.0 = Debug|Any CPU
		{FD42C9F7-7516-4492-9B25-9A1D3AF8C911}.Release|Any CPU.ActiveCfg = Debug|Any CPU
		{FD42C9F7-7516-4492-9B25-9A1D3AF8C911}.Release|Any CPU.Build.0 = Debug|Any CPU
		{FD42C9F7-7516-4492-9B25-9A1D3AF8C911}.Release|x86.ActiveCfg = Debug|Any CPU
		{FD42C9F7-7516-4492-9B25-9A1D3AF8C911}.Release|x86.Build.0 = Debug|Any CPU
		{FD42C9F7-7516-4492-9B25-9A1D3AF8C911}.WatchDog|Any CPU.ActiveCfg = Debug|Any CPU
		{FD42C9F7-7516-4492-9B25-9A1D3AF8C911}.WatchDog|Any CPU.Build.0 = Debug|Any CPU
		{FD42C9F7-7516-4492-9B25-9A1D3AF8C911}.WatchDog|x86.ActiveCfg = Debug|Any CPU
		{FD42C9F7-7516-4492-9B25-9A1D3AF8C911}.WatchDog|x86.Build.0 = Debug|Any CPU
		{09B73D14-AFBB-434E-A71D-73248CBBF0A3}.Debug|Any CPU.ActiveCfg = Debug|Any CPU
		{09B73D14-AFBB-434E-A71D-73248CBBF0A3}.Debug|Any CPU.Build.0 = Debug|Any CPU
		{09B73D14-AFBB-434E-A71D-73248CBBF0A3}.Debug|x86.ActiveCfg = Debug|Any CPU
		{09B73D14-AFBB-434E-A71D-73248CBBF0A3}.Debug|x86.Build.0 = Debug|Any CPU
		{09B73D14-AFBB-434E-A71D-73248CBBF0A3}.Forecasting|Any CPU.ActiveCfg = Debug|Any CPU
		{09B73D14-AFBB-434E-A71D-73248CBBF0A3}.Forecasting|Any CPU.Build.0 = Debug|Any CPU
		{09B73D14-AFBB-434E-A71D-73248CBBF0A3}.Forecasting|x86.ActiveCfg = Debug|Any CPU
		{09B73D14-AFBB-434E-A71D-73248CBBF0A3}.Forecasting|x86.Build.0 = Debug|Any CPU
		{09B73D14-AFBB-434E-A71D-73248CBBF0A3}.pisces|Any CPU.ActiveCfg = Debug|Any CPU
		{09B73D14-AFBB-434E-A71D-73248CBBF0A3}.pisces|Any CPU.Build.0 = Debug|Any CPU
		{09B73D14-AFBB-434E-A71D-73248CBBF0A3}.pisces|x86.ActiveCfg = Debug|Any CPU
		{09B73D14-AFBB-434E-A71D-73248CBBF0A3}.pisces|x86.Build.0 = Debug|Any CPU
		{09B73D14-AFBB-434E-A71D-73248CBBF0A3}.poet|Any CPU.ActiveCfg = Debug|Any CPU
		{09B73D14-AFBB-434E-A71D-73248CBBF0A3}.poet|Any CPU.Build.0 = Debug|Any CPU
		{09B73D14-AFBB-434E-A71D-73248CBBF0A3}.poet|x86.ActiveCfg = Debug|Any CPU
		{09B73D14-AFBB-434E-A71D-73248CBBF0A3}.poet|x86.Build.0 = Debug|Any CPU
		{09B73D14-AFBB-434E-A71D-73248CBBF0A3}.Release|Any CPU.ActiveCfg = Debug|Any CPU
		{09B73D14-AFBB-434E-A71D-73248CBBF0A3}.Release|Any CPU.Build.0 = Debug|Any CPU
		{09B73D14-AFBB-434E-A71D-73248CBBF0A3}.Release|x86.ActiveCfg = Debug|Any CPU
		{09B73D14-AFBB-434E-A71D-73248CBBF0A3}.Release|x86.Build.0 = Debug|Any CPU
		{09B73D14-AFBB-434E-A71D-73248CBBF0A3}.WatchDog|Any CPU.ActiveCfg = Debug|Any CPU
		{09B73D14-AFBB-434E-A71D-73248CBBF0A3}.WatchDog|Any CPU.Build.0 = Debug|Any CPU
		{09B73D14-AFBB-434E-A71D-73248CBBF0A3}.WatchDog|x86.ActiveCfg = Debug|Any CPU
		{09B73D14-AFBB-434E-A71D-73248CBBF0A3}.WatchDog|x86.Build.0 = Debug|Any CPU
		{36DFC19C-1840-4CF4-9A62-CCA9FF142619}.Debug|Any CPU.ActiveCfg = Debug|Any CPU
		{36DFC19C-1840-4CF4-9A62-CCA9FF142619}.Debug|Any CPU.Build.0 = Debug|Any CPU
		{36DFC19C-1840-4CF4-9A62-CCA9FF142619}.Debug|x86.ActiveCfg = Debug|Any CPU
		{36DFC19C-1840-4CF4-9A62-CCA9FF142619}.Debug|x86.Build.0 = Debug|Any CPU
		{36DFC19C-1840-4CF4-9A62-CCA9FF142619}.Forecasting|Any CPU.ActiveCfg = Debug|Any CPU
		{36DFC19C-1840-4CF4-9A62-CCA9FF142619}.Forecasting|Any CPU.Build.0 = Debug|Any CPU
		{36DFC19C-1840-4CF4-9A62-CCA9FF142619}.Forecasting|x86.ActiveCfg = Debug|Any CPU
		{36DFC19C-1840-4CF4-9A62-CCA9FF142619}.Forecasting|x86.Build.0 = Debug|Any CPU
		{36DFC19C-1840-4CF4-9A62-CCA9FF142619}.pisces|Any CPU.ActiveCfg = Debug|Any CPU
		{36DFC19C-1840-4CF4-9A62-CCA9FF142619}.pisces|Any CPU.Build.0 = Debug|Any CPU
		{36DFC19C-1840-4CF4-9A62-CCA9FF142619}.pisces|x86.ActiveCfg = Debug|Any CPU
		{36DFC19C-1840-4CF4-9A62-CCA9FF142619}.pisces|x86.Build.0 = Debug|Any CPU
		{36DFC19C-1840-4CF4-9A62-CCA9FF142619}.poet|Any CPU.ActiveCfg = Debug|Any CPU
		{36DFC19C-1840-4CF4-9A62-CCA9FF142619}.poet|Any CPU.Build.0 = Debug|Any CPU
		{36DFC19C-1840-4CF4-9A62-CCA9FF142619}.poet|x86.ActiveCfg = Debug|Any CPU
		{36DFC19C-1840-4CF4-9A62-CCA9FF142619}.poet|x86.Build.0 = Debug|Any CPU
		{36DFC19C-1840-4CF4-9A62-CCA9FF142619}.Release|Any CPU.ActiveCfg = Debug|Any CPU
		{36DFC19C-1840-4CF4-9A62-CCA9FF142619}.Release|Any CPU.Build.0 = Debug|Any CPU
		{36DFC19C-1840-4CF4-9A62-CCA9FF142619}.Release|x86.ActiveCfg = Debug|Any CPU
		{36DFC19C-1840-4CF4-9A62-CCA9FF142619}.Release|x86.Build.0 = Debug|Any CPU
		{36DFC19C-1840-4CF4-9A62-CCA9FF142619}.WatchDog|Any CPU.ActiveCfg = Debug|Any CPU
		{36DFC19C-1840-4CF4-9A62-CCA9FF142619}.WatchDog|Any CPU.Build.0 = Debug|Any CPU
		{36DFC19C-1840-4CF4-9A62-CCA9FF142619}.WatchDog|x86.ActiveCfg = Debug|Any CPU
		{36DFC19C-1840-4CF4-9A62-CCA9FF142619}.WatchDog|x86.Build.0 = Debug|Any CPU
		{AE98A3D7-E0CD-4675-B268-C8D4CEF429CE}.Debug|Any CPU.ActiveCfg = Debug|Any CPU
		{AE98A3D7-E0CD-4675-B268-C8D4CEF429CE}.Debug|Any CPU.Build.0 = Debug|Any CPU
		{AE98A3D7-E0CD-4675-B268-C8D4CEF429CE}.Debug|x86.ActiveCfg = Debug|Any CPU
		{AE98A3D7-E0CD-4675-B268-C8D4CEF429CE}.Debug|x86.Build.0 = Debug|Any CPU
		{AE98A3D7-E0CD-4675-B268-C8D4CEF429CE}.Forecasting|Any CPU.ActiveCfg = Debug|Any CPU
		{AE98A3D7-E0CD-4675-B268-C8D4CEF429CE}.Forecasting|Any CPU.Build.0 = Debug|Any CPU
		{AE98A3D7-E0CD-4675-B268-C8D4CEF429CE}.Forecasting|x86.ActiveCfg = Debug|Any CPU
		{AE98A3D7-E0CD-4675-B268-C8D4CEF429CE}.Forecasting|x86.Build.0 = Debug|Any CPU
		{AE98A3D7-E0CD-4675-B268-C8D4CEF429CE}.pisces|Any CPU.ActiveCfg = Debug|Any CPU
		{AE98A3D7-E0CD-4675-B268-C8D4CEF429CE}.pisces|Any CPU.Build.0 = Debug|Any CPU
		{AE98A3D7-E0CD-4675-B268-C8D4CEF429CE}.pisces|x86.ActiveCfg = Debug|Any CPU
		{AE98A3D7-E0CD-4675-B268-C8D4CEF429CE}.pisces|x86.Build.0 = Debug|Any CPU
		{AE98A3D7-E0CD-4675-B268-C8D4CEF429CE}.poet|Any CPU.ActiveCfg = Debug|Any CPU
		{AE98A3D7-E0CD-4675-B268-C8D4CEF429CE}.poet|Any CPU.Build.0 = Debug|Any CPU
		{AE98A3D7-E0CD-4675-B268-C8D4CEF429CE}.poet|x86.ActiveCfg = Debug|Any CPU
		{AE98A3D7-E0CD-4675-B268-C8D4CEF429CE}.poet|x86.Build.0 = Debug|Any CPU
		{AE98A3D7-E0CD-4675-B268-C8D4CEF429CE}.Release|Any CPU.ActiveCfg = Debug|Any CPU
		{AE98A3D7-E0CD-4675-B268-C8D4CEF429CE}.Release|Any CPU.Build.0 = Debug|Any CPU
		{AE98A3D7-E0CD-4675-B268-C8D4CEF429CE}.Release|x86.ActiveCfg = Debug|Any CPU
		{AE98A3D7-E0CD-4675-B268-C8D4CEF429CE}.Release|x86.Build.0 = Debug|Any CPU
		{AE98A3D7-E0CD-4675-B268-C8D4CEF429CE}.WatchDog|Any CPU.ActiveCfg = Debug|Any CPU
		{AE98A3D7-E0CD-4675-B268-C8D4CEF429CE}.WatchDog|Any CPU.Build.0 = Debug|Any CPU
		{AE98A3D7-E0CD-4675-B268-C8D4CEF429CE}.WatchDog|x86.ActiveCfg = Debug|Any CPU
		{AE98A3D7-E0CD-4675-B268-C8D4CEF429CE}.WatchDog|x86.Build.0 = Debug|Any CPU
		{C51C9443-95C6-49B2-A194-D794A25DC4F8}.Debug|Any CPU.ActiveCfg = Debug|Any CPU
		{C51C9443-95C6-49B2-A194-D794A25DC4F8}.Debug|Any CPU.Build.0 = Debug|Any CPU
		{C51C9443-95C6-49B2-A194-D794A25DC4F8}.Debug|x86.ActiveCfg = Debug|Any CPU
		{C51C9443-95C6-49B2-A194-D794A25DC4F8}.Debug|x86.Build.0 = Debug|Any CPU
		{C51C9443-95C6-49B2-A194-D794A25DC4F8}.Forecasting|Any CPU.ActiveCfg = Debug|Any CPU
		{C51C9443-95C6-49B2-A194-D794A25DC4F8}.Forecasting|Any CPU.Build.0 = Debug|Any CPU
		{C51C9443-95C6-49B2-A194-D794A25DC4F8}.Forecasting|x86.ActiveCfg = Debug|Any CPU
		{C51C9443-95C6-49B2-A194-D794A25DC4F8}.Forecasting|x86.Build.0 = Debug|Any CPU
		{C51C9443-95C6-49B2-A194-D794A25DC4F8}.pisces|Any CPU.ActiveCfg = Debug|Any CPU
		{C51C9443-95C6-49B2-A194-D794A25DC4F8}.pisces|Any CPU.Build.0 = Debug|Any CPU
		{C51C9443-95C6-49B2-A194-D794A25DC4F8}.pisces|x86.ActiveCfg = Debug|Any CPU
		{C51C9443-95C6-49B2-A194-D794A25DC4F8}.pisces|x86.Build.0 = Debug|Any CPU
		{C51C9443-95C6-49B2-A194-D794A25DC4F8}.poet|Any CPU.ActiveCfg = Debug|Any CPU
		{C51C9443-95C6-49B2-A194-D794A25DC4F8}.poet|Any CPU.Build.0 = Debug|Any CPU
		{C51C9443-95C6-49B2-A194-D794A25DC4F8}.poet|x86.ActiveCfg = Debug|Any CPU
		{C51C9443-95C6-49B2-A194-D794A25DC4F8}.poet|x86.Build.0 = Debug|Any CPU
		{C51C9443-95C6-49B2-A194-D794A25DC4F8}.Release|Any CPU.ActiveCfg = Debug|Any CPU
		{C51C9443-95C6-49B2-A194-D794A25DC4F8}.Release|Any CPU.Build.0 = Debug|Any CPU
		{C51C9443-95C6-49B2-A194-D794A25DC4F8}.Release|x86.ActiveCfg = Debug|Any CPU
		{C51C9443-95C6-49B2-A194-D794A25DC4F8}.Release|x86.Build.0 = Debug|Any CPU
		{C51C9443-95C6-49B2-A194-D794A25DC4F8}.WatchDog|Any CPU.ActiveCfg = Debug|Any CPU
		{C51C9443-95C6-49B2-A194-D794A25DC4F8}.WatchDog|Any CPU.Build.0 = Debug|Any CPU
		{C51C9443-95C6-49B2-A194-D794A25DC4F8}.WatchDog|x86.ActiveCfg = Debug|Any CPU
		{C51C9443-95C6-49B2-A194-D794A25DC4F8}.WatchDog|x86.Build.0 = Debug|Any CPU
		{D2B37530-5D24-4772-8480-325920744643}.Debug|Any CPU.ActiveCfg = Debug|Any CPU
		{D2B37530-5D24-4772-8480-325920744643}.Debug|Any CPU.Build.0 = Debug|Any CPU
		{D2B37530-5D24-4772-8480-325920744643}.Debug|x86.ActiveCfg = Debug|Any CPU
		{D2B37530-5D24-4772-8480-325920744643}.Debug|x86.Build.0 = Debug|Any CPU
		{D2B37530-5D24-4772-8480-325920744643}.Forecasting|Any CPU.ActiveCfg = Release|Any CPU
		{D2B37530-5D24-4772-8480-325920744643}.Forecasting|Any CPU.Build.0 = Release|Any CPU
		{D2B37530-5D24-4772-8480-325920744643}.Forecasting|x86.ActiveCfg = Release|Any CPU
		{D2B37530-5D24-4772-8480-325920744643}.Forecasting|x86.Build.0 = Release|Any CPU
		{D2B37530-5D24-4772-8480-325920744643}.pisces|Any CPU.ActiveCfg = Release|Any CPU
		{D2B37530-5D24-4772-8480-325920744643}.pisces|Any CPU.Build.0 = Release|Any CPU
		{D2B37530-5D24-4772-8480-325920744643}.pisces|x86.ActiveCfg = Release|Any CPU
		{D2B37530-5D24-4772-8480-325920744643}.pisces|x86.Build.0 = Release|Any CPU
		{D2B37530-5D24-4772-8480-325920744643}.poet|Any CPU.ActiveCfg = Release|Any CPU
		{D2B37530-5D24-4772-8480-325920744643}.poet|Any CPU.Build.0 = Release|Any CPU
		{D2B37530-5D24-4772-8480-325920744643}.poet|x86.ActiveCfg = Release|Any CPU
		{D2B37530-5D24-4772-8480-325920744643}.poet|x86.Build.0 = Release|Any CPU
		{D2B37530-5D24-4772-8480-325920744643}.Release|Any CPU.ActiveCfg = Release|Any CPU
		{D2B37530-5D24-4772-8480-325920744643}.Release|Any CPU.Build.0 = Release|Any CPU
		{D2B37530-5D24-4772-8480-325920744643}.Release|x86.ActiveCfg = Release|Any CPU
		{D2B37530-5D24-4772-8480-325920744643}.Release|x86.Build.0 = Release|Any CPU
		{D2B37530-5D24-4772-8480-325920744643}.WatchDog|Any CPU.ActiveCfg = Release|Any CPU
		{D2B37530-5D24-4772-8480-325920744643}.WatchDog|Any CPU.Build.0 = Release|Any CPU
		{D2B37530-5D24-4772-8480-325920744643}.WatchDog|x86.ActiveCfg = Release|Any CPU
		{D2B37530-5D24-4772-8480-325920744643}.WatchDog|x86.Build.0 = Release|Any CPU
		{B5149AE3-25DC-4ED3-8C22-6E429AA9532E}.Debug|Any CPU.ActiveCfg = Debug|Any CPU
		{B5149AE3-25DC-4ED3-8C22-6E429AA9532E}.Debug|Any CPU.Build.0 = Debug|Any CPU
		{B5149AE3-25DC-4ED3-8C22-6E429AA9532E}.Debug|x86.ActiveCfg = Debug|Any CPU
		{B5149AE3-25DC-4ED3-8C22-6E429AA9532E}.Debug|x86.Build.0 = Debug|Any CPU
		{B5149AE3-25DC-4ED3-8C22-6E429AA9532E}.Forecasting|Any CPU.ActiveCfg = Release|Any CPU
		{B5149AE3-25DC-4ED3-8C22-6E429AA9532E}.Forecasting|Any CPU.Build.0 = Release|Any CPU
		{B5149AE3-25DC-4ED3-8C22-6E429AA9532E}.Forecasting|x86.ActiveCfg = Release|Any CPU
		{B5149AE3-25DC-4ED3-8C22-6E429AA9532E}.Forecasting|x86.Build.0 = Release|Any CPU
		{B5149AE3-25DC-4ED3-8C22-6E429AA9532E}.pisces|Any CPU.ActiveCfg = Release|Any CPU
		{B5149AE3-25DC-4ED3-8C22-6E429AA9532E}.pisces|Any CPU.Build.0 = Release|Any CPU
		{B5149AE3-25DC-4ED3-8C22-6E429AA9532E}.pisces|x86.ActiveCfg = Release|Any CPU
		{B5149AE3-25DC-4ED3-8C22-6E429AA9532E}.pisces|x86.Build.0 = Release|Any CPU
		{B5149AE3-25DC-4ED3-8C22-6E429AA9532E}.poet|Any CPU.ActiveCfg = Release|Any CPU
		{B5149AE3-25DC-4ED3-8C22-6E429AA9532E}.poet|Any CPU.Build.0 = Release|Any CPU
		{B5149AE3-25DC-4ED3-8C22-6E429AA9532E}.poet|x86.ActiveCfg = Release|Any CPU
		{B5149AE3-25DC-4ED3-8C22-6E429AA9532E}.poet|x86.Build.0 = Release|Any CPU
		{B5149AE3-25DC-4ED3-8C22-6E429AA9532E}.Release|Any CPU.ActiveCfg = Release|Any CPU
		{B5149AE3-25DC-4ED3-8C22-6E429AA9532E}.Release|Any CPU.Build.0 = Release|Any CPU
		{B5149AE3-25DC-4ED3-8C22-6E429AA9532E}.Release|x86.ActiveCfg = Release|Any CPU
		{B5149AE3-25DC-4ED3-8C22-6E429AA9532E}.Release|x86.Build.0 = Release|Any CPU
		{B5149AE3-25DC-4ED3-8C22-6E429AA9532E}.WatchDog|Any CPU.ActiveCfg = Release|Any CPU
		{B5149AE3-25DC-4ED3-8C22-6E429AA9532E}.WatchDog|Any CPU.Build.0 = Release|Any CPU
		{B5149AE3-25DC-4ED3-8C22-6E429AA9532E}.WatchDog|x86.ActiveCfg = Release|Any CPU
		{B5149AE3-25DC-4ED3-8C22-6E429AA9532E}.WatchDog|x86.Build.0 = Release|Any CPU
		{60537C98-6E33-42F7-9B7D-9B326ABC019E}.Debug|Any CPU.ActiveCfg = Debug|x86
		{60537C98-6E33-42F7-9B7D-9B326ABC019E}.Debug|Any CPU.Build.0 = Debug|x86
		{60537C98-6E33-42F7-9B7D-9B326ABC019E}.Debug|x86.ActiveCfg = Debug|x86
		{60537C98-6E33-42F7-9B7D-9B326ABC019E}.Debug|x86.Build.0 = Debug|x86
		{60537C98-6E33-42F7-9B7D-9B326ABC019E}.Forecasting|Any CPU.ActiveCfg = Debug|Any CPU
		{60537C98-6E33-42F7-9B7D-9B326ABC019E}.Forecasting|Any CPU.Build.0 = Debug|Any CPU
		{60537C98-6E33-42F7-9B7D-9B326ABC019E}.Forecasting|x86.ActiveCfg = Debug|x86
		{60537C98-6E33-42F7-9B7D-9B326ABC019E}.Forecasting|x86.Build.0 = Debug|x86
		{60537C98-6E33-42F7-9B7D-9B326ABC019E}.pisces|Any CPU.ActiveCfg = Debug|Any CPU
		{60537C98-6E33-42F7-9B7D-9B326ABC019E}.pisces|Any CPU.Build.0 = Debug|Any CPU
		{60537C98-6E33-42F7-9B7D-9B326ABC019E}.pisces|x86.ActiveCfg = Debug|x86
		{60537C98-6E33-42F7-9B7D-9B326ABC019E}.pisces|x86.Build.0 = Debug|x86
		{60537C98-6E33-42F7-9B7D-9B326ABC019E}.poet|Any CPU.ActiveCfg = Debug|Any CPU
		{60537C98-6E33-42F7-9B7D-9B326ABC019E}.poet|Any CPU.Build.0 = Debug|Any CPU
		{60537C98-6E33-42F7-9B7D-9B326ABC019E}.poet|x86.ActiveCfg = Debug|x86
		{60537C98-6E33-42F7-9B7D-9B326ABC019E}.poet|x86.Build.0 = Debug|x86
		{60537C98-6E33-42F7-9B7D-9B326ABC019E}.Release|Any CPU.ActiveCfg = Debug|Any CPU
		{60537C98-6E33-42F7-9B7D-9B326ABC019E}.Release|Any CPU.Build.0 = Debug|Any CPU
		{60537C98-6E33-42F7-9B7D-9B326ABC019E}.Release|x86.ActiveCfg = Debug|x86
		{60537C98-6E33-42F7-9B7D-9B326ABC019E}.Release|x86.Build.0 = Debug|x86
		{60537C98-6E33-42F7-9B7D-9B326ABC019E}.WatchDog|Any CPU.ActiveCfg = Debug|Any CPU
		{60537C98-6E33-42F7-9B7D-9B326ABC019E}.WatchDog|Any CPU.Build.0 = Debug|Any CPU
		{60537C98-6E33-42F7-9B7D-9B326ABC019E}.WatchDog|x86.ActiveCfg = Debug|x86
		{60537C98-6E33-42F7-9B7D-9B326ABC019E}.WatchDog|x86.Build.0 = Debug|x86
		{DF7D7FCA-F5A0-4950-9E1A-354331D190ED}.Debug|Any CPU.ActiveCfg = Debug|Any CPU
		{DF7D7FCA-F5A0-4950-9E1A-354331D190ED}.Debug|Any CPU.Build.0 = Debug|Any CPU
		{DF7D7FCA-F5A0-4950-9E1A-354331D190ED}.Debug|x86.ActiveCfg = Debug|Any CPU
		{DF7D7FCA-F5A0-4950-9E1A-354331D190ED}.Debug|x86.Build.0 = Debug|Any CPU
		{DF7D7FCA-F5A0-4950-9E1A-354331D190ED}.Forecasting|Any CPU.ActiveCfg = Debug|Any CPU
		{DF7D7FCA-F5A0-4950-9E1A-354331D190ED}.Forecasting|Any CPU.Build.0 = Debug|Any CPU
		{DF7D7FCA-F5A0-4950-9E1A-354331D190ED}.Forecasting|x86.ActiveCfg = Debug|Any CPU
		{DF7D7FCA-F5A0-4950-9E1A-354331D190ED}.Forecasting|x86.Build.0 = Debug|Any CPU
		{DF7D7FCA-F5A0-4950-9E1A-354331D190ED}.pisces|Any CPU.ActiveCfg = Debug|Any CPU
		{DF7D7FCA-F5A0-4950-9E1A-354331D190ED}.pisces|Any CPU.Build.0 = Debug|Any CPU
		{DF7D7FCA-F5A0-4950-9E1A-354331D190ED}.pisces|x86.ActiveCfg = Debug|Any CPU
		{DF7D7FCA-F5A0-4950-9E1A-354331D190ED}.pisces|x86.Build.0 = Debug|Any CPU
		{DF7D7FCA-F5A0-4950-9E1A-354331D190ED}.poet|Any CPU.ActiveCfg = Debug|Any CPU
		{DF7D7FCA-F5A0-4950-9E1A-354331D190ED}.poet|Any CPU.Build.0 = Debug|Any CPU
		{DF7D7FCA-F5A0-4950-9E1A-354331D190ED}.poet|x86.ActiveCfg = Debug|Any CPU
		{DF7D7FCA-F5A0-4950-9E1A-354331D190ED}.poet|x86.Build.0 = Debug|Any CPU
		{DF7D7FCA-F5A0-4950-9E1A-354331D190ED}.Release|Any CPU.ActiveCfg = Debug|Any CPU
		{DF7D7FCA-F5A0-4950-9E1A-354331D190ED}.Release|Any CPU.Build.0 = Debug|Any CPU
		{DF7D7FCA-F5A0-4950-9E1A-354331D190ED}.Release|x86.ActiveCfg = Debug|Any CPU
		{DF7D7FCA-F5A0-4950-9E1A-354331D190ED}.Release|x86.Build.0 = Debug|Any CPU
		{DF7D7FCA-F5A0-4950-9E1A-354331D190ED}.WatchDog|Any CPU.ActiveCfg = Debug|Any CPU
		{DF7D7FCA-F5A0-4950-9E1A-354331D190ED}.WatchDog|Any CPU.Build.0 = Debug|Any CPU
		{DF7D7FCA-F5A0-4950-9E1A-354331D190ED}.WatchDog|x86.ActiveCfg = Debug|Any CPU
		{DF7D7FCA-F5A0-4950-9E1A-354331D190ED}.WatchDog|x86.Build.0 = Debug|Any CPU
		{728DF7C2-69D7-41FA-A358-61206BB90C4E}.Debug|Any CPU.ActiveCfg = Debug|Any CPU
		{728DF7C2-69D7-41FA-A358-61206BB90C4E}.Debug|Any CPU.Build.0 = Debug|Any CPU
		{728DF7C2-69D7-41FA-A358-61206BB90C4E}.Debug|x86.ActiveCfg = Debug|Any CPU
		{728DF7C2-69D7-41FA-A358-61206BB90C4E}.Debug|x86.Build.0 = Debug|Any CPU
		{728DF7C2-69D7-41FA-A358-61206BB90C4E}.Forecasting|Any CPU.ActiveCfg = Debug|Any CPU
		{728DF7C2-69D7-41FA-A358-61206BB90C4E}.Forecasting|Any CPU.Build.0 = Debug|Any CPU
		{728DF7C2-69D7-41FA-A358-61206BB90C4E}.Forecasting|x86.ActiveCfg = Debug|Any CPU
		{728DF7C2-69D7-41FA-A358-61206BB90C4E}.Forecasting|x86.Build.0 = Debug|Any CPU
		{728DF7C2-69D7-41FA-A358-61206BB90C4E}.pisces|Any CPU.ActiveCfg = Debug|Any CPU
		{728DF7C2-69D7-41FA-A358-61206BB90C4E}.pisces|Any CPU.Build.0 = Debug|Any CPU
		{728DF7C2-69D7-41FA-A358-61206BB90C4E}.pisces|x86.ActiveCfg = Debug|Any CPU
		{728DF7C2-69D7-41FA-A358-61206BB90C4E}.pisces|x86.Build.0 = Debug|Any CPU
		{728DF7C2-69D7-41FA-A358-61206BB90C4E}.poet|Any CPU.ActiveCfg = Debug|Any CPU
		{728DF7C2-69D7-41FA-A358-61206BB90C4E}.poet|Any CPU.Build.0 = Debug|Any CPU
		{728DF7C2-69D7-41FA-A358-61206BB90C4E}.poet|x86.ActiveCfg = Debug|Any CPU
		{728DF7C2-69D7-41FA-A358-61206BB90C4E}.poet|x86.Build.0 = Debug|Any CPU
		{728DF7C2-69D7-41FA-A358-61206BB90C4E}.Release|Any CPU.ActiveCfg = Debug|Any CPU
		{728DF7C2-69D7-41FA-A358-61206BB90C4E}.Release|Any CPU.Build.0 = Debug|Any CPU
		{728DF7C2-69D7-41FA-A358-61206BB90C4E}.Release|x86.ActiveCfg = Debug|Any CPU
		{728DF7C2-69D7-41FA-A358-61206BB90C4E}.Release|x86.Build.0 = Debug|Any CPU
		{728DF7C2-69D7-41FA-A358-61206BB90C4E}.WatchDog|Any CPU.ActiveCfg = Debug|Any CPU
		{728DF7C2-69D7-41FA-A358-61206BB90C4E}.WatchDog|Any CPU.Build.0 = Debug|Any CPU
		{728DF7C2-69D7-41FA-A358-61206BB90C4E}.WatchDog|x86.ActiveCfg = Debug|Any CPU
		{728DF7C2-69D7-41FA-A358-61206BB90C4E}.WatchDog|x86.Build.0 = Debug|Any CPU
		{213AF28D-B0FD-4063-826F-86F6B21DCAD7}.Debug|Any CPU.ActiveCfg = Debug|Any CPU
		{213AF28D-B0FD-4063-826F-86F6B21DCAD7}.Debug|Any CPU.Build.0 = Debug|Any CPU
		{213AF28D-B0FD-4063-826F-86F6B21DCAD7}.Debug|x86.ActiveCfg = Debug|Any CPU
		{213AF28D-B0FD-4063-826F-86F6B21DCAD7}.Debug|x86.Build.0 = Debug|Any CPU
		{213AF28D-B0FD-4063-826F-86F6B21DCAD7}.Forecasting|Any CPU.ActiveCfg = Debug|Any CPU
		{213AF28D-B0FD-4063-826F-86F6B21DCAD7}.Forecasting|Any CPU.Build.0 = Debug|Any CPU
		{213AF28D-B0FD-4063-826F-86F6B21DCAD7}.Forecasting|x86.ActiveCfg = Debug|Any CPU
		{213AF28D-B0FD-4063-826F-86F6B21DCAD7}.Forecasting|x86.Build.0 = Debug|Any CPU
		{213AF28D-B0FD-4063-826F-86F6B21DCAD7}.pisces|Any CPU.ActiveCfg = Debug|Any CPU
		{213AF28D-B0FD-4063-826F-86F6B21DCAD7}.pisces|Any CPU.Build.0 = Debug|Any CPU
		{213AF28D-B0FD-4063-826F-86F6B21DCAD7}.pisces|x86.ActiveCfg = Debug|Any CPU
		{213AF28D-B0FD-4063-826F-86F6B21DCAD7}.pisces|x86.Build.0 = Debug|Any CPU
		{213AF28D-B0FD-4063-826F-86F6B21DCAD7}.poet|Any CPU.ActiveCfg = Debug|Any CPU
		{213AF28D-B0FD-4063-826F-86F6B21DCAD7}.poet|Any CPU.Build.0 = Debug|Any CPU
		{213AF28D-B0FD-4063-826F-86F6B21DCAD7}.poet|x86.ActiveCfg = Debug|Any CPU
		{213AF28D-B0FD-4063-826F-86F6B21DCAD7}.poet|x86.Build.0 = Debug|Any CPU
		{213AF28D-B0FD-4063-826F-86F6B21DCAD7}.Release|Any CPU.ActiveCfg = Debug|Any CPU
		{213AF28D-B0FD-4063-826F-86F6B21DCAD7}.Release|Any CPU.Build.0 = Debug|Any CPU
		{213AF28D-B0FD-4063-826F-86F6B21DCAD7}.Release|x86.ActiveCfg = Debug|Any CPU
		{213AF28D-B0FD-4063-826F-86F6B21DCAD7}.Release|x86.Build.0 = Debug|Any CPU
		{213AF28D-B0FD-4063-826F-86F6B21DCAD7}.WatchDog|Any CPU.ActiveCfg = Debug|Any CPU
		{213AF28D-B0FD-4063-826F-86F6B21DCAD7}.WatchDog|Any CPU.Build.0 = Debug|Any CPU
		{213AF28D-B0FD-4063-826F-86F6B21DCAD7}.WatchDog|x86.ActiveCfg = Debug|Any CPU
		{213AF28D-B0FD-4063-826F-86F6B21DCAD7}.WatchDog|x86.Build.0 = Debug|Any CPU
		{D6EE1B30-3205-4948-9BA3-8BE37BA50D27}.Debug|Any CPU.ActiveCfg = Debug|Any CPU
		{D6EE1B30-3205-4948-9BA3-8BE37BA50D27}.Debug|Any CPU.Build.0 = Debug|Any CPU
		{D6EE1B30-3205-4948-9BA3-8BE37BA50D27}.Debug|x86.ActiveCfg = Debug|Any CPU
		{D6EE1B30-3205-4948-9BA3-8BE37BA50D27}.Debug|x86.Build.0 = Debug|Any CPU
		{D6EE1B30-3205-4948-9BA3-8BE37BA50D27}.Forecasting|Any CPU.ActiveCfg = Release|Any CPU
		{D6EE1B30-3205-4948-9BA3-8BE37BA50D27}.Forecasting|Any CPU.Build.0 = Release|Any CPU
		{D6EE1B30-3205-4948-9BA3-8BE37BA50D27}.Forecasting|x86.ActiveCfg = Release|Any CPU
		{D6EE1B30-3205-4948-9BA3-8BE37BA50D27}.Forecasting|x86.Build.0 = Release|Any CPU
		{D6EE1B30-3205-4948-9BA3-8BE37BA50D27}.pisces|Any CPU.ActiveCfg = Release|Any CPU
		{D6EE1B30-3205-4948-9BA3-8BE37BA50D27}.pisces|Any CPU.Build.0 = Release|Any CPU
		{D6EE1B30-3205-4948-9BA3-8BE37BA50D27}.pisces|x86.ActiveCfg = Release|Any CPU
		{D6EE1B30-3205-4948-9BA3-8BE37BA50D27}.pisces|x86.Build.0 = Release|Any CPU
		{D6EE1B30-3205-4948-9BA3-8BE37BA50D27}.poet|Any CPU.ActiveCfg = Release|Any CPU
		{D6EE1B30-3205-4948-9BA3-8BE37BA50D27}.poet|Any CPU.Build.0 = Release|Any CPU
		{D6EE1B30-3205-4948-9BA3-8BE37BA50D27}.poet|x86.ActiveCfg = Release|Any CPU
		{D6EE1B30-3205-4948-9BA3-8BE37BA50D27}.poet|x86.Build.0 = Release|Any CPU
		{D6EE1B30-3205-4948-9BA3-8BE37BA50D27}.Release|Any CPU.ActiveCfg = Release|Any CPU
		{D6EE1B30-3205-4948-9BA3-8BE37BA50D27}.Release|Any CPU.Build.0 = Release|Any CPU
		{D6EE1B30-3205-4948-9BA3-8BE37BA50D27}.Release|x86.ActiveCfg = Release|Any CPU
		{D6EE1B30-3205-4948-9BA3-8BE37BA50D27}.Release|x86.Build.0 = Release|Any CPU
		{D6EE1B30-3205-4948-9BA3-8BE37BA50D27}.WatchDog|Any CPU.ActiveCfg = Release|Any CPU
		{D6EE1B30-3205-4948-9BA3-8BE37BA50D27}.WatchDog|Any CPU.Build.0 = Release|Any CPU
		{D6EE1B30-3205-4948-9BA3-8BE37BA50D27}.WatchDog|x86.ActiveCfg = Release|Any CPU
		{D6EE1B30-3205-4948-9BA3-8BE37BA50D27}.WatchDog|x86.Build.0 = Release|Any CPU
		{C9278B32-7C94-4532-9F4C-92109A6B8E03}.Debug|Any CPU.ActiveCfg = Debug|Any CPU
		{C9278B32-7C94-4532-9F4C-92109A6B8E03}.Debug|Any CPU.Build.0 = Debug|Any CPU
		{C9278B32-7C94-4532-9F4C-92109A6B8E03}.Debug|x86.ActiveCfg = Debug|Any CPU
		{C9278B32-7C94-4532-9F4C-92109A6B8E03}.Debug|x86.Build.0 = Debug|Any CPU
		{C9278B32-7C94-4532-9F4C-92109A6B8E03}.Forecasting|Any CPU.ActiveCfg = Release|Any CPU
		{C9278B32-7C94-4532-9F4C-92109A6B8E03}.Forecasting|Any CPU.Build.0 = Release|Any CPU
		{C9278B32-7C94-4532-9F4C-92109A6B8E03}.Forecasting|x86.ActiveCfg = Release|Any CPU
		{C9278B32-7C94-4532-9F4C-92109A6B8E03}.Forecasting|x86.Build.0 = Release|Any CPU
		{C9278B32-7C94-4532-9F4C-92109A6B8E03}.pisces|Any CPU.ActiveCfg = Release|Any CPU
		{C9278B32-7C94-4532-9F4C-92109A6B8E03}.pisces|Any CPU.Build.0 = Release|Any CPU
		{C9278B32-7C94-4532-9F4C-92109A6B8E03}.pisces|x86.ActiveCfg = Release|Any CPU
		{C9278B32-7C94-4532-9F4C-92109A6B8E03}.pisces|x86.Build.0 = Release|Any CPU
		{C9278B32-7C94-4532-9F4C-92109A6B8E03}.poet|Any CPU.ActiveCfg = Release|Any CPU
		{C9278B32-7C94-4532-9F4C-92109A6B8E03}.poet|Any CPU.Build.0 = Release|Any CPU
		{C9278B32-7C94-4532-9F4C-92109A6B8E03}.poet|x86.ActiveCfg = Release|Any CPU
		{C9278B32-7C94-4532-9F4C-92109A6B8E03}.poet|x86.Build.0 = Release|Any CPU
		{C9278B32-7C94-4532-9F4C-92109A6B8E03}.Release|Any CPU.ActiveCfg = Release|Any CPU
		{C9278B32-7C94-4532-9F4C-92109A6B8E03}.Release|Any CPU.Build.0 = Release|Any CPU
		{C9278B32-7C94-4532-9F4C-92109A6B8E03}.Release|x86.ActiveCfg = Release|Any CPU
		{C9278B32-7C94-4532-9F4C-92109A6B8E03}.Release|x86.Build.0 = Release|Any CPU
		{C9278B32-7C94-4532-9F4C-92109A6B8E03}.WatchDog|Any CPU.ActiveCfg = Release|Any CPU
		{C9278B32-7C94-4532-9F4C-92109A6B8E03}.WatchDog|Any CPU.Build.0 = Release|Any CPU
		{C9278B32-7C94-4532-9F4C-92109A6B8E03}.WatchDog|x86.ActiveCfg = Release|Any CPU
		{C9278B32-7C94-4532-9F4C-92109A6B8E03}.WatchDog|x86.Build.0 = Release|Any CPU
		{6F7C6C62-721C-4AF6-AF29-70E69989CCE1}.Debug|Any CPU.ActiveCfg = Debug|Any CPU
		{6F7C6C62-721C-4AF6-AF29-70E69989CCE1}.Debug|Any CPU.Build.0 = Debug|Any CPU
		{6F7C6C62-721C-4AF6-AF29-70E69989CCE1}.Debug|x86.ActiveCfg = Debug|Any CPU
		{6F7C6C62-721C-4AF6-AF29-70E69989CCE1}.Debug|x86.Build.0 = Debug|Any CPU
		{6F7C6C62-721C-4AF6-AF29-70E69989CCE1}.Forecasting|Any CPU.ActiveCfg = Release|Any CPU
		{6F7C6C62-721C-4AF6-AF29-70E69989CCE1}.Forecasting|Any CPU.Build.0 = Release|Any CPU
		{6F7C6C62-721C-4AF6-AF29-70E69989CCE1}.Forecasting|x86.ActiveCfg = Release|Any CPU
		{6F7C6C62-721C-4AF6-AF29-70E69989CCE1}.Forecasting|x86.Build.0 = Release|Any CPU
		{6F7C6C62-721C-4AF6-AF29-70E69989CCE1}.pisces|Any CPU.ActiveCfg = Release|Any CPU
		{6F7C6C62-721C-4AF6-AF29-70E69989CCE1}.pisces|Any CPU.Build.0 = Release|Any CPU
		{6F7C6C62-721C-4AF6-AF29-70E69989CCE1}.pisces|x86.ActiveCfg = Release|Any CPU
		{6F7C6C62-721C-4AF6-AF29-70E69989CCE1}.pisces|x86.Build.0 = Release|Any CPU
		{6F7C6C62-721C-4AF6-AF29-70E69989CCE1}.poet|Any CPU.ActiveCfg = Release|Any CPU
		{6F7C6C62-721C-4AF6-AF29-70E69989CCE1}.poet|Any CPU.Build.0 = Release|Any CPU
		{6F7C6C62-721C-4AF6-AF29-70E69989CCE1}.poet|x86.ActiveCfg = Release|Any CPU
		{6F7C6C62-721C-4AF6-AF29-70E69989CCE1}.poet|x86.Build.0 = Release|Any CPU
		{6F7C6C62-721C-4AF6-AF29-70E69989CCE1}.Release|Any CPU.ActiveCfg = Release|Any CPU
		{6F7C6C62-721C-4AF6-AF29-70E69989CCE1}.Release|Any CPU.Build.0 = Release|Any CPU
		{6F7C6C62-721C-4AF6-AF29-70E69989CCE1}.Release|x86.ActiveCfg = Release|Any CPU
		{6F7C6C62-721C-4AF6-AF29-70E69989CCE1}.Release|x86.Build.0 = Release|Any CPU
		{6F7C6C62-721C-4AF6-AF29-70E69989CCE1}.WatchDog|Any CPU.ActiveCfg = Release|Any CPU
		{6F7C6C62-721C-4AF6-AF29-70E69989CCE1}.WatchDog|Any CPU.Build.0 = Release|Any CPU
		{6F7C6C62-721C-4AF6-AF29-70E69989CCE1}.WatchDog|x86.ActiveCfg = Release|Any CPU
		{6F7C6C62-721C-4AF6-AF29-70E69989CCE1}.WatchDog|x86.Build.0 = Release|Any CPU
		{98584217-A9DA-4375-9DC4-D82CF6899162}.Debug|Any CPU.ActiveCfg = Debug|Any CPU
		{98584217-A9DA-4375-9DC4-D82CF6899162}.Debug|Any CPU.Build.0 = Debug|Any CPU
		{98584217-A9DA-4375-9DC4-D82CF6899162}.Debug|x86.ActiveCfg = Debug|Any CPU
		{98584217-A9DA-4375-9DC4-D82CF6899162}.Debug|x86.Build.0 = Debug|Any CPU
		{98584217-A9DA-4375-9DC4-D82CF6899162}.Forecasting|Any CPU.ActiveCfg = Release|Any CPU
		{98584217-A9DA-4375-9DC4-D82CF6899162}.Forecasting|Any CPU.Build.0 = Release|Any CPU
		{98584217-A9DA-4375-9DC4-D82CF6899162}.Forecasting|x86.ActiveCfg = Release|Any CPU
		{98584217-A9DA-4375-9DC4-D82CF6899162}.Forecasting|x86.Build.0 = Release|Any CPU
		{98584217-A9DA-4375-9DC4-D82CF6899162}.pisces|Any CPU.ActiveCfg = Release|Any CPU
		{98584217-A9DA-4375-9DC4-D82CF6899162}.pisces|Any CPU.Build.0 = Release|Any CPU
		{98584217-A9DA-4375-9DC4-D82CF6899162}.pisces|x86.ActiveCfg = Release|Any CPU
		{98584217-A9DA-4375-9DC4-D82CF6899162}.pisces|x86.Build.0 = Release|Any CPU
		{98584217-A9DA-4375-9DC4-D82CF6899162}.poet|Any CPU.ActiveCfg = Release|Any CPU
		{98584217-A9DA-4375-9DC4-D82CF6899162}.poet|Any CPU.Build.0 = Release|Any CPU
		{98584217-A9DA-4375-9DC4-D82CF6899162}.poet|x86.ActiveCfg = Release|Any CPU
		{98584217-A9DA-4375-9DC4-D82CF6899162}.poet|x86.Build.0 = Release|Any CPU
		{98584217-A9DA-4375-9DC4-D82CF6899162}.Release|Any CPU.ActiveCfg = Release|Any CPU
		{98584217-A9DA-4375-9DC4-D82CF6899162}.Release|Any CPU.Build.0 = Release|Any CPU
		{98584217-A9DA-4375-9DC4-D82CF6899162}.Release|x86.ActiveCfg = Release|Any CPU
		{98584217-A9DA-4375-9DC4-D82CF6899162}.Release|x86.Build.0 = Release|Any CPU
		{98584217-A9DA-4375-9DC4-D82CF6899162}.WatchDog|Any CPU.ActiveCfg = Release|Any CPU
		{98584217-A9DA-4375-9DC4-D82CF6899162}.WatchDog|Any CPU.Build.0 = Release|Any CPU
		{98584217-A9DA-4375-9DC4-D82CF6899162}.WatchDog|x86.ActiveCfg = Release|Any CPU
		{98584217-A9DA-4375-9DC4-D82CF6899162}.WatchDog|x86.Build.0 = Release|Any CPU
		{9C591F97-0713-44BA-AEB6-4147A5202CED}.Debug|Any CPU.ActiveCfg = Debug|Any CPU
		{9C591F97-0713-44BA-AEB6-4147A5202CED}.Debug|Any CPU.Build.0 = Debug|Any CPU
		{9C591F97-0713-44BA-AEB6-4147A5202CED}.Debug|x86.ActiveCfg = Debug|Any CPU
		{9C591F97-0713-44BA-AEB6-4147A5202CED}.Debug|x86.Build.0 = Debug|Any CPU
		{9C591F97-0713-44BA-AEB6-4147A5202CED}.Forecasting|Any CPU.ActiveCfg = Release|Any CPU
		{9C591F97-0713-44BA-AEB6-4147A5202CED}.Forecasting|Any CPU.Build.0 = Release|Any CPU
		{9C591F97-0713-44BA-AEB6-4147A5202CED}.Forecasting|x86.ActiveCfg = Release|Any CPU
		{9C591F97-0713-44BA-AEB6-4147A5202CED}.Forecasting|x86.Build.0 = Release|Any CPU
		{9C591F97-0713-44BA-AEB6-4147A5202CED}.pisces|Any CPU.ActiveCfg = Release|Any CPU
		{9C591F97-0713-44BA-AEB6-4147A5202CED}.pisces|Any CPU.Build.0 = Release|Any CPU
		{9C591F97-0713-44BA-AEB6-4147A5202CED}.pisces|x86.ActiveCfg = Release|Any CPU
		{9C591F97-0713-44BA-AEB6-4147A5202CED}.pisces|x86.Build.0 = Release|Any CPU
		{9C591F97-0713-44BA-AEB6-4147A5202CED}.poet|Any CPU.ActiveCfg = Release|Any CPU
		{9C591F97-0713-44BA-AEB6-4147A5202CED}.poet|Any CPU.Build.0 = Release|Any CPU
		{9C591F97-0713-44BA-AEB6-4147A5202CED}.poet|x86.ActiveCfg = Release|Any CPU
		{9C591F97-0713-44BA-AEB6-4147A5202CED}.poet|x86.Build.0 = Release|Any CPU
		{9C591F97-0713-44BA-AEB6-4147A5202CED}.Release|Any CPU.ActiveCfg = Release|Any CPU
		{9C591F97-0713-44BA-AEB6-4147A5202CED}.Release|Any CPU.Build.0 = Release|Any CPU
		{9C591F97-0713-44BA-AEB6-4147A5202CED}.Release|x86.ActiveCfg = Release|Any CPU
		{9C591F97-0713-44BA-AEB6-4147A5202CED}.Release|x86.Build.0 = Release|Any CPU
		{9C591F97-0713-44BA-AEB6-4147A5202CED}.WatchDog|Any CPU.ActiveCfg = Release|Any CPU
		{9C591F97-0713-44BA-AEB6-4147A5202CED}.WatchDog|Any CPU.Build.0 = Release|Any CPU
		{9C591F97-0713-44BA-AEB6-4147A5202CED}.WatchDog|x86.ActiveCfg = Release|Any CPU
		{9C591F97-0713-44BA-AEB6-4147A5202CED}.WatchDog|x86.Build.0 = Release|Any CPU
		{5BFFE433-C7EF-4ADC-A5A6-C005452FF0A1}.Debug|Any CPU.ActiveCfg = Debug|Any CPU
		{5BFFE433-C7EF-4ADC-A5A6-C005452FF0A1}.Debug|Any CPU.Build.0 = Debug|Any CPU
		{5BFFE433-C7EF-4ADC-A5A6-C005452FF0A1}.Debug|x86.ActiveCfg = Debug|Any CPU
		{5BFFE433-C7EF-4ADC-A5A6-C005452FF0A1}.Debug|x86.Build.0 = Debug|Any CPU
		{5BFFE433-C7EF-4ADC-A5A6-C005452FF0A1}.Forecasting|Any CPU.ActiveCfg = Release|Any CPU
		{5BFFE433-C7EF-4ADC-A5A6-C005452FF0A1}.Forecasting|Any CPU.Build.0 = Release|Any CPU
		{5BFFE433-C7EF-4ADC-A5A6-C005452FF0A1}.Forecasting|x86.ActiveCfg = Release|Any CPU
		{5BFFE433-C7EF-4ADC-A5A6-C005452FF0A1}.Forecasting|x86.Build.0 = Release|Any CPU
		{5BFFE433-C7EF-4ADC-A5A6-C005452FF0A1}.pisces|Any CPU.ActiveCfg = Release|Any CPU
		{5BFFE433-C7EF-4ADC-A5A6-C005452FF0A1}.pisces|Any CPU.Build.0 = Release|Any CPU
		{5BFFE433-C7EF-4ADC-A5A6-C005452FF0A1}.pisces|x86.ActiveCfg = Release|Any CPU
		{5BFFE433-C7EF-4ADC-A5A6-C005452FF0A1}.pisces|x86.Build.0 = Release|Any CPU
		{5BFFE433-C7EF-4ADC-A5A6-C005452FF0A1}.poet|Any CPU.ActiveCfg = Release|Any CPU
		{5BFFE433-C7EF-4ADC-A5A6-C005452FF0A1}.poet|Any CPU.Build.0 = Release|Any CPU
		{5BFFE433-C7EF-4ADC-A5A6-C005452FF0A1}.poet|x86.ActiveCfg = Release|Any CPU
		{5BFFE433-C7EF-4ADC-A5A6-C005452FF0A1}.poet|x86.Build.0 = Release|Any CPU
		{5BFFE433-C7EF-4ADC-A5A6-C005452FF0A1}.Release|Any CPU.ActiveCfg = Release|Any CPU
		{5BFFE433-C7EF-4ADC-A5A6-C005452FF0A1}.Release|Any CPU.Build.0 = Release|Any CPU
		{5BFFE433-C7EF-4ADC-A5A6-C005452FF0A1}.Release|x86.ActiveCfg = Release|Any CPU
		{5BFFE433-C7EF-4ADC-A5A6-C005452FF0A1}.Release|x86.Build.0 = Release|Any CPU
		{5BFFE433-C7EF-4ADC-A5A6-C005452FF0A1}.WatchDog|Any CPU.ActiveCfg = Release|Any CPU
		{5BFFE433-C7EF-4ADC-A5A6-C005452FF0A1}.WatchDog|Any CPU.Build.0 = Release|Any CPU
		{5BFFE433-C7EF-4ADC-A5A6-C005452FF0A1}.WatchDog|x86.ActiveCfg = Release|Any CPU
		{5BFFE433-C7EF-4ADC-A5A6-C005452FF0A1}.WatchDog|x86.Build.0 = Release|Any CPU
		{E5BF67D9-A1AC-4878-8072-0E5A23EA17CD}.Debug|Any CPU.ActiveCfg = Debug|Any CPU
		{E5BF67D9-A1AC-4878-8072-0E5A23EA17CD}.Debug|Any CPU.Build.0 = Debug|Any CPU
		{E5BF67D9-A1AC-4878-8072-0E5A23EA17CD}.Debug|x86.ActiveCfg = Debug|Any CPU
		{E5BF67D9-A1AC-4878-8072-0E5A23EA17CD}.Debug|x86.Build.0 = Debug|Any CPU
		{E5BF67D9-A1AC-4878-8072-0E5A23EA17CD}.Forecasting|Any CPU.ActiveCfg = Forecasting|Any CPU
		{E5BF67D9-A1AC-4878-8072-0E5A23EA17CD}.Forecasting|Any CPU.Build.0 = Forecasting|Any CPU
		{E5BF67D9-A1AC-4878-8072-0E5A23EA17CD}.Forecasting|x86.ActiveCfg = Forecasting|Any CPU
		{E5BF67D9-A1AC-4878-8072-0E5A23EA17CD}.Forecasting|x86.Build.0 = Forecasting|Any CPU
		{E5BF67D9-A1AC-4878-8072-0E5A23EA17CD}.pisces|Any CPU.ActiveCfg = pisces|Any CPU
		{E5BF67D9-A1AC-4878-8072-0E5A23EA17CD}.pisces|Any CPU.Build.0 = pisces|Any CPU
		{E5BF67D9-A1AC-4878-8072-0E5A23EA17CD}.pisces|x86.ActiveCfg = pisces|Any CPU
		{E5BF67D9-A1AC-4878-8072-0E5A23EA17CD}.pisces|x86.Build.0 = pisces|Any CPU
		{E5BF67D9-A1AC-4878-8072-0E5A23EA17CD}.poet|Any CPU.ActiveCfg = poet|Any CPU
		{E5BF67D9-A1AC-4878-8072-0E5A23EA17CD}.poet|Any CPU.Build.0 = poet|Any CPU
		{E5BF67D9-A1AC-4878-8072-0E5A23EA17CD}.poet|x86.ActiveCfg = poet|Any CPU
		{E5BF67D9-A1AC-4878-8072-0E5A23EA17CD}.poet|x86.Build.0 = poet|Any CPU
		{E5BF67D9-A1AC-4878-8072-0E5A23EA17CD}.Release|Any CPU.ActiveCfg = Release|Any CPU
		{E5BF67D9-A1AC-4878-8072-0E5A23EA17CD}.Release|Any CPU.Build.0 = Release|Any CPU
		{E5BF67D9-A1AC-4878-8072-0E5A23EA17CD}.Release|x86.ActiveCfg = Release|Any CPU
		{E5BF67D9-A1AC-4878-8072-0E5A23EA17CD}.Release|x86.Build.0 = Release|Any CPU
		{E5BF67D9-A1AC-4878-8072-0E5A23EA17CD}.WatchDog|Any CPU.ActiveCfg = WatchDog|Any CPU
		{E5BF67D9-A1AC-4878-8072-0E5A23EA17CD}.WatchDog|Any CPU.Build.0 = WatchDog|Any CPU
		{E5BF67D9-A1AC-4878-8072-0E5A23EA17CD}.WatchDog|x86.ActiveCfg = WatchDog|Any CPU
		{E5BF67D9-A1AC-4878-8072-0E5A23EA17CD}.WatchDog|x86.Build.0 = WatchDog|Any CPU
		{862135B0-793A-4F06-B731-26C61B3AD068}.Debug|Any CPU.ActiveCfg = Debug|Any CPU
		{862135B0-793A-4F06-B731-26C61B3AD068}.Debug|Any CPU.Build.0 = Debug|Any CPU
		{862135B0-793A-4F06-B731-26C61B3AD068}.Debug|x86.ActiveCfg = Debug|Any CPU
		{862135B0-793A-4F06-B731-26C61B3AD068}.Debug|x86.Build.0 = Debug|Any CPU
		{862135B0-793A-4F06-B731-26C61B3AD068}.Forecasting|Any CPU.ActiveCfg = Debug|Any CPU
		{862135B0-793A-4F06-B731-26C61B3AD068}.Forecasting|Any CPU.Build.0 = Debug|Any CPU
		{862135B0-793A-4F06-B731-26C61B3AD068}.Forecasting|x86.ActiveCfg = Debug|Any CPU
		{862135B0-793A-4F06-B731-26C61B3AD068}.Forecasting|x86.Build.0 = Debug|Any CPU
		{862135B0-793A-4F06-B731-26C61B3AD068}.pisces|Any CPU.ActiveCfg = Debug|Any CPU
		{862135B0-793A-4F06-B731-26C61B3AD068}.pisces|Any CPU.Build.0 = Debug|Any CPU
		{862135B0-793A-4F06-B731-26C61B3AD068}.pisces|x86.ActiveCfg = Debug|Any CPU
		{862135B0-793A-4F06-B731-26C61B3AD068}.pisces|x86.Build.0 = Debug|Any CPU
		{862135B0-793A-4F06-B731-26C61B3AD068}.poet|Any CPU.ActiveCfg = Debug|Any CPU
		{862135B0-793A-4F06-B731-26C61B3AD068}.poet|Any CPU.Build.0 = Debug|Any CPU
		{862135B0-793A-4F06-B731-26C61B3AD068}.poet|x86.ActiveCfg = Debug|Any CPU
		{862135B0-793A-4F06-B731-26C61B3AD068}.poet|x86.Build.0 = Debug|Any CPU
		{862135B0-793A-4F06-B731-26C61B3AD068}.Release|Any CPU.ActiveCfg = Debug|Any CPU
		{862135B0-793A-4F06-B731-26C61B3AD068}.Release|Any CPU.Build.0 = Debug|Any CPU
		{862135B0-793A-4F06-B731-26C61B3AD068}.Release|x86.ActiveCfg = Debug|Any CPU
		{862135B0-793A-4F06-B731-26C61B3AD068}.Release|x86.Build.0 = Debug|Any CPU
		{862135B0-793A-4F06-B731-26C61B3AD068}.WatchDog|Any CPU.ActiveCfg = Debug|Any CPU
		{862135B0-793A-4F06-B731-26C61B3AD068}.WatchDog|Any CPU.Build.0 = Debug|Any CPU
		{862135B0-793A-4F06-B731-26C61B3AD068}.WatchDog|x86.ActiveCfg = Debug|Any CPU
		{862135B0-793A-4F06-B731-26C61B3AD068}.WatchDog|x86.Build.0 = Debug|Any CPU
		{37B543F5-03A5-479E-B20C-7B4ACC53D16A}.Debug|Any CPU.ActiveCfg = Debug|Any CPU
		{37B543F5-03A5-479E-B20C-7B4ACC53D16A}.Debug|Any CPU.Build.0 = Debug|Any CPU
		{37B543F5-03A5-479E-B20C-7B4ACC53D16A}.Debug|x86.ActiveCfg = Debug|Any CPU
		{37B543F5-03A5-479E-B20C-7B4ACC53D16A}.Debug|x86.Build.0 = Debug|Any CPU
		{37B543F5-03A5-479E-B20C-7B4ACC53D16A}.Forecasting|Any CPU.ActiveCfg = Debug|Any CPU
		{37B543F5-03A5-479E-B20C-7B4ACC53D16A}.Forecasting|Any CPU.Build.0 = Debug|Any CPU
		{37B543F5-03A5-479E-B20C-7B4ACC53D16A}.Forecasting|x86.ActiveCfg = Debug|Any CPU
		{37B543F5-03A5-479E-B20C-7B4ACC53D16A}.Forecasting|x86.Build.0 = Debug|Any CPU
		{37B543F5-03A5-479E-B20C-7B4ACC53D16A}.pisces|Any CPU.ActiveCfg = Debug|Any CPU
		{37B543F5-03A5-479E-B20C-7B4ACC53D16A}.pisces|Any CPU.Build.0 = Debug|Any CPU
		{37B543F5-03A5-479E-B20C-7B4ACC53D16A}.pisces|x86.ActiveCfg = Debug|Any CPU
		{37B543F5-03A5-479E-B20C-7B4ACC53D16A}.pisces|x86.Build.0 = Debug|Any CPU
		{37B543F5-03A5-479E-B20C-7B4ACC53D16A}.poet|Any CPU.ActiveCfg = Debug|Any CPU
		{37B543F5-03A5-479E-B20C-7B4ACC53D16A}.poet|Any CPU.Build.0 = Debug|Any CPU
		{37B543F5-03A5-479E-B20C-7B4ACC53D16A}.poet|x86.ActiveCfg = Debug|Any CPU
		{37B543F5-03A5-479E-B20C-7B4ACC53D16A}.poet|x86.Build.0 = Debug|Any CPU
		{37B543F5-03A5-479E-B20C-7B4ACC53D16A}.Release|Any CPU.ActiveCfg = Debug|Any CPU
		{37B543F5-03A5-479E-B20C-7B4ACC53D16A}.Release|Any CPU.Build.0 = Debug|Any CPU
		{37B543F5-03A5-479E-B20C-7B4ACC53D16A}.Release|x86.ActiveCfg = Debug|Any CPU
		{37B543F5-03A5-479E-B20C-7B4ACC53D16A}.Release|x86.Build.0 = Debug|Any CPU
		{37B543F5-03A5-479E-B20C-7B4ACC53D16A}.WatchDog|Any CPU.ActiveCfg = Debug|Any CPU
		{37B543F5-03A5-479E-B20C-7B4ACC53D16A}.WatchDog|Any CPU.Build.0 = Debug|Any CPU
		{37B543F5-03A5-479E-B20C-7B4ACC53D16A}.WatchDog|x86.ActiveCfg = Debug|Any CPU
		{37B543F5-03A5-479E-B20C-7B4ACC53D16A}.WatchDog|x86.Build.0 = Debug|Any CPU
		{1487EFF8-B216-482C-A75F-A2473A45DA60}.Debug|Any CPU.ActiveCfg = Debug|x86
		{1487EFF8-B216-482C-A75F-A2473A45DA60}.Debug|x86.ActiveCfg = Debug|x86
		{1487EFF8-B216-482C-A75F-A2473A45DA60}.Debug|x86.Build.0 = Debug|x86
		{1487EFF8-B216-482C-A75F-A2473A45DA60}.Forecasting|Any CPU.ActiveCfg = Forecasting|x86
		{1487EFF8-B216-482C-A75F-A2473A45DA60}.Forecasting|x86.ActiveCfg = Forecasting|x86
		{1487EFF8-B216-482C-A75F-A2473A45DA60}.Forecasting|x86.Build.0 = Forecasting|x86
		{1487EFF8-B216-482C-A75F-A2473A45DA60}.pisces|Any CPU.ActiveCfg = pisces|x86
		{1487EFF8-B216-482C-A75F-A2473A45DA60}.pisces|x86.ActiveCfg = pisces|x86
		{1487EFF8-B216-482C-A75F-A2473A45DA60}.pisces|x86.Build.0 = pisces|x86
		{1487EFF8-B216-482C-A75F-A2473A45DA60}.poet|Any CPU.ActiveCfg = poet|x86
		{1487EFF8-B216-482C-A75F-A2473A45DA60}.poet|x86.ActiveCfg = poet|x86
		{1487EFF8-B216-482C-A75F-A2473A45DA60}.poet|x86.Build.0 = poet|x86
		{1487EFF8-B216-482C-A75F-A2473A45DA60}.Release|Any CPU.ActiveCfg = Release|x86
		{1487EFF8-B216-482C-A75F-A2473A45DA60}.Release|x86.ActiveCfg = Release|x86
		{1487EFF8-B216-482C-A75F-A2473A45DA60}.Release|x86.Build.0 = Release|x86
		{1487EFF8-B216-482C-A75F-A2473A45DA60}.WatchDog|Any CPU.ActiveCfg = WatchDog|x86
		{1487EFF8-B216-482C-A75F-A2473A45DA60}.WatchDog|x86.ActiveCfg = WatchDog|x86
		{1487EFF8-B216-482C-A75F-A2473A45DA60}.WatchDog|x86.Build.0 = WatchDog|x86
		{35872E5B-1A07-486C-8228-2DC55974298B}.Debug|Any CPU.ActiveCfg = Debug|Any CPU
		{35872E5B-1A07-486C-8228-2DC55974298B}.Debug|Any CPU.Build.0 = Debug|Any CPU
		{35872E5B-1A07-486C-8228-2DC55974298B}.Debug|x86.ActiveCfg = Debug|Any CPU
		{35872E5B-1A07-486C-8228-2DC55974298B}.Debug|x86.Build.0 = Debug|Any CPU
		{35872E5B-1A07-486C-8228-2DC55974298B}.Forecasting|Any CPU.ActiveCfg = Debug|Any CPU
		{35872E5B-1A07-486C-8228-2DC55974298B}.Forecasting|Any CPU.Build.0 = Debug|Any CPU
		{35872E5B-1A07-486C-8228-2DC55974298B}.Forecasting|x86.ActiveCfg = Debug|Any CPU
		{35872E5B-1A07-486C-8228-2DC55974298B}.Forecasting|x86.Build.0 = Debug|Any CPU
		{35872E5B-1A07-486C-8228-2DC55974298B}.pisces|Any CPU.ActiveCfg = Debug|Any CPU
		{35872E5B-1A07-486C-8228-2DC55974298B}.pisces|Any CPU.Build.0 = Debug|Any CPU
		{35872E5B-1A07-486C-8228-2DC55974298B}.pisces|x86.ActiveCfg = Debug|Any CPU
		{35872E5B-1A07-486C-8228-2DC55974298B}.pisces|x86.Build.0 = Debug|Any CPU
		{35872E5B-1A07-486C-8228-2DC55974298B}.poet|Any CPU.ActiveCfg = Debug|Any CPU
		{35872E5B-1A07-486C-8228-2DC55974298B}.poet|Any CPU.Build.0 = Debug|Any CPU
		{35872E5B-1A07-486C-8228-2DC55974298B}.poet|x86.ActiveCfg = Debug|Any CPU
		{35872E5B-1A07-486C-8228-2DC55974298B}.poet|x86.Build.0 = Debug|Any CPU
		{35872E5B-1A07-486C-8228-2DC55974298B}.Release|Any CPU.ActiveCfg = Release|Any CPU
		{35872E5B-1A07-486C-8228-2DC55974298B}.Release|Any CPU.Build.0 = Release|Any CPU
		{35872E5B-1A07-486C-8228-2DC55974298B}.Release|x86.ActiveCfg = Release|Any CPU
		{35872E5B-1A07-486C-8228-2DC55974298B}.Release|x86.Build.0 = Release|Any CPU
		{35872E5B-1A07-486C-8228-2DC55974298B}.WatchDog|Any CPU.ActiveCfg = Debug|Any CPU
		{35872E5B-1A07-486C-8228-2DC55974298B}.WatchDog|Any CPU.Build.0 = Debug|Any CPU
		{35872E5B-1A07-486C-8228-2DC55974298B}.WatchDog|x86.ActiveCfg = Debug|Any CPU
		{35872E5B-1A07-486C-8228-2DC55974298B}.WatchDog|x86.Build.0 = Debug|Any CPU
		{E5BAE506-2A06-4FE0-8661-CA15E7D1DBE0}.Debug|Any CPU.ActiveCfg = Debug|Any CPU
		{E5BAE506-2A06-4FE0-8661-CA15E7D1DBE0}.Debug|Any CPU.Build.0 = Debug|Any CPU
		{E5BAE506-2A06-4FE0-8661-CA15E7D1DBE0}.Debug|x86.ActiveCfg = Debug|Any CPU
		{E5BAE506-2A06-4FE0-8661-CA15E7D1DBE0}.Debug|x86.Build.0 = Debug|Any CPU
		{E5BAE506-2A06-4FE0-8661-CA15E7D1DBE0}.Forecasting|Any CPU.ActiveCfg = Debug|Any CPU
		{E5BAE506-2A06-4FE0-8661-CA15E7D1DBE0}.Forecasting|Any CPU.Build.0 = Debug|Any CPU
		{E5BAE506-2A06-4FE0-8661-CA15E7D1DBE0}.Forecasting|x86.ActiveCfg = Debug|Any CPU
		{E5BAE506-2A06-4FE0-8661-CA15E7D1DBE0}.Forecasting|x86.Build.0 = Debug|Any CPU
		{E5BAE506-2A06-4FE0-8661-CA15E7D1DBE0}.pisces|Any CPU.ActiveCfg = Debug|Any CPU
		{E5BAE506-2A06-4FE0-8661-CA15E7D1DBE0}.pisces|Any CPU.Build.0 = Debug|Any CPU
		{E5BAE506-2A06-4FE0-8661-CA15E7D1DBE0}.pisces|x86.ActiveCfg = Debug|Any CPU
		{E5BAE506-2A06-4FE0-8661-CA15E7D1DBE0}.pisces|x86.Build.0 = Debug|Any CPU
		{E5BAE506-2A06-4FE0-8661-CA15E7D1DBE0}.poet|Any CPU.ActiveCfg = Debug|Any CPU
		{E5BAE506-2A06-4FE0-8661-CA15E7D1DBE0}.poet|Any CPU.Build.0 = Debug|Any CPU
		{E5BAE506-2A06-4FE0-8661-CA15E7D1DBE0}.poet|x86.ActiveCfg = Debug|Any CPU
		{E5BAE506-2A06-4FE0-8661-CA15E7D1DBE0}.poet|x86.Build.0 = Debug|Any CPU
		{E5BAE506-2A06-4FE0-8661-CA15E7D1DBE0}.Release|Any CPU.ActiveCfg = Release|Any CPU
		{E5BAE506-2A06-4FE0-8661-CA15E7D1DBE0}.Release|Any CPU.Build.0 = Release|Any CPU
		{E5BAE506-2A06-4FE0-8661-CA15E7D1DBE0}.Release|x86.ActiveCfg = Release|Any CPU
		{E5BAE506-2A06-4FE0-8661-CA15E7D1DBE0}.Release|x86.Build.0 = Release|Any CPU
		{E5BAE506-2A06-4FE0-8661-CA15E7D1DBE0}.WatchDog|Any CPU.ActiveCfg = Debug|Any CPU
		{E5BAE506-2A06-4FE0-8661-CA15E7D1DBE0}.WatchDog|Any CPU.Build.0 = Debug|Any CPU
		{E5BAE506-2A06-4FE0-8661-CA15E7D1DBE0}.WatchDog|x86.ActiveCfg = Debug|Any CPU
		{E5BAE506-2A06-4FE0-8661-CA15E7D1DBE0}.WatchDog|x86.Build.0 = Debug|Any CPU
		{8E17C36A-B111-4185-8723-4074F70CC70F}.Debug|Any CPU.ActiveCfg = Debug|Any CPU
		{8E17C36A-B111-4185-8723-4074F70CC70F}.Debug|Any CPU.Build.0 = Debug|Any CPU
		{8E17C36A-B111-4185-8723-4074F70CC70F}.Debug|x86.ActiveCfg = Debug|Any CPU
		{8E17C36A-B111-4185-8723-4074F70CC70F}.Debug|x86.Build.0 = Debug|Any CPU
		{8E17C36A-B111-4185-8723-4074F70CC70F}.Forecasting|Any CPU.ActiveCfg = Debug|Any CPU
		{8E17C36A-B111-4185-8723-4074F70CC70F}.Forecasting|Any CPU.Build.0 = Debug|Any CPU
		{8E17C36A-B111-4185-8723-4074F70CC70F}.Forecasting|x86.ActiveCfg = Debug|Any CPU
		{8E17C36A-B111-4185-8723-4074F70CC70F}.Forecasting|x86.Build.0 = Debug|Any CPU
		{8E17C36A-B111-4185-8723-4074F70CC70F}.pisces|Any CPU.ActiveCfg = Debug|Any CPU
		{8E17C36A-B111-4185-8723-4074F70CC70F}.pisces|Any CPU.Build.0 = Debug|Any CPU
		{8E17C36A-B111-4185-8723-4074F70CC70F}.pisces|x86.ActiveCfg = Debug|Any CPU
		{8E17C36A-B111-4185-8723-4074F70CC70F}.pisces|x86.Build.0 = Debug|Any CPU
		{8E17C36A-B111-4185-8723-4074F70CC70F}.poet|Any CPU.ActiveCfg = Debug|Any CPU
		{8E17C36A-B111-4185-8723-4074F70CC70F}.poet|Any CPU.Build.0 = Debug|Any CPU
		{8E17C36A-B111-4185-8723-4074F70CC70F}.poet|x86.ActiveCfg = Debug|Any CPU
		{8E17C36A-B111-4185-8723-4074F70CC70F}.poet|x86.Build.0 = Debug|Any CPU
		{8E17C36A-B111-4185-8723-4074F70CC70F}.Release|Any CPU.ActiveCfg = Release|Any CPU
		{8E17C36A-B111-4185-8723-4074F70CC70F}.Release|Any CPU.Build.0 = Release|Any CPU
		{8E17C36A-B111-4185-8723-4074F70CC70F}.Release|x86.ActiveCfg = Release|Any CPU
		{8E17C36A-B111-4185-8723-4074F70CC70F}.Release|x86.Build.0 = Release|Any CPU
		{8E17C36A-B111-4185-8723-4074F70CC70F}.WatchDog|Any CPU.ActiveCfg = Debug|Any CPU
		{8E17C36A-B111-4185-8723-4074F70CC70F}.WatchDog|Any CPU.Build.0 = Debug|Any CPU
		{8E17C36A-B111-4185-8723-4074F70CC70F}.WatchDog|x86.ActiveCfg = Debug|Any CPU
		{8E17C36A-B111-4185-8723-4074F70CC70F}.WatchDog|x86.Build.0 = Debug|Any CPU
		{D9520B7D-DADB-4B87-91F6-C5CB029646EE}.Debug|Any CPU.ActiveCfg = Debug|Any CPU
		{D9520B7D-DADB-4B87-91F6-C5CB029646EE}.Debug|Any CPU.Build.0 = Debug|Any CPU
		{D9520B7D-DADB-4B87-91F6-C5CB029646EE}.Debug|x86.ActiveCfg = Debug|Any CPU
		{D9520B7D-DADB-4B87-91F6-C5CB029646EE}.Debug|x86.Build.0 = Debug|Any CPU
		{D9520B7D-DADB-4B87-91F6-C5CB029646EE}.Forecasting|Any CPU.ActiveCfg = Release|Any CPU
		{D9520B7D-DADB-4B87-91F6-C5CB029646EE}.Forecasting|Any CPU.Build.0 = Release|Any CPU
		{D9520B7D-DADB-4B87-91F6-C5CB029646EE}.Forecasting|x86.ActiveCfg = Release|Any CPU
		{D9520B7D-DADB-4B87-91F6-C5CB029646EE}.Forecasting|x86.Build.0 = Release|Any CPU
		{D9520B7D-DADB-4B87-91F6-C5CB029646EE}.pisces|Any CPU.ActiveCfg = Release|Any CPU
		{D9520B7D-DADB-4B87-91F6-C5CB029646EE}.pisces|Any CPU.Build.0 = Release|Any CPU
		{D9520B7D-DADB-4B87-91F6-C5CB029646EE}.pisces|x86.ActiveCfg = Release|Any CPU
		{D9520B7D-DADB-4B87-91F6-C5CB029646EE}.pisces|x86.Build.0 = Release|Any CPU
		{D9520B7D-DADB-4B87-91F6-C5CB029646EE}.poet|Any CPU.ActiveCfg = Release|Any CPU
		{D9520B7D-DADB-4B87-91F6-C5CB029646EE}.poet|Any CPU.Build.0 = Release|Any CPU
		{D9520B7D-DADB-4B87-91F6-C5CB029646EE}.poet|x86.ActiveCfg = Release|Any CPU
		{D9520B7D-DADB-4B87-91F6-C5CB029646EE}.poet|x86.Build.0 = Release|Any CPU
		{D9520B7D-DADB-4B87-91F6-C5CB029646EE}.Release|Any CPU.ActiveCfg = Release|Any CPU
		{D9520B7D-DADB-4B87-91F6-C5CB029646EE}.Release|Any CPU.Build.0 = Release|Any CPU
		{D9520B7D-DADB-4B87-91F6-C5CB029646EE}.Release|x86.ActiveCfg = Release|Any CPU
		{D9520B7D-DADB-4B87-91F6-C5CB029646EE}.Release|x86.Build.0 = Release|Any CPU
		{D9520B7D-DADB-4B87-91F6-C5CB029646EE}.WatchDog|Any CPU.ActiveCfg = Release|Any CPU
		{D9520B7D-DADB-4B87-91F6-C5CB029646EE}.WatchDog|Any CPU.Build.0 = Release|Any CPU
		{D9520B7D-DADB-4B87-91F6-C5CB029646EE}.WatchDog|x86.ActiveCfg = Release|Any CPU
		{D9520B7D-DADB-4B87-91F6-C5CB029646EE}.WatchDog|x86.Build.0 = Release|Any CPU
		{763F2078-F389-4A4A-8644-96C8309A4291}.Debug|Any CPU.ActiveCfg = Debug|Any CPU
		{763F2078-F389-4A4A-8644-96C8309A4291}.Debug|Any CPU.Build.0 = Debug|Any CPU
		{763F2078-F389-4A4A-8644-96C8309A4291}.Debug|x86.ActiveCfg = Debug|Any CPU
		{763F2078-F389-4A4A-8644-96C8309A4291}.Debug|x86.Build.0 = Debug|Any CPU
		{763F2078-F389-4A4A-8644-96C8309A4291}.Forecasting|Any CPU.ActiveCfg = Release|Any CPU
		{763F2078-F389-4A4A-8644-96C8309A4291}.Forecasting|Any CPU.Build.0 = Release|Any CPU
		{763F2078-F389-4A4A-8644-96C8309A4291}.Forecasting|x86.ActiveCfg = Release|Any CPU
		{763F2078-F389-4A4A-8644-96C8309A4291}.Forecasting|x86.Build.0 = Release|Any CPU
		{763F2078-F389-4A4A-8644-96C8309A4291}.pisces|Any CPU.ActiveCfg = Release|Any CPU
		{763F2078-F389-4A4A-8644-96C8309A4291}.pisces|Any CPU.Build.0 = Release|Any CPU
		{763F2078-F389-4A4A-8644-96C8309A4291}.pisces|x86.ActiveCfg = Release|Any CPU
		{763F2078-F389-4A4A-8644-96C8309A4291}.pisces|x86.Build.0 = Release|Any CPU
		{763F2078-F389-4A4A-8644-96C8309A4291}.poet|Any CPU.ActiveCfg = Release|Any CPU
		{763F2078-F389-4A4A-8644-96C8309A4291}.poet|Any CPU.Build.0 = Release|Any CPU
		{763F2078-F389-4A4A-8644-96C8309A4291}.poet|x86.ActiveCfg = Release|Any CPU
		{763F2078-F389-4A4A-8644-96C8309A4291}.poet|x86.Build.0 = Release|Any CPU
		{763F2078-F389-4A4A-8644-96C8309A4291}.Release|Any CPU.ActiveCfg = Release|Any CPU
		{763F2078-F389-4A4A-8644-96C8309A4291}.Release|Any CPU.Build.0 = Release|Any CPU
		{763F2078-F389-4A4A-8644-96C8309A4291}.Release|x86.ActiveCfg = Release|Any CPU
		{763F2078-F389-4A4A-8644-96C8309A4291}.Release|x86.Build.0 = Release|Any CPU
		{763F2078-F389-4A4A-8644-96C8309A4291}.WatchDog|Any CPU.ActiveCfg = Release|Any CPU
		{763F2078-F389-4A4A-8644-96C8309A4291}.WatchDog|Any CPU.Build.0 = Release|Any CPU
		{763F2078-F389-4A4A-8644-96C8309A4291}.WatchDog|x86.ActiveCfg = Release|Any CPU
		{763F2078-F389-4A4A-8644-96C8309A4291}.WatchDog|x86.Build.0 = Release|Any CPU
	EndGlobalSection
	GlobalSection(SolutionProperties) = preSolution
		HideSolutionNode = FALSE
	EndGlobalSection
	GlobalSection(NestedProjects) = preSolution
		{C69867AF-0F8C-470D-82F9-7C678083C5E1} = {461202B2-A773-45DD-A2BC-E3AB5E70D88E}
		{8300960D-26B3-453D-AE72-D0267F035E20} = {461202B2-A773-45DD-A2BC-E3AB5E70D88E}
		{D427C920-62C7-41D3-BCE1-27E315C2D122} = {461202B2-A773-45DD-A2BC-E3AB5E70D88E}
		{AAB62A5F-54CA-4115-92FE-91D54B9E932A} = {461202B2-A773-45DD-A2BC-E3AB5E70D88E}
		{035F594F-8B4C-4A32-AD96-D31E11BE0A37} = {461202B2-A773-45DD-A2BC-E3AB5E70D88E}
		{B518FE6E-AC32-4204-A7FF-36E45E8E9AAF} = {461202B2-A773-45DD-A2BC-E3AB5E70D88E}
		{FD42C9F7-7516-4492-9B25-9A1D3AF8C911} = {461202B2-A773-45DD-A2BC-E3AB5E70D88E}
		{09B73D14-AFBB-434E-A71D-73248CBBF0A3} = {461202B2-A773-45DD-A2BC-E3AB5E70D88E}
		{36DFC19C-1840-4CF4-9A62-CCA9FF142619} = {461202B2-A773-45DD-A2BC-E3AB5E70D88E}
		{AE98A3D7-E0CD-4675-B268-C8D4CEF429CE} = {461202B2-A773-45DD-A2BC-E3AB5E70D88E}
		{C51C9443-95C6-49B2-A194-D794A25DC4F8} = {461202B2-A773-45DD-A2BC-E3AB5E70D88E}
		{D2B37530-5D24-4772-8480-325920744643} = {461202B2-A773-45DD-A2BC-E3AB5E70D88E}
		{B5149AE3-25DC-4ED3-8C22-6E429AA9532E} = {461202B2-A773-45DD-A2BC-E3AB5E70D88E}
		{60537C98-6E33-42F7-9B7D-9B326ABC019E} = {461202B2-A773-45DD-A2BC-E3AB5E70D88E}
		{DF7D7FCA-F5A0-4950-9E1A-354331D190ED} = {461202B2-A773-45DD-A2BC-E3AB5E70D88E}
		{728DF7C2-69D7-41FA-A358-61206BB90C4E} = {461202B2-A773-45DD-A2BC-E3AB5E70D88E}
		{213AF28D-B0FD-4063-826F-86F6B21DCAD7} = {461202B2-A773-45DD-A2BC-E3AB5E70D88E}
		{D6EE1B30-3205-4948-9BA3-8BE37BA50D27} = {461202B2-A773-45DD-A2BC-E3AB5E70D88E}
		{6F7C6C62-721C-4AF6-AF29-70E69989CCE1} = {461202B2-A773-45DD-A2BC-E3AB5E70D88E}
		{98584217-A9DA-4375-9DC4-D82CF6899162} = {461202B2-A773-45DD-A2BC-E3AB5E70D88E}
		{9C591F97-0713-44BA-AEB6-4147A5202CED} = {461202B2-A773-45DD-A2BC-E3AB5E70D88E}
		{5BFFE433-C7EF-4ADC-A5A6-C005452FF0A1} = {461202B2-A773-45DD-A2BC-E3AB5E70D88E}
		{E5BF67D9-A1AC-4878-8072-0E5A23EA17CD} = {461202B2-A773-45DD-A2BC-E3AB5E70D88E}
		{1487EFF8-B216-482C-A75F-A2473A45DA60} = {461202B2-A773-45DD-A2BC-E3AB5E70D88E}
		{35872E5B-1A07-486C-8228-2DC55974298B} = {DE7045BA-5007-44D6-975E-B7FA93F801F6}
		{E5BAE506-2A06-4FE0-8661-CA15E7D1DBE0} = {DE7045BA-5007-44D6-975E-B7FA93F801F6}
		{8E17C36A-B111-4185-8723-4074F70CC70F} = {DE7045BA-5007-44D6-975E-B7FA93F801F6}
		{D9520B7D-DADB-4B87-91F6-C5CB029646EE} = {461202B2-A773-45DD-A2BC-E3AB5E70D88E}
		{763F2078-F389-4A4A-8644-96C8309A4291} = {461202B2-A773-45DD-A2BC-E3AB5E70D88E}
	EndGlobalSection
	GlobalSection(ExtensibilityGlobals) = postSolution
		SolutionGuid = {3F4C9525-1F25-425A-9DAF-CFE9A51060A3}
	EndGlobalSection
EndGlobal
