
Microsoft Visual Studio Solution File, Format Version 12.00
# Visual Studio 2012
Project("{FAE04EC0-301F-11D3-BF4B-00C04F79EFBC}") = "RiverwareDMI", "RiverwareDMI.csproj", "{AAB62A5F-54CA-4115-92FE-91D54B9E932A}"
EndProject
Project("{FAE04EC0-301F-11D3-BF4B-00C04F79EFBC}") = "Reclamation.Core", "..\..\Pisces\Core\Reclamation.Core.csproj", "{80C73D4C-43CF-42DE-ADDC-7B0F06ECF086}"
EndProject
Project("{FAE04EC0-301F-11D3-BF4B-00C04F79EFBC}") = "Reclamation.TimeSeries", "..\..\Pisces\TimeSeries\Reclamation.TimeSeries.csproj", "{5DD20A8A-4037-4885-AB91-2F5A3D1F48B4}"
EndProject
Project("{2150E333-8FDC-42A3-9474-1A3956D46DE8}") = ".nuget", ".nuget", "{CBC355F2-5CB5-4AE1-915D-E0A19F4E4D21}"
	ProjectSection(SolutionItems) = preProject
		.nuget\NuGet.Config = .nuget\NuGet.Config
		.nuget\NuGet.exe = .nuget\NuGet.exe
		.nuget\NuGet.targets = .nuget\NuGet.targets
	EndProjectSection
EndProject
Global
	GlobalSection(SolutionConfigurationPlatforms) = preSolution
		Debug|Any CPU = Debug|Any CPU
		Debug|x86 = Debug|x86
		Forecasting|Any CPU = Forecasting|Any CPU
		Forecasting|x86 = Forecasting|x86
		pisces|Any CPU = pisces|Any CPU
		pisces|x86 = pisces|x86
		poet|Any CPU = poet|Any CPU
		poet|x86 = poet|x86
		Release|Any CPU = Release|Any CPU
		Release|x86 = Release|x86
		WatchDog|Any CPU = WatchDog|Any CPU
		WatchDog|x86 = WatchDog|x86
	EndGlobalSection
	GlobalSection(ProjectConfigurationPlatforms) = postSolution
		{AAB62A5F-54CA-4115-92FE-91D54B9E932A}.Debug|Any CPU.ActiveCfg = Debug|Any CPU
		{AAB62A5F-54CA-4115-92FE-91D54B9E932A}.Debug|Any CPU.Build.0 = Debug|Any CPU
		{AAB62A5F-54CA-4115-92FE-91D54B9E932A}.Debug|x86.ActiveCfg = Debug|Any CPU
		{AAB62A5F-54CA-4115-92FE-91D54B9E932A}.Debug|x86.Build.0 = Debug|Any CPU
		{AAB62A5F-54CA-4115-92FE-91D54B9E932A}.Forecasting|Any CPU.ActiveCfg = poet|Any CPU
		{AAB62A5F-54CA-4115-92FE-91D54B9E932A}.Forecasting|Any CPU.Build.0 = poet|Any CPU
		{AAB62A5F-54CA-4115-92FE-91D54B9E932A}.Forecasting|x86.ActiveCfg = poet|Any CPU
		{AAB62A5F-54CA-4115-92FE-91D54B9E932A}.pisces|Any CPU.ActiveCfg = poet|Any CPU
		{AAB62A5F-54CA-4115-92FE-91D54B9E932A}.pisces|Any CPU.Build.0 = poet|Any CPU
		{AAB62A5F-54CA-4115-92FE-91D54B9E932A}.pisces|x86.ActiveCfg = poet|Any CPU
		{AAB62A5F-54CA-4115-92FE-91D54B9E932A}.poet|Any CPU.ActiveCfg = poet|Any CPU
		{AAB62A5F-54CA-4115-92FE-91D54B9E932A}.poet|Any CPU.Build.0 = poet|Any CPU
		{AAB62A5F-54CA-4115-92FE-91D54B9E932A}.poet|x86.ActiveCfg = poet|Any CPU
		{AAB62A5F-54CA-4115-92FE-91D54B9E932A}.Release|Any CPU.ActiveCfg = Release|Any CPU
		{AAB62A5F-54CA-4115-92FE-91D54B9E932A}.Release|Any CPU.Build.0 = Release|Any CPU
		{AAB62A5F-54CA-4115-92FE-91D54B9E932A}.Release|x86.ActiveCfg = Release|Any CPU
		{AAB62A5F-54CA-4115-92FE-91D54B9E932A}.WatchDog|Any CPU.ActiveCfg = poet|Any CPU
		{AAB62A5F-54CA-4115-92FE-91D54B9E932A}.WatchDog|Any CPU.Build.0 = poet|Any CPU
		{AAB62A5F-54CA-4115-92FE-91D54B9E932A}.WatchDog|x86.ActiveCfg = poet|Any CPU
		{80C73D4C-43CF-42DE-ADDC-7B0F06ECF086}.Debug|Any CPU.ActiveCfg = Debug|Any CPU
		{80C73D4C-43CF-42DE-ADDC-7B0F06ECF086}.Debug|Any CPU.Build.0 = Debug|Any CPU
		{80C73D4C-43CF-42DE-ADDC-7B0F06ECF086}.Debug|x86.ActiveCfg = Debug|x86
		{80C73D4C-43CF-42DE-ADDC-7B0F06ECF086}.Debug|x86.Build.0 = Debug|x86
		{80C73D4C-43CF-42DE-ADDC-7B0F06ECF086}.Forecasting|Any CPU.ActiveCfg = Forecasting|Any CPU
		{80C73D4C-43CF-42DE-ADDC-7B0F06ECF086}.Forecasting|Any CPU.Build.0 = Forecasting|Any CPU
		{80C73D4C-43CF-42DE-ADDC-7B0F06ECF086}.Forecasting|x86.ActiveCfg = Forecasting|x86
		{80C73D4C-43CF-42DE-ADDC-7B0F06ECF086}.Forecasting|x86.Build.0 = Forecasting|x86
		{80C73D4C-43CF-42DE-ADDC-7B0F06ECF086}.pisces|Any CPU.ActiveCfg = pisces|Any CPU
		{80C73D4C-43CF-42DE-ADDC-7B0F06ECF086}.pisces|Any CPU.Build.0 = pisces|Any CPU
		{80C73D4C-43CF-42DE-ADDC-7B0F06ECF086}.pisces|x86.ActiveCfg = pisces|x86
		{80C73D4C-43CF-42DE-ADDC-7B0F06ECF086}.pisces|x86.Build.0 = pisces|x86
		{80C73D4C-43CF-42DE-ADDC-7B0F06ECF086}.poet|Any CPU.ActiveCfg = poet|Any CPU
		{80C73D4C-43CF-42DE-ADDC-7B0F06ECF086}.poet|Any CPU.Build.0 = poet|Any CPU
		{80C73D4C-43CF-42DE-ADDC-7B0F06ECF086}.poet|x86.ActiveCfg = poet|x86
		{80C73D4C-43CF-42DE-ADDC-7B0F06ECF086}.poet|x86.Build.0 = poet|x86
		{80C73D4C-43CF-42DE-ADDC-7B0F06ECF086}.Release|Any CPU.ActiveCfg = Release|Any CPU
		{80C73D4C-43CF-42DE-ADDC-7B0F06ECF086}.Release|Any CPU.Build.0 = Release|Any CPU
		{80C73D4C-43CF-42DE-ADDC-7B0F06ECF086}.Release|x86.ActiveCfg = Release|x86
		{80C73D4C-43CF-42DE-ADDC-7B0F06ECF086}.Release|x86.Build.0 = Release|x86
		{80C73D4C-43CF-42DE-ADDC-7B0F06ECF086}.WatchDog|Any CPU.ActiveCfg = WatchDog|Any CPU
		{80C73D4C-43CF-42DE-ADDC-7B0F06ECF086}.WatchDog|Any CPU.Build.0 = WatchDog|Any CPU
		{80C73D4C-43CF-42DE-ADDC-7B0F06ECF086}.WatchDog|x86.ActiveCfg = WatchDog|x86
		{80C73D4C-43CF-42DE-ADDC-7B0F06ECF086}.WatchDog|x86.Build.0 = WatchDog|x86
		{5DD20A8A-4037-4885-AB91-2F5A3D1F48B4}.Debug|Any CPU.ActiveCfg = Debug|Any CPU
		{5DD20A8A-4037-4885-AB91-2F5A3D1F48B4}.Debug|Any CPU.Build.0 = Debug|Any CPU
		{5DD20A8A-4037-4885-AB91-2F5A3D1F48B4}.Debug|x86.ActiveCfg = Debug|x86
		{5DD20A8A-4037-4885-AB91-2F5A3D1F48B4}.Debug|x86.Build.0 = Debug|x86
		{5DD20A8A-4037-4885-AB91-2F5A3D1F48B4}.Forecasting|Any CPU.ActiveCfg = Forecasting|Any CPU
		{5DD20A8A-4037-4885-AB91-2F5A3D1F48B4}.Forecasting|Any CPU.Build.0 = Forecasting|Any CPU
		{5DD20A8A-4037-4885-AB91-2F5A3D1F48B4}.Forecasting|x86.ActiveCfg = Forecasting|x86
		{5DD20A8A-4037-4885-AB91-2F5A3D1F48B4}.Forecasting|x86.Build.0 = Forecasting|x86
		{5DD20A8A-4037-4885-AB91-2F5A3D1F48B4}.pisces|Any CPU.ActiveCfg = pisces|Any CPU
		{5DD20A8A-4037-4885-AB91-2F5A3D1F48B4}.pisces|Any CPU.Build.0 = pisces|Any CPU
		{5DD20A8A-4037-4885-AB91-2F5A3D1F48B4}.pisces|x86.ActiveCfg = pisces|x86
		{5DD20A8A-4037-4885-AB91-2F5A3D1F48B4}.pisces|x86.Build.0 = pisces|x86
		{5DD20A8A-4037-4885-AB91-2F5A3D1F48B4}.poet|Any CPU.ActiveCfg = poet|Any CPU
		{5DD20A8A-4037-4885-AB91-2F5A3D1F48B4}.poet|Any CPU.Build.0 = poet|Any CPU
		{5DD20A8A-4037-4885-AB91-2F5A3D1F48B4}.poet|x86.ActiveCfg = poet|x86
		{5DD20A8A-4037-4885-AB91-2F5A3D1F48B4}.poet|x86.Build.0 = poet|x86
		{5DD20A8A-4037-4885-AB91-2F5A3D1F48B4}.Release|Any CPU.ActiveCfg = Release|Any CPU
		{5DD20A8A-4037-4885-AB91-2F5A3D1F48B4}.Release|Any CPU.Build.0 = Release|Any CPU
		{5DD20A8A-4037-4885-AB91-2F5A3D1F48B4}.Release|x86.ActiveCfg = Release|x86
		{5DD20A8A-4037-4885-AB91-2F5A3D1F48B4}.Release|x86.Build.0 = Release|x86
		{5DD20A8A-4037-4885-AB91-2F5A3D1F48B4}.WatchDog|Any CPU.ActiveCfg = WatchDog|Any CPU
		{5DD20A8A-4037-4885-AB91-2F5A3D1F48B4}.WatchDog|Any CPU.Build.0 = WatchDog|Any CPU
		{5DD20A8A-4037-4885-AB91-2F5A3D1F48B4}.WatchDog|x86.ActiveCfg = WatchDog|x86
		{5DD20A8A-4037-4885-AB91-2F5A3D1F48B4}.WatchDog|x86.Build.0 = WatchDog|x86
	EndGlobalSection
	GlobalSection(SolutionProperties) = preSolution
		HideSolutionNode = FALSE
	EndGlobalSection
EndGlobal
